
Microsoft Visual Studio Solution File, Format Version 12.00
# Visual Studio 15
VisualStudioVersion = 15.0.28307.438
MinimumVisualStudioVersion = 10.0.40219.1
Project("{FAE04EC0-301F-11D3-BF4B-00C04F79EFBC}") = "App02_TipoPaginaXF.Android", "App02_TipoPaginaXF\App02_TipoPaginaXF.Android\App02_TipoPaginaXF.Android.csproj", "{329A78DA-4F7F-4CCD-AB1B-3FBC37AAD07A}"
EndProject
Project("{FAE04EC0-301F-11D3-BF4B-00C04F79EFBC}") = "App02_TipoPaginaXF.iOS", "App02_TipoPaginaXF\App02_TipoPaginaXF.iOS\App02_TipoPaginaXF.iOS.csproj", "{F7E4AF56-94BD-4E73-A908-4FCA253AA22A}"
EndProject
Project("{FAE04EC0-301F-11D3-BF4B-00C04F79EFBC}") = "App02_TipoPaginaXF.UWP", "App02_TipoPaginaXF\App02_TipoPaginaXF.UWP\App02_TipoPaginaXF.UWP.csproj", "{A9EF2F88-C284-4E64-9483-26E3FE151C50}"
EndProject
Project("{FAE04EC0-301F-11D3-BF4B-00C04F79EFBC}") = "App02_TipoPaginaXF", "App02_TipoPaginaXF\App02_TipoPaginaXF\App02_TipoPaginaXF.csproj", "{83DD9850-351E-4579-9FCA-23DAC0F1EF52}"
EndProject
Global
	GlobalSection(SolutionConfigurationPlatforms) = preSolution
		Ad-Hoc|Any CPU = Ad-Hoc|Any CPU
		Ad-Hoc|ARM = Ad-Hoc|ARM
		Ad-Hoc|iPhone = Ad-Hoc|iPhone
		Ad-Hoc|iPhoneSimulator = Ad-Hoc|iPhoneSimulator
		Ad-Hoc|x64 = Ad-Hoc|x64
		Ad-Hoc|x86 = Ad-Hoc|x86
		AppStore|Any CPU = AppStore|Any CPU
		AppStore|ARM = AppStore|ARM
		AppStore|iPhone = AppStore|iPhone
		AppStore|iPhoneSimulator = AppStore|iPhoneSimulator
		AppStore|x64 = AppStore|x64
		AppStore|x86 = AppStore|x86
		Debug|Any CPU = Debug|Any CPU
		Debug|ARM = Debug|ARM
		Debug|iPhone = Debug|iPhone
		Debug|iPhoneSimulator = Debug|iPhoneSimulator
		Debug|x64 = Debug|x64
		Debug|x86 = Debug|x86
		Release|Any CPU = Release|Any CPU
		Release|ARM = Release|ARM
		Release|iPhone = Release|iPhone
		Release|iPhoneSimulator = Release|iPhoneSimulator
		Release|x64 = Release|x64
		Release|x86 = Release|x86
	EndGlobalSection
	GlobalSection(ProjectConfigurationPlatforms) = postSolution
		{329A78DA-4F7F-4CCD-AB1B-3FBC37AAD07A}.Ad-Hoc|Any CPU.ActiveCfg = Release|Any CPU
		{329A78DA-4F7F-4CCD-AB1B-3FBC37AAD07A}.Ad-Hoc|Any CPU.Build.0 = Release|Any CPU
		{329A78DA-4F7F-4CCD-AB1B-3FBC37AAD07A}.Ad-Hoc|Any CPU.Deploy.0 = Release|Any CPU
		{329A78DA-4F7F-4CCD-AB1B-3FBC37AAD07A}.Ad-Hoc|ARM.ActiveCfg = Release|Any CPU
		{329A78DA-4F7F-4CCD-AB1B-3FBC37AAD07A}.Ad-Hoc|ARM.Build.0 = Release|Any CPU
		{329A78DA-4F7F-4CCD-AB1B-3FBC37AAD07A}.Ad-Hoc|ARM.Deploy.0 = Release|Any CPU
		{329A78DA-4F7F-4CCD-AB1B-3FBC37AAD07A}.Ad-Hoc|iPhone.ActiveCfg = Release|Any CPU
		{329A78DA-4F7F-4CCD-AB1B-3FBC37AAD07A}.Ad-Hoc|iPhone.Build.0 = Release|Any CPU
		{329A78DA-4F7F-4CCD-AB1B-3FBC37AAD07A}.Ad-Hoc|iPhone.Deploy.0 = Release|Any CPU
		{329A78DA-4F7F-4CCD-AB1B-3FBC37AAD07A}.Ad-Hoc|iPhoneSimulator.ActiveCfg = Release|Any CPU
		{329A78DA-4F7F-4CCD-AB1B-3FBC37AAD07A}.Ad-Hoc|iPhoneSimulator.Build.0 = Release|Any CPU
		{329A78DA-4F7F-4CCD-AB1B-3FBC37AAD07A}.Ad-Hoc|iPhoneSimulator.Deploy.0 = Release|Any CPU
		{329A78DA-4F7F-4CCD-AB1B-3FBC37AAD07A}.Ad-Hoc|x64.ActiveCfg = Release|Any CPU
		{329A78DA-4F7F-4CCD-AB1B-3FBC37AAD07A}.Ad-Hoc|x64.Build.0 = Release|Any CPU
		{329A78DA-4F7F-4CCD-AB1B-3FBC37AAD07A}.Ad-Hoc|x64.Deploy.0 = Release|Any CPU
		{329A78DA-4F7F-4CCD-AB1B-3FBC37AAD07A}.Ad-Hoc|x86.ActiveCfg = Release|Any CPU
		{329A78DA-4F7F-4CCD-AB1B-3FBC37AAD07A}.Ad-Hoc|x86.Build.0 = Release|Any CPU
		{329A78DA-4F7F-4CCD-AB1B-3FBC37AAD07A}.Ad-Hoc|x86.Deploy.0 = Release|Any CPU
		{329A78DA-4F7F-4CCD-AB1B-3FBC37AAD07A}.AppStore|Any CPU.ActiveCfg = Release|Any CPU
		{329A78DA-4F7F-4CCD-AB1B-3FBC37AAD07A}.AppStore|Any CPU.Build.0 = Release|Any CPU
		{329A78DA-4F7F-4CCD-AB1B-3FBC37AAD07A}.AppStore|Any CPU.Deploy.0 = Release|Any CPU
		{329A78DA-4F7F-4CCD-AB1B-3FBC37AAD07A}.AppStore|ARM.ActiveCfg = Release|Any CPU
		{329A78DA-4F7F-4CCD-AB1B-3FBC37AAD07A}.AppStore|ARM.Build.0 = Release|Any CPU
		{329A78DA-4F7F-4CCD-AB1B-3FBC37AAD07A}.AppStore|ARM.Deploy.0 = Release|Any CPU
		{329A78DA-4F7F-4CCD-AB1B-3FBC37AAD07A}.AppStore|iPhone.ActiveCfg = Release|Any CPU
		{329A78DA-4F7F-4CCD-AB1B-3FBC37AAD07A}.AppStore|iPhone.Build.0 = Release|Any CPU
		{329A78DA-4F7F-4CCD-AB1B-3FBC37AAD07A}.AppStore|iPhone.Deploy.0 = Release|Any CPU
		{329A78DA-4F7F-4CCD-AB1B-3FBC37AAD07A}.AppStore|iPhoneSimulator.ActiveCfg = Release|Any CPU
		{329A78DA-4F7F-4CCD-AB1B-3FBC37AAD07A}.AppStore|iPhoneSimulator.Build.0 = Release|Any CPU
		{329A78DA-4F7F-4CCD-AB1B-3FBC37AAD07A}.AppStore|iPhoneSimulator.Deploy.0 = Release|Any CPU
		{329A78DA-4F7F-4CCD-AB1B-3FBC37AAD07A}.AppStore|x64.ActiveCfg = Release|Any CPU
		{329A78DA-4F7F-4CCD-AB1B-3FBC37AAD07A}.AppStore|x64.Build.0 = Release|Any CPU
		{329A78DA-4F7F-4CCD-AB1B-3FBC37AAD07A}.AppStore|x64.Deploy.0 = Release|Any CPU
		{329A78DA-4F7F-4CCD-AB1B-3FBC37AAD07A}.AppStore|x86.ActiveCfg = Release|Any CPU
		{329A78DA-4F7F-4CCD-AB1B-3FBC37AAD07A}.AppStore|x86.Build.0 = Release|Any CPU
		{329A78DA-4F7F-4CCD-AB1B-3FBC37AAD07A}.AppStore|x86.Deploy.0 = Release|Any CPU
		{329A78DA-4F7F-4CCD-AB1B-3FBC37AAD07A}.Debug|Any CPU.ActiveCfg = Debug|Any CPU
		{329A78DA-4F7F-4CCD-AB1B-3FBC37AAD07A}.Debug|Any CPU.Build.0 = Debug|Any CPU
		{329A78DA-4F7F-4CCD-AB1B-3FBC37AAD07A}.Debug|Any CPU.Deploy.0 = Debug|Any CPU
		{329A78DA-4F7F-4CCD-AB1B-3FBC37AAD07A}.Debug|ARM.ActiveCfg = Debug|Any CPU
		{329A78DA-4F7F-4CCD-AB1B-3FBC37AAD07A}.Debug|ARM.Build.0 = Debug|Any CPU
		{329A78DA-4F7F-4CCD-AB1B-3FBC37AAD07A}.Debug|ARM.Deploy.0 = Debug|Any CPU
		{329A78DA-4F7F-4CCD-AB1B-3FBC37AAD07A}.Debug|iPhone.ActiveCfg = Debug|Any CPU
		{329A78DA-4F7F-4CCD-AB1B-3FBC37AAD07A}.Debug|iPhone.Build.0 = Debug|Any CPU
		{329A78DA-4F7F-4CCD-AB1B-3FBC37AAD07A}.Debug|iPhone.Deploy.0 = Debug|Any CPU
		{329A78DA-4F7F-4CCD-AB1B-3FBC37AAD07A}.Debug|iPhoneSimulator.ActiveCfg = Debug|Any CPU
		{329A78DA-4F7F-4CCD-AB1B-3FBC37AAD07A}.Debug|iPhoneSimulator.Build.0 = Debug|Any CPU
		{329A78DA-4F7F-4CCD-AB1B-3FBC37AAD07A}.Debug|iPhoneSimulator.Deploy.0 = Debug|Any CPU
		{329A78DA-4F7F-4CCD-AB1B-3FBC37AAD07A}.Debug|x64.ActiveCfg = Debug|Any CPU
		{329A78DA-4F7F-4CCD-AB1B-3FBC37AAD07A}.Debug|x64.Build.0 = Debug|Any CPU
		{329A78DA-4F7F-4CCD-AB1B-3FBC37AAD07A}.Debug|x64.Deploy.0 = Debug|Any CPU
		{329A78DA-4F7F-4CCD-AB1B-3FBC37AAD07A}.Debug|x86.ActiveCfg = Debug|Any CPU
		{329A78DA-4F7F-4CCD-AB1B-3FBC37AAD07A}.Debug|x86.Build.0 = Debug|Any CPU
		{329A78DA-4F7F-4CCD-AB1B-3FBC37AAD07A}.Debug|x86.Deploy.0 = Debug|Any CPU
		{329A78DA-4F7F-4CCD-AB1B-3FBC37AAD07A}.Release|Any CPU.ActiveCfg = Release|Any CPU
		{329A78DA-4F7F-4CCD-AB1B-3FBC37AAD07A}.Release|Any CPU.Build.0 = Release|Any CPU
		{329A78DA-4F7F-4CCD-AB1B-3FBC37AAD07A}.Release|Any CPU.Deploy.0 = Release|Any CPU
		{329A78DA-4F7F-4CCD-AB1B-3FBC37AAD07A}.Release|ARM.ActiveCfg = Release|Any CPU
		{329A78DA-4F7F-4CCD-AB1B-3FBC37AAD07A}.Release|ARM.Build.0 = Release|Any CPU
		{329A78DA-4F7F-4CCD-AB1B-3FBC37AAD07A}.Release|ARM.Deploy.0 = Release|Any CPU
		{329A78DA-4F7F-4CCD-AB1B-3FBC37AAD07A}.Release|iPhone.ActiveCfg = Release|Any CPU
		{329A78DA-4F7F-4CCD-AB1B-3FBC37AAD07A}.Release|iPhone.Build.0 = Release|Any CPU
		{329A78DA-4F7F-4CCD-AB1B-3FBC37AAD07A}.Release|iPhone.Deploy.0 = Release|Any CPU
		{329A78DA-4F7F-4CCD-AB1B-3FBC37AAD07A}.Release|iPhoneSimulator.ActiveCfg = Release|Any CPU
		{329A78DA-4F7F-4CCD-AB1B-3FBC37AAD07A}.Release|iPhoneSimulator.Build.0 = Release|Any CPU
		{329A78DA-4F7F-4CCD-AB1B-3FBC37AAD07A}.Release|iPhoneSimulator.Deploy.0 = Release|Any CPU
		{329A78DA-4F7F-4CCD-AB1B-3FBC37AAD07A}.Release|x64.ActiveCfg = Release|Any CPU
		{329A78DA-4F7F-4CCD-AB1B-3FBC37AAD07A}.Release|x64.Build.0 = Release|Any CPU
		{329A78DA-4F7F-4CCD-AB1B-3FBC37AAD07A}.Release|x64.Deploy.0 = Release|Any CPU
		{329A78DA-4F7F-4CCD-AB1B-3FBC37AAD07A}.Release|x86.ActiveCfg = Release|Any CPU
		{329A78DA-4F7F-4CCD-AB1B-3FBC37AAD07A}.Release|x86.Build.0 = Release|Any CPU
		{329A78DA-4F7F-4CCD-AB1B-3FBC37AAD07A}.Release|x86.Deploy.0 = Release|Any CPU
		{F7E4AF56-94BD-4E73-A908-4FCA253AA22A}.Ad-Hoc|Any CPU.ActiveCfg = Ad-Hoc|iPhone
		{F7E4AF56-94BD-4E73-A908-4FCA253AA22A}.Ad-Hoc|Any CPU.Build.0 = Ad-Hoc|iPhone
		{F7E4AF56-94BD-4E73-A908-4FCA253AA22A}.Ad-Hoc|Any CPU.Deploy.0 = Ad-Hoc|iPhone
		{F7E4AF56-94BD-4E73-A908-4FCA253AA22A}.Ad-Hoc|ARM.ActiveCfg = Ad-Hoc|iPhone
		{F7E4AF56-94BD-4E73-A908-4FCA253AA22A}.Ad-Hoc|ARM.Build.0 = Ad-Hoc|iPhone
		{F7E4AF56-94BD-4E73-A908-4FCA253AA22A}.Ad-Hoc|ARM.Deploy.0 = Ad-Hoc|iPhone
		{F7E4AF56-94BD-4E73-A908-4FCA253AA22A}.Ad-Hoc|iPhone.ActiveCfg = Ad-Hoc|iPhone
		{F7E4AF56-94BD-4E73-A908-4FCA253AA22A}.Ad-Hoc|iPhone.Build.0 = Ad-Hoc|iPhone
		{F7E4AF56-94BD-4E73-A908-4FCA253AA22A}.Ad-Hoc|iPhone.Deploy.0 = Ad-Hoc|iPhone
		{F7E4AF56-94BD-4E73-A908-4FCA253AA22A}.Ad-Hoc|iPhoneSimulator.ActiveCfg = Ad-Hoc|iPhoneSimulator
		{F7E4AF56-94BD-4E73-A908-4FCA253AA22A}.Ad-Hoc|iPhoneSimulator.Build.0 = Ad-Hoc|iPhoneSimulator
		{F7E4AF56-94BD-4E73-A908-4FCA253AA22A}.Ad-Hoc|iPhoneSimulator.Deploy.0 = Ad-Hoc|iPhoneSimulator
		{F7E4AF56-94BD-4E73-A908-4FCA253AA22A}.Ad-Hoc|x64.ActiveCfg = Ad-Hoc|iPhone
		{F7E4AF56-94BD-4E73-A908-4FCA253AA22A}.Ad-Hoc|x64.Build.0 = Ad-Hoc|iPhone
		{F7E4AF56-94BD-4E73-A908-4FCA253AA22A}.Ad-Hoc|x64.Deploy.0 = Ad-Hoc|iPhone
		{F7E4AF56-94BD-4E73-A908-4FCA253AA22A}.Ad-Hoc|x86.ActiveCfg = Ad-Hoc|iPhone
		{F7E4AF56-94BD-4E73-A908-4FCA253AA22A}.Ad-Hoc|x86.Build.0 = Ad-Hoc|iPhone
		{F7E4AF56-94BD-4E73-A908-4FCA253AA22A}.Ad-Hoc|x86.Deploy.0 = Ad-Hoc|iPhone
		{F7E4AF56-94BD-4E73-A908-4FCA253AA22A}.AppStore|Any CPU.ActiveCfg = AppStore|iPhone
		{F7E4AF56-94BD-4E73-A908-4FCA253AA22A}.AppStore|Any CPU.Build.0 = AppStore|iPhone
		{F7E4AF56-94BD-4E73-A908-4FCA253AA22A}.AppStore|Any CPU.Deploy.0 = AppStore|iPhone
		{F7E4AF56-94BD-4E73-A908-4FCA253AA22A}.AppStore|ARM.ActiveCfg = AppStore|iPhone
		{F7E4AF56-94BD-4E73-A908-4FCA253AA22A}.AppStore|ARM.Build.0 = AppStore|iPhone
		{F7E4AF56-94BD-4E73-A908-4FCA253AA22A}.AppStore|ARM.Deploy.0 = AppStore|iPhone
		{F7E4AF56-94BD-4E73-A908-4FCA253AA22A}.AppStore|iPhone.ActiveCfg = AppStore|iPhone
		{F7E4AF56-94BD-4E73-A908-4FCA253AA22A}.AppStore|iPhone.Build.0 = AppStore|iPhone
		{F7E4AF56-94BD-4E73-A908-4FCA253AA22A}.AppStore|iPhone.Deploy.0 = AppStore|iPhone
		{F7E4AF56-94BD-4E73-A908-4FCA253AA22A}.AppStore|iPhoneSimulator.ActiveCfg = AppStore|iPhoneSimulator
		{F7E4AF56-94BD-4E73-A908-4FCA253AA22A}.AppStore|iPhoneSimulator.Build.0 = AppStore|iPhoneSimulator
		{F7E4AF56-94BD-4E73-A908-4FCA253AA22A}.AppStore|iPhoneSimulator.Deploy.0 = AppStore|iPhoneSimulator
		{F7E4AF56-94BD-4E73-A908-4FCA253AA22A}.AppStore|x64.ActiveCfg = AppStore|iPhone
		{F7E4AF56-94BD-4E73-A908-4FCA253AA22A}.AppStore|x64.Build.0 = AppStore|iPhone
		{F7E4AF56-94BD-4E73-A908-4FCA253AA22A}.AppStore|x64.Deploy.0 = AppStore|iPhone
		{F7E4AF56-94BD-4E73-A908-4FCA253AA22A}.AppStore|x86.ActiveCfg = AppStore|iPhone
		{F7E4AF56-94BD-4E73-A908-4FCA253AA22A}.AppStore|x86.Build.0 = AppStore|iPhone
		{F7E4AF56-94BD-4E73-A908-4FCA253AA22A}.AppStore|x86.Deploy.0 = AppStore|iPhone
		{F7E4AF56-94BD-4E73-A908-4FCA253AA22A}.Debug|Any CPU.ActiveCfg = Debug|iPhoneSimulator
		{F7E4AF56-94BD-4E73-A908-4FCA253AA22A}.Debug|Any CPU.Build.0 = Debug|iPhoneSimulator
		{F7E4AF56-94BD-4E73-A908-4FCA253AA22A}.Debug|Any CPU.Deploy.0 = Debug|iPhoneSimulator
		{F7E4AF56-94BD-4E73-A908-4FCA253AA22A}.Debug|ARM.ActiveCfg = Debug|iPhone
		{F7E4AF56-94BD-4E73-A908-4FCA253AA22A}.Debug|ARM.Build.0 = Debug|iPhone
		{F7E4AF56-94BD-4E73-A908-4FCA253AA22A}.Debug|ARM.Deploy.0 = Debug|iPhone
		{F7E4AF56-94BD-4E73-A908-4FCA253AA22A}.Debug|iPhone.ActiveCfg = Debug|iPhone
		{F7E4AF56-94BD-4E73-A908-4FCA253AA22A}.Debug|iPhone.Build.0 = Debug|iPhone
		{F7E4AF56-94BD-4E73-A908-4FCA253AA22A}.Debug|iPhone.Deploy.0 = Debug|iPhone
		{F7E4AF56-94BD-4E73-A908-4FCA253AA22A}.Debug|iPhoneSimulator.ActiveCfg = Debug|iPhoneSimulator
		{F7E4AF56-94BD-4E73-A908-4FCA253AA22A}.Debug|iPhoneSimulator.Build.0 = Debug|iPhoneSimulator
		{F7E4AF56-94BD-4E73-A908-4FCA253AA22A}.Debug|iPhoneSimulator.Deploy.0 = Debug|iPhoneSimulator
		{F7E4AF56-94BD-4E73-A908-4FCA253AA22A}.Debug|x64.ActiveCfg = Debug|iPhone
		{F7E4AF56-94BD-4E73-A908-4FCA253AA22A}.Debug|x64.Build.0 = Debug|iPhone
		{F7E4AF56-94BD-4E73-A908-4FCA253AA22A}.Debug|x64.Deploy.0 = Debug|iPhone
		{F7E4AF56-94BD-4E73-A908-4FCA253AA22A}.Debug|x86.ActiveCfg = Debug|iPhone
		{F7E4AF56-94BD-4E73-A908-4FCA253AA22A}.Debug|x86.Build.0 = Debug|iPhone
		{F7E4AF56-94BD-4E73-A908-4FCA253AA22A}.Debug|x86.Deploy.0 = Debug|iPhone
		{F7E4AF56-94BD-4E73-A908-4FCA253AA22A}.Release|Any CPU.ActiveCfg = Release|iPhone
		{F7E4AF56-94BD-4E73-A908-4FCA253AA22A}.Release|Any CPU.Build.0 = Release|iPhone
		{F7E4AF56-94BD-4E73-A908-4FCA253AA22A}.Release|Any CPU.Deploy.0 = Release|iPhone
		{F7E4AF56-94BD-4E73-A908-4FCA253AA22A}.Release|ARM.ActiveCfg = Release|iPhone
		{F7E4AF56-94BD-4E73-A908-4FCA253AA22A}.Release|ARM.Build.0 = Release|iPhone
		{F7E4AF56-94BD-4E73-A908-4FCA253AA22A}.Release|ARM.Deploy.0 = Release|iPhone
		{F7E4AF56-94BD-4E73-A908-4FCA253AA22A}.Release|iPhone.ActiveCfg = Release|iPhone
		{F7E4AF56-94BD-4E73-A908-4FCA253AA22A}.Release|iPhone.Build.0 = Release|iPhone
		{F7E4AF56-94BD-4E73-A908-4FCA253AA22A}.Release|iPhone.Deploy.0 = Release|iPhone
		{F7E4AF56-94BD-4E73-A908-4FCA253AA22A}.Release|iPhoneSimulator.ActiveCfg = Release|iPhoneSimulator
		{F7E4AF56-94BD-4E73-A908-4FCA253AA22A}.Release|iPhoneSimulator.Build.0 = Release|iPhoneSimulator
		{F7E4AF56-94BD-4E73-A908-4FCA253AA22A}.Release|iPhoneSimulator.Deploy.0 = Release|iPhoneSimulator
		{F7E4AF56-94BD-4E73-A908-4FCA253AA22A}.Release|x64.ActiveCfg = Release|iPhone
		{F7E4AF56-94BD-4E73-A908-4FCA253AA22A}.Release|x64.Build.0 = Release|iPhone
		{F7E4AF56-94BD-4E73-A908-4FCA253AA22A}.Release|x64.Deploy.0 = Release|iPhone
		{F7E4AF56-94BD-4E73-A908-4FCA253AA22A}.Release|x86.ActiveCfg = Release|iPhone
		{F7E4AF56-94BD-4E73-A908-4FCA253AA22A}.Release|x86.Build.0 = Release|iPhone
		{F7E4AF56-94BD-4E73-A908-4FCA253AA22A}.Release|x86.Deploy.0 = Release|iPhone
		{A9EF2F88-C284-4E64-9483-26E3FE151C50}.Ad-Hoc|Any CPU.ActiveCfg = Release|x86
		{A9EF2F88-C284-4E64-9483-26E3FE151C50}.Ad-Hoc|Any CPU.Build.0 = Release|x86
		{A9EF2F88-C284-4E64-9483-26E3FE151C50}.Ad-Hoc|Any CPU.Deploy.0 = Release|x86
		{A9EF2F88-C284-4E64-9483-26E3FE151C50}.Ad-Hoc|ARM.ActiveCfg = Release|ARM
		{A9EF2F88-C284-4E64-9483-26E3FE151C50}.Ad-Hoc|ARM.Build.0 = Release|ARM
		{A9EF2F88-C284-4E64-9483-26E3FE151C50}.Ad-Hoc|ARM.Deploy.0 = Release|ARM
		{A9EF2F88-C284-4E64-9483-26E3FE151C50}.Ad-Hoc|iPhone.ActiveCfg = Release|x86
		{A9EF2F88-C284-4E64-9483-26E3FE151C50}.Ad-Hoc|iPhone.Build.0 = Release|x86
		{A9EF2F88-C284-4E64-9483-26E3FE151C50}.Ad-Hoc|iPhone.Deploy.0 = Release|x86
		{A9EF2F88-C284-4E64-9483-26E3FE151C50}.Ad-Hoc|iPhoneSimulator.ActiveCfg = Release|x86
		{A9EF2F88-C284-4E64-9483-26E3FE151C50}.Ad-Hoc|iPhoneSimulator.Build.0 = Release|x86
		{A9EF2F88-C284-4E64-9483-26E3FE151C50}.Ad-Hoc|iPhoneSimulator.Deploy.0 = Release|x86
		{A9EF2F88-C284-4E64-9483-26E3FE151C50}.Ad-Hoc|x64.ActiveCfg = Release|x64
		{A9EF2F88-C284-4E64-9483-26E3FE151C50}.Ad-Hoc|x64.Build.0 = Release|x64
		{A9EF2F88-C284-4E64-9483-26E3FE151C50}.Ad-Hoc|x64.Deploy.0 = Release|x64
		{A9EF2F88-C284-4E64-9483-26E3FE151C50}.Ad-Hoc|x86.ActiveCfg = Release|x86
		{A9EF2F88-C284-4E64-9483-26E3FE151C50}.Ad-Hoc|x86.Build.0 = Release|x86
		{A9EF2F88-C284-4E64-9483-26E3FE151C50}.Ad-Hoc|x86.Deploy.0 = Release|x86
		{A9EF2F88-C284-4E64-9483-26E3FE151C50}.AppStore|Any CPU.ActiveCfg = Release|x86
		{A9EF2F88-C284-4E64-9483-26E3FE151C50}.AppStore|Any CPU.Build.0 = Release|x86
		{A9EF2F88-C284-4E64-9483-26E3FE151C50}.AppStore|Any CPU.Deploy.0 = Release|x86
		{A9EF2F88-C284-4E64-9483-26E3FE151C50}.AppStore|ARM.ActiveCfg = Release|ARM
		{A9EF2F88-C284-4E64-9483-26E3FE151C50}.AppStore|ARM.Build.0 = Release|ARM
		{A9EF2F88-C284-4E64-9483-26E3FE151C50}.AppStore|ARM.Deploy.0 = Release|ARM
		{A9EF2F88-C284-4E64-9483-26E3FE151C50}.AppStore|iPhone.ActiveCfg = Release|x86
		{A9EF2F88-C284-4E64-9483-26E3FE151C50}.AppStore|iPhone.Build.0 = Release|x86
		{A9EF2F88-C284-4E64-9483-26E3FE151C50}.AppStore|iPhone.Deploy.0 = Release|x86
		{A9EF2F88-C284-4E64-9483-26E3FE151C50}.AppStore|iPhoneSimulator.ActiveCfg = Release|x86
		{A9EF2F88-C284-4E64-9483-26E3FE151C50}.AppStore|iPhoneSimulator.Build.0 = Release|x86
		{A9EF2F88-C284-4E64-9483-26E3FE151C50}.AppStore|iPhoneSimulator.Deploy.0 = Release|x86
		{A9EF2F88-C284-4E64-9483-26E3FE151C50}.AppStore|x64.ActiveCfg = Release|x64
		{A9EF2F88-C284-4E64-9483-26E3FE151C50}.AppStore|x64.Build.0 = Release|x64
		{A9EF2F88-C284-4E64-9483-26E3FE151C50}.AppStore|x64.Deploy.0 = Release|x64
		{A9EF2F88-C284-4E64-9483-26E3FE151C50}.AppStore|x86.ActiveCfg = Release|x86
		{A9EF2F88-C284-4E64-9483-26E3FE151C50}.AppStore|x86.Build.0 = Release|x86
		{A9EF2F88-C284-4E64-9483-26E3FE151C50}.AppStore|x86.Deploy.0 = Release|x86
		{A9EF2F88-C284-4E64-9483-26E3FE151C50}.Debug|Any CPU.ActiveCfg = Debug|x86
		{A9EF2F88-C284-4E64-9483-26E3FE151C50}.Debug|Any CPU.Build.0 = Debug|x86
		{A9EF2F88-C284-4E64-9483-26E3FE151C50}.Debug|Any CPU.Deploy.0 = Debug|x86
		{A9EF2F88-C284-4E64-9483-26E3FE151C50}.Debug|ARM.ActiveCfg = Debug|ARM
		{A9EF2F88-C284-4E64-9483-26E3FE151C50}.Debug|ARM.Build.0 = Debug|ARM
		{A9EF2F88-C284-4E64-9483-26E3FE151C50}.Debug|ARM.Deploy.0 = Debug|ARM
		{A9EF2F88-C284-4E64-9483-26E3FE151C50}.Debug|iPhone.ActiveCfg = Debug|x86
		{A9EF2F88-C284-4E64-9483-26E3FE151C50}.Debug|iPhone.Build.0 = Debug|x86
		{A9EF2F88-C284-4E64-9483-26E3FE151C50}.Debug|iPhone.Deploy.0 = Debug|x86
		{A9EF2F88-C284-4E64-9483-26E3FE151C50}.Debug|iPhoneSimulator.ActiveCfg = Debug|x86
		{A9EF2F88-C284-4E64-9483-26E3FE151C50}.Debug|iPhoneSimulator.Build.0 = Debug|x86
		{A9EF2F88-C284-4E64-9483-26E3FE151C50}.Debug|iPhoneSimulator.Deploy.0 = Debug|x86
		{A9EF2F88-C284-4E64-9483-26E3FE151C50}.Debug|x64.ActiveCfg = Debug|x64
		{A9EF2F88-C284-4E64-9483-26E3FE151C50}.Debug|x64.Build.0 = Debug|x64
		{A9EF2F88-C284-4E64-9483-26E3FE151C50}.Debug|x64.Deploy.0 = Debug|x64
		{A9EF2F88-C284-4E64-9483-26E3FE151C50}.Debug|x86.ActiveCfg = Debug|x86
		{A9EF2F88-C284-4E64-9483-26E3FE151C50}.Debug|x86.Build.0 = Debug|x86
		{A9EF2F88-C284-4E64-9483-26E3FE151C50}.Debug|x86.Deploy.0 = Debug|x86
		{A9EF2F88-C284-4E64-9483-26E3FE151C50}.Release|Any CPU.ActiveCfg = Release|x86
		{A9EF2F88-C284-4E64-9483-26E3FE151C50}.Release|Any CPU.Build.0 = Release|x86
		{A9EF2F88-C284-4E64-9483-26E3FE151C50}.Release|Any CPU.Deploy.0 = Release|x86
		{A9EF2F88-C284-4E64-9483-26E3FE151C50}.Release|ARM.ActiveCfg = Release|ARM
		{A9EF2F88-C284-4E64-9483-26E3FE151C50}.Release|ARM.Build.0 = Release|ARM
		{A9EF2F88-C284-4E64-9483-26E3FE151C50}.Release|ARM.Deploy.0 = Release|ARM
		{A9EF2F88-C284-4E64-9483-26E3FE151C50}.Release|iPhone.ActiveCfg = Release|x86
		{A9EF2F88-C284-4E64-9483-26E3FE151C50}.Release|iPhone.Build.0 = Release|x86
		{A9EF2F88-C284-4E64-9483-26E3FE151C50}.Release|iPhone.Deploy.0 = Release|x86
		{A9EF2F88-C284-4E64-9483-26E3FE151C50}.Release|iPhoneSimulator.ActiveCfg = Release|x86
		{A9EF2F88-C284-4E64-9483-26E3FE151C50}.Release|iPhoneSimulator.Build.0 = Release|x86
		{A9EF2F88-C284-4E64-9483-26E3FE151C50}.Release|iPhoneSimulator.Deploy.0 = Release|x86
		{A9EF2F88-C284-4E64-9483-26E3FE151C50}.Release|x64.ActiveCfg = Release|x64
		{A9EF2F88-C284-4E64-9483-26E3FE151C50}.Release|x64.Build.0 = Release|x64
		{A9EF2F88-C284-4E64-9483-26E3FE151C50}.Release|x64.Deploy.0 = Release|x64
		{A9EF2F88-C284-4E64-9483-26E3FE151C50}.Release|x86.ActiveCfg = Release|x86
		{A9EF2F88-C284-4E64-9483-26E3FE151C50}.Release|x86.Build.0 = Release|x86
		{A9EF2F88-C284-4E64-9483-26E3FE151C50}.Release|x86.Deploy.0 = Release|x86
		{83DD9850-351E-4579-9FCA-23DAC0F1EF52}.Ad-Hoc|Any CPU.ActiveCfg = Debug|Any CPU
		{83DD9850-351E-4579-9FCA-23DAC0F1EF52}.Ad-Hoc|Any CPU.Build.0 = Debug|Any CPU
		{83DD9850-351E-4579-9FCA-23DAC0F1EF52}.Ad-Hoc|Any CPU.Deploy.0 = Debug|Any CPU
		{83DD9850-351E-4579-9FCA-23DAC0F1EF52}.Ad-Hoc|ARM.ActiveCfg = Debug|Any CPU
		{83DD9850-351E-4579-9FCA-23DAC0F1EF52}.Ad-Hoc|ARM.Build.0 = Debug|Any CPU
		{83DD9850-351E-4579-9FCA-23DAC0F1EF52}.Ad-Hoc|ARM.Deploy.0 = Debug|Any CPU
		{83DD9850-351E-4579-9FCA-23DAC0F1EF52}.Ad-Hoc|iPhone.ActiveCfg = Debug|Any CPU
		{83DD9850-351E-4579-9FCA-23DAC0F1EF52}.Ad-Hoc|iPhone.Build.0 = Debug|Any CPU
		{83DD9850-351E-4579-9FCA-23DAC0F1EF52}.Ad-Hoc|iPhone.Deploy.0 = Debug|Any CPU
		{83DD9850-351E-4579-9FCA-23DAC0F1EF52}.Ad-Hoc|iPhoneSimulator.ActiveCfg = Debug|Any CPU
		{83DD9850-351E-4579-9FCA-23DAC0F1EF52}.Ad-Hoc|iPhoneSimulator.Build.0 = Debug|Any CPU
		{83DD9850-351E-4579-9FCA-23DAC0F1EF52}.Ad-Hoc|iPhoneSimulator.Deploy.0 = Debug|Any CPU
		{83DD9850-351E-4579-9FCA-23DAC0F1EF52}.Ad-Hoc|x64.ActiveCfg = Debug|Any CPU
		{83DD9850-351E-4579-9FCA-23DAC0F1EF52}.Ad-Hoc|x64.Build.0 = Debug|Any CPU
		{83DD9850-351E-4579-9FCA-23DAC0F1EF52}.Ad-Hoc|x64.Deploy.0 = Debug|Any CPU
		{83DD9850-351E-4579-9FCA-23DAC0F1EF52}.Ad-Hoc|x86.ActiveCfg = Debug|Any CPU
		{83DD9850-351E-4579-9FCA-23DAC0F1EF52}.Ad-Hoc|x86.Build.0 = Debug|Any CPU
		{83DD9850-351E-4579-9FCA-23DAC0F1EF52}.Ad-Hoc|x86.Deploy.0 = Debug|Any CPU
		{83DD9850-351E-4579-9FCA-23DAC0F1EF52}.AppStore|Any CPU.ActiveCfg = Debug|Any CPU
		{83DD9850-351E-4579-9FCA-23DAC0F1EF52}.AppStore|Any CPU.Build.0 = Debug|Any CPU
		{83DD9850-351E-4579-9FCA-23DAC0F1EF52}.AppStore|Any CPU.Deploy.0 = Debug|Any CPU
		{83DD9850-351E-4579-9FCA-23DAC0F1EF52}.AppStore|ARM.ActiveCfg = Debug|Any CPU
		{83DD9850-351E-4579-9FCA-23DAC0F1EF52}.AppStore|ARM.Build.0 = Debug|Any CPU
		{83DD9850-351E-4579-9FCA-23DAC0F1EF52}.AppStore|ARM.Deploy.0 = Debug|Any CPU
		{83DD9850-351E-4579-9FCA-23DAC0F1EF52}.AppStore|iPhone.ActiveCfg = Debug|Any CPU
		{83DD9850-351E-4579-9FCA-23DAC0F1EF52}.AppStore|iPhone.Build.0 = Debug|Any CPU
		{83DD9850-351E-4579-9FCA-23DAC0F1EF52}.AppStore|iPhone.Deploy.0 = Debug|Any CPU
		{83DD9850-351E-4579-9FCA-23DAC0F1EF52}.AppStore|iPhoneSimulator.ActiveCfg = Debug|Any CPU
		{83DD9850-351E-4579-9FCA-23DAC0F1EF52}.AppStore|iPhoneSimulator.Build.0 = Debug|Any CPU
		{83DD9850-351E-4579-9FCA-23DAC0F1EF52}.AppStore|iPhoneSimulator.Deploy.0 = Debug|Any CPU
		{83DD9850-351E-4579-9FCA-23DAC0F1EF52}.AppStore|x64.ActiveCfg = Debug|Any CPU
		{83DD9850-351E-4579-9FCA-23DAC0F1EF52}.AppStore|x64.Build.0 = Debug|Any CPU
		{83DD9850-351E-4579-9FCA-23DAC0F1EF52}.AppStore|x64.Deploy.0 = Debug|Any CPU
		{83DD9850-351E-4579-9FCA-23DAC0F1EF52}.AppStore|x86.ActiveCfg = Debug|Any CPU
		{83DD9850-351E-4579-9FCA-23DAC0F1EF52}.AppStore|x86.Build.0 = Debug|Any CPU
		{83DD9850-351E-4579-9FCA-23DAC0F1EF52}.AppStore|x86.Deploy.0 = Debug|Any CPU
		{83DD9850-351E-4579-9FCA-23DAC0F1EF52}.Debug|Any CPU.ActiveCfg = Debug|Any CPU
		{83DD9850-351E-4579-9FCA-23DAC0F1EF52}.Debug|Any CPU.Build.0 = Debug|Any CPU
		{83DD9850-351E-4579-9FCA-23DAC0F1EF52}.Debug|Any CPU.Deploy.0 = Debug|Any CPU
		{83DD9850-351E-4579-9FCA-23DAC0F1EF52}.Debug|ARM.ActiveCfg = Debug|Any CPU
		{83DD9850-351E-4579-9FCA-23DAC0F1EF52}.Debug|ARM.Build.0 = Debug|Any CPU
		{83DD9850-351E-4579-9FCA-23DAC0F1EF52}.Debug|ARM.Deploy.0 = Debug|Any CPU
		{83DD9850-351E-4579-9FCA-23DAC0F1EF52}.Debug|iPhone.ActiveCfg = Debug|Any CPU
		{83DD9850-351E-4579-9FCA-23DAC0F1EF52}.Debug|iPhone.Build.0 = Debug|Any CPU
		{83DD9850-351E-4579-9FCA-23DAC0F1EF52}.Debug|iPhone.Deploy.0 = Debug|Any CPU
		{83DD9850-351E-4579-9FCA-23DAC0F1EF52}.Debug|iPhoneSimulator.ActiveCfg = Debug|Any CPU
		{83DD9850-351E-4579-9FCA-23DAC0F1EF52}.Debug|iPhoneSimulator.Build.0 = Debug|Any CPU
		{83DD9850-351E-4579-9FCA-23DAC0F1EF52}.Debug|iPhoneSimulator.Deploy.0 = Debug|Any CPU
		{83DD9850-351E-4579-9FCA-23DAC0F1EF52}.Debug|x64.ActiveCfg = Debug|Any CPU
		{83DD9850-351E-4579-9FCA-23DAC0F1EF52}.Debug|x64.Build.0 = Debug|Any CPU
		{83DD9850-351E-4579-9FCA-23DAC0F1EF52}.Debug|x64.Deploy.0 = Debug|Any CPU
		{83DD9850-351E-4579-9FCA-23DAC0F1EF52}.Debug|x86.ActiveCfg = Debug|Any CPU
		{83DD9850-351E-4579-9FCA-23DAC0F1EF52}.Debug|x86.Build.0 = Debug|Any CPU
		{83DD9850-351E-4579-9FCA-23DAC0F1EF52}.Debug|x86.Deploy.0 = Debug|Any CPU
		{83DD9850-351E-4579-9FCA-23DAC0F1EF52}.Release|Any CPU.ActiveCfg = Release|Any CPU
		{83DD9850-351E-4579-9FCA-23DAC0F1EF52}.Release|Any CPU.Build.0 = Release|Any CPU
		{83DD9850-351E-4579-9FCA-23DAC0F1EF52}.Release|Any CPU.Deploy.0 = Release|Any CPU
		{83DD9850-351E-4579-9FCA-23DAC0F1EF52}.Release|ARM.ActiveCfg = Release|Any CPU
		{83DD9850-351E-4579-9FCA-23DAC0F1EF52}.Release|ARM.Build.0 = Release|Any CPU
		{83DD9850-351E-4579-9FCA-23DAC0F1EF52}.Release|ARM.Deploy.0 = Release|Any CPU
		{83DD9850-351E-4579-9FCA-23DAC0F1EF52}.Release|iPhone.ActiveCfg = Release|Any CPU
		{83DD9850-351E-4579-9FCA-23DAC0F1EF52}.Release|iPhone.Build.0 = Release|Any CPU
		{83DD9850-351E-4579-9FCA-23DAC0F1EF52}.Release|iPhone.Deploy.0 = Release|Any CPU
		{83DD9850-351E-4579-9FCA-23DAC0F1EF52}.Release|iPhoneSimulator.ActiveCfg = Release|Any CPU
		{83DD9850-351E-4579-9FCA-23DAC0F1EF52}.Release|iPhoneSimulator.Build.0 = Release|Any CPU
		{83DD9850-351E-4579-9FCA-23DAC0F1EF52}.Release|iPhoneSimulator.Deploy.0 = Release|Any CPU
		{83DD9850-351E-4579-9FCA-23DAC0F1EF52}.Release|x64.ActiveCfg = Release|Any CPU
		{83DD9850-351E-4579-9FCA-23DAC0F1EF52}.Release|x64.Build.0 = Release|Any CPU
		{83DD9850-351E-4579-9FCA-23DAC0F1EF52}.Release|x64.Deploy.0 = Release|Any CPU
		{83DD9850-351E-4579-9FCA-23DAC0F1EF52}.Release|x86.ActiveCfg = Release|Any CPU
		{83DD9850-351E-4579-9FCA-23DAC0F1EF52}.Release|x86.Build.0 = Release|Any CPU
		{83DD9850-351E-4579-9FCA-23DAC0F1EF52}.Release|x86.Deploy.0 = Release|Any CPU
	EndGlobalSection
	GlobalSection(SolutionProperties) = preSolution
		HideSolutionNode = FALSE
	EndGlobalSection
	GlobalSection(ExtensibilityGlobals) = postSolution
		SolutionGuid = {FD5BB1CF-9695-4892-9D15-467E5B53BDCE}
	EndGlobalSection
EndGlobal
