
Microsoft Visual Studio Solution File, Format Version 12.00
# Visual Studio 15
VisualStudioVersion = 15.0.28307.438
MinimumVisualStudioVersion = 10.0.40219.1
Project("{FAE04EC0-301F-11D3-BF4B-00C04F79EFBC}") = "App2_Tarefa.Android", "App2_Tarefa\App2_Tarefa.Android\App2_Tarefa.Android.csproj", "{81044C2B-A5EA-42C6-870A-1C63E151E224}"
EndProject
Project("{FAE04EC0-301F-11D3-BF4B-00C04F79EFBC}") = "App2_Tarefa.iOS", "App2_Tarefa\App2_Tarefa.iOS\App2_Tarefa.iOS.csproj", "{E3E53D84-5486-4B96-B08E-CBD256CC7DAE}"
EndProject
Project("{FAE04EC0-301F-11D3-BF4B-00C04F79EFBC}") = "App2_Tarefa.UWP", "App2_Tarefa\App2_Tarefa.UWP\App2_Tarefa.UWP.csproj", "{64E1C971-ECC7-4A5C-BA55-8235D409A125}"
EndProject
Project("{FAE04EC0-301F-11D3-BF4B-00C04F79EFBC}") = "App2_Tarefa", "App2_Tarefa\App2_Tarefa\App2_Tarefa.csproj", "{E00B9B61-CD74-4905-8AEE-D7FCB1AFA64F}"
EndProject
Global
	GlobalSection(SolutionConfigurationPlatforms) = preSolution
		Ad-Hoc|Any CPU = Ad-Hoc|Any CPU
		Ad-Hoc|ARM = Ad-Hoc|ARM
		Ad-Hoc|iPhone = Ad-Hoc|iPhone
		Ad-Hoc|iPhoneSimulator = Ad-Hoc|iPhoneSimulator
		Ad-Hoc|x64 = Ad-Hoc|x64
		Ad-Hoc|x86 = Ad-Hoc|x86
		AppStore|Any CPU = AppStore|Any CPU
		AppStore|ARM = AppStore|ARM
		AppStore|iPhone = AppStore|iPhone
		AppStore|iPhoneSimulator = AppStore|iPhoneSimulator
		AppStore|x64 = AppStore|x64
		AppStore|x86 = AppStore|x86
		Debug|Any CPU = Debug|Any CPU
		Debug|ARM = Debug|ARM
		Debug|iPhone = Debug|iPhone
		Debug|iPhoneSimulator = Debug|iPhoneSimulator
		Debug|x64 = Debug|x64
		Debug|x86 = Debug|x86
		Release|Any CPU = Release|Any CPU
		Release|ARM = Release|ARM
		Release|iPhone = Release|iPhone
		Release|iPhoneSimulator = Release|iPhoneSimulator
		Release|x64 = Release|x64
		Release|x86 = Release|x86
	EndGlobalSection
	GlobalSection(ProjectConfigurationPlatforms) = postSolution
		{81044C2B-A5EA-42C6-870A-1C63E151E224}.Ad-Hoc|Any CPU.ActiveCfg = Release|Any CPU
		{81044C2B-A5EA-42C6-870A-1C63E151E224}.Ad-Hoc|Any CPU.Build.0 = Release|Any CPU
		{81044C2B-A5EA-42C6-870A-1C63E151E224}.Ad-Hoc|Any CPU.Deploy.0 = Release|Any CPU
		{81044C2B-A5EA-42C6-870A-1C63E151E224}.Ad-Hoc|ARM.ActiveCfg = Release|Any CPU
		{81044C2B-A5EA-42C6-870A-1C63E151E224}.Ad-Hoc|ARM.Build.0 = Release|Any CPU
		{81044C2B-A5EA-42C6-870A-1C63E151E224}.Ad-Hoc|ARM.Deploy.0 = Release|Any CPU
		{81044C2B-A5EA-42C6-870A-1C63E151E224}.Ad-Hoc|iPhone.ActiveCfg = Release|Any CPU
		{81044C2B-A5EA-42C6-870A-1C63E151E224}.Ad-Hoc|iPhone.Build.0 = Release|Any CPU
		{81044C2B-A5EA-42C6-870A-1C63E151E224}.Ad-Hoc|iPhone.Deploy.0 = Release|Any CPU
		{81044C2B-A5EA-42C6-870A-1C63E151E224}.Ad-Hoc|iPhoneSimulator.ActiveCfg = Release|Any CPU
		{81044C2B-A5EA-42C6-870A-1C63E151E224}.Ad-Hoc|iPhoneSimulator.Build.0 = Release|Any CPU
		{81044C2B-A5EA-42C6-870A-1C63E151E224}.Ad-Hoc|iPhoneSimulator.Deploy.0 = Release|Any CPU
		{81044C2B-A5EA-42C6-870A-1C63E151E224}.Ad-Hoc|x64.ActiveCfg = Release|Any CPU
		{81044C2B-A5EA-42C6-870A-1C63E151E224}.Ad-Hoc|x64.Build.0 = Release|Any CPU
		{81044C2B-A5EA-42C6-870A-1C63E151E224}.Ad-Hoc|x64.Deploy.0 = Release|Any CPU
		{81044C2B-A5EA-42C6-870A-1C63E151E224}.Ad-Hoc|x86.ActiveCfg = Release|Any CPU
		{81044C2B-A5EA-42C6-870A-1C63E151E224}.Ad-Hoc|x86.Build.0 = Release|Any CPU
		{81044C2B-A5EA-42C6-870A-1C63E151E224}.Ad-Hoc|x86.Deploy.0 = Release|Any CPU
		{81044C2B-A5EA-42C6-870A-1C63E151E224}.AppStore|Any CPU.ActiveCfg = Release|Any CPU
		{81044C2B-A5EA-42C6-870A-1C63E151E224}.AppStore|Any CPU.Build.0 = Release|Any CPU
		{81044C2B-A5EA-42C6-870A-1C63E151E224}.AppStore|Any CPU.Deploy.0 = Release|Any CPU
		{81044C2B-A5EA-42C6-870A-1C63E151E224}.AppStore|ARM.ActiveCfg = Release|Any CPU
		{81044C2B-A5EA-42C6-870A-1C63E151E224}.AppStore|ARM.Build.0 = Release|Any CPU
		{81044C2B-A5EA-42C6-870A-1C63E151E224}.AppStore|ARM.Deploy.0 = Release|Any CPU
		{81044C2B-A5EA-42C6-870A-1C63E151E224}.AppStore|iPhone.ActiveCfg = Release|Any CPU
		{81044C2B-A5EA-42C6-870A-1C63E151E224}.AppStore|iPhone.Build.0 = Release|Any CPU
		{81044C2B-A5EA-42C6-870A-1C63E151E224}.AppStore|iPhone.Deploy.0 = Release|Any CPU
		{81044C2B-A5EA-42C6-870A-1C63E151E224}.AppStore|iPhoneSimulator.ActiveCfg = Release|Any CPU
		{81044C2B-A5EA-42C6-870A-1C63E151E224}.AppStore|iPhoneSimulator.Build.0 = Release|Any CPU
		{81044C2B-A5EA-42C6-870A-1C63E151E224}.AppStore|iPhoneSimulator.Deploy.0 = Release|Any CPU
		{81044C2B-A5EA-42C6-870A-1C63E151E224}.AppStore|x64.ActiveCfg = Release|Any CPU
		{81044C2B-A5EA-42C6-870A-1C63E151E224}.AppStore|x64.Build.0 = Release|Any CPU
		{81044C2B-A5EA-42C6-870A-1C63E151E224}.AppStore|x64.Deploy.0 = Release|Any CPU
		{81044C2B-A5EA-42C6-870A-1C63E151E224}.AppStore|x86.ActiveCfg = Release|Any CPU
		{81044C2B-A5EA-42C6-870A-1C63E151E224}.AppStore|x86.Build.0 = Release|Any CPU
		{81044C2B-A5EA-42C6-870A-1C63E151E224}.AppStore|x86.Deploy.0 = Release|Any CPU
		{81044C2B-A5EA-42C6-870A-1C63E151E224}.Debug|Any CPU.ActiveCfg = Debug|Any CPU
		{81044C2B-A5EA-42C6-870A-1C63E151E224}.Debug|Any CPU.Build.0 = Debug|Any CPU
		{81044C2B-A5EA-42C6-870A-1C63E151E224}.Debug|Any CPU.Deploy.0 = Debug|Any CPU
		{81044C2B-A5EA-42C6-870A-1C63E151E224}.Debug|ARM.ActiveCfg = Debug|Any CPU
		{81044C2B-A5EA-42C6-870A-1C63E151E224}.Debug|ARM.Build.0 = Debug|Any CPU
		{81044C2B-A5EA-42C6-870A-1C63E151E224}.Debug|ARM.Deploy.0 = Debug|Any CPU
		{81044C2B-A5EA-42C6-870A-1C63E151E224}.Debug|iPhone.ActiveCfg = Debug|Any CPU
		{81044C2B-A5EA-42C6-870A-1C63E151E224}.Debug|iPhone.Build.0 = Debug|Any CPU
		{81044C2B-A5EA-42C6-870A-1C63E151E224}.Debug|iPhone.Deploy.0 = Debug|Any CPU
		{81044C2B-A5EA-42C6-870A-1C63E151E224}.Debug|iPhoneSimulator.ActiveCfg = Debug|Any CPU
		{81044C2B-A5EA-42C6-870A-1C63E151E224}.Debug|iPhoneSimulator.Build.0 = Debug|Any CPU
		{81044C2B-A5EA-42C6-870A-1C63E151E224}.Debug|iPhoneSimulator.Deploy.0 = Debug|Any CPU
		{81044C2B-A5EA-42C6-870A-1C63E151E224}.Debug|x64.ActiveCfg = Debug|Any CPU
		{81044C2B-A5EA-42C6-870A-1C63E151E224}.Debug|x64.Build.0 = Debug|Any CPU
		{81044C2B-A5EA-42C6-870A-1C63E151E224}.Debug|x64.Deploy.0 = Debug|Any CPU
		{81044C2B-A5EA-42C6-870A-1C63E151E224}.Debug|x86.ActiveCfg = Debug|Any CPU
		{81044C2B-A5EA-42C6-870A-1C63E151E224}.Debug|x86.Build.0 = Debug|Any CPU
		{81044C2B-A5EA-42C6-870A-1C63E151E224}.Debug|x86.Deploy.0 = Debug|Any CPU
		{81044C2B-A5EA-42C6-870A-1C63E151E224}.Release|Any CPU.ActiveCfg = Release|Any CPU
		{81044C2B-A5EA-42C6-870A-1C63E151E224}.Release|Any CPU.Build.0 = Release|Any CPU
		{81044C2B-A5EA-42C6-870A-1C63E151E224}.Release|Any CPU.Deploy.0 = Release|Any CPU
		{81044C2B-A5EA-42C6-870A-1C63E151E224}.Release|ARM.ActiveCfg = Release|Any CPU
		{81044C2B-A5EA-42C6-870A-1C63E151E224}.Release|ARM.Build.0 = Release|Any CPU
		{81044C2B-A5EA-42C6-870A-1C63E151E224}.Release|ARM.Deploy.0 = Release|Any CPU
		{81044C2B-A5EA-42C6-870A-1C63E151E224}.Release|iPhone.ActiveCfg = Release|Any CPU
		{81044C2B-A5EA-42C6-870A-1C63E151E224}.Release|iPhone.Build.0 = Release|Any CPU
		{81044C2B-A5EA-42C6-870A-1C63E151E224}.Release|iPhone.Deploy.0 = Release|Any CPU
		{81044C2B-A5EA-42C6-870A-1C63E151E224}.Release|iPhoneSimulator.ActiveCfg = Release|Any CPU
		{81044C2B-A5EA-42C6-870A-1C63E151E224}.Release|iPhoneSimulator.Build.0 = Release|Any CPU
		{81044C2B-A5EA-42C6-870A-1C63E151E224}.Release|iPhoneSimulator.Deploy.0 = Release|Any CPU
		{81044C2B-A5EA-42C6-870A-1C63E151E224}.Release|x64.ActiveCfg = Release|Any CPU
		{81044C2B-A5EA-42C6-870A-1C63E151E224}.Release|x64.Build.0 = Release|Any CPU
		{81044C2B-A5EA-42C6-870A-1C63E151E224}.Release|x64.Deploy.0 = Release|Any CPU
		{81044C2B-A5EA-42C6-870A-1C63E151E224}.Release|x86.ActiveCfg = Release|Any CPU
		{81044C2B-A5EA-42C6-870A-1C63E151E224}.Release|x86.Build.0 = Release|Any CPU
		{81044C2B-A5EA-42C6-870A-1C63E151E224}.Release|x86.Deploy.0 = Release|Any CPU
		{E3E53D84-5486-4B96-B08E-CBD256CC7DAE}.Ad-Hoc|Any CPU.ActiveCfg = Ad-Hoc|iPhone
		{E3E53D84-5486-4B96-B08E-CBD256CC7DAE}.Ad-Hoc|Any CPU.Build.0 = Ad-Hoc|iPhone
		{E3E53D84-5486-4B96-B08E-CBD256CC7DAE}.Ad-Hoc|Any CPU.Deploy.0 = Ad-Hoc|iPhone
		{E3E53D84-5486-4B96-B08E-CBD256CC7DAE}.Ad-Hoc|ARM.ActiveCfg = Ad-Hoc|iPhone
		{E3E53D84-5486-4B96-B08E-CBD256CC7DAE}.Ad-Hoc|ARM.Build.0 = Ad-Hoc|iPhone
		{E3E53D84-5486-4B96-B08E-CBD256CC7DAE}.Ad-Hoc|ARM.Deploy.0 = Ad-Hoc|iPhone
		{E3E53D84-5486-4B96-B08E-CBD256CC7DAE}.Ad-Hoc|iPhone.ActiveCfg = Ad-Hoc|iPhone
		{E3E53D84-5486-4B96-B08E-CBD256CC7DAE}.Ad-Hoc|iPhone.Build.0 = Ad-Hoc|iPhone
		{E3E53D84-5486-4B96-B08E-CBD256CC7DAE}.Ad-Hoc|iPhone.Deploy.0 = Ad-Hoc|iPhone
		{E3E53D84-5486-4B96-B08E-CBD256CC7DAE}.Ad-Hoc|iPhoneSimulator.ActiveCfg = Ad-Hoc|iPhoneSimulator
		{E3E53D84-5486-4B96-B08E-CBD256CC7DAE}.Ad-Hoc|iPhoneSimulator.Build.0 = Ad-Hoc|iPhoneSimulator
		{E3E53D84-5486-4B96-B08E-CBD256CC7DAE}.Ad-Hoc|iPhoneSimulator.Deploy.0 = Ad-Hoc|iPhoneSimulator
		{E3E53D84-5486-4B96-B08E-CBD256CC7DAE}.Ad-Hoc|x64.ActiveCfg = Ad-Hoc|iPhone
		{E3E53D84-5486-4B96-B08E-CBD256CC7DAE}.Ad-Hoc|x64.Build.0 = Ad-Hoc|iPhone
		{E3E53D84-5486-4B96-B08E-CBD256CC7DAE}.Ad-Hoc|x64.Deploy.0 = Ad-Hoc|iPhone
		{E3E53D84-5486-4B96-B08E-CBD256CC7DAE}.Ad-Hoc|x86.ActiveCfg = Ad-Hoc|iPhone
		{E3E53D84-5486-4B96-B08E-CBD256CC7DAE}.Ad-Hoc|x86.Build.0 = Ad-Hoc|iPhone
		{E3E53D84-5486-4B96-B08E-CBD256CC7DAE}.Ad-Hoc|x86.Deploy.0 = Ad-Hoc|iPhone
		{E3E53D84-5486-4B96-B08E-CBD256CC7DAE}.AppStore|Any CPU.ActiveCfg = AppStore|iPhone
		{E3E53D84-5486-4B96-B08E-CBD256CC7DAE}.AppStore|Any CPU.Build.0 = AppStore|iPhone
		{E3E53D84-5486-4B96-B08E-CBD256CC7DAE}.AppStore|Any CPU.Deploy.0 = AppStore|iPhone
		{E3E53D84-5486-4B96-B08E-CBD256CC7DAE}.AppStore|ARM.ActiveCfg = AppStore|iPhone
		{E3E53D84-5486-4B96-B08E-CBD256CC7DAE}.AppStore|ARM.Build.0 = AppStore|iPhone
		{E3E53D84-5486-4B96-B08E-CBD256CC7DAE}.AppStore|ARM.Deploy.0 = AppStore|iPhone
		{E3E53D84-5486-4B96-B08E-CBD256CC7DAE}.AppStore|iPhone.ActiveCfg = AppStore|iPhone
		{E3E53D84-5486-4B96-B08E-CBD256CC7DAE}.AppStore|iPhone.Build.0 = AppStore|iPhone
		{E3E53D84-5486-4B96-B08E-CBD256CC7DAE}.AppStore|iPhone.Deploy.0 = AppStore|iPhone
		{E3E53D84-5486-4B96-B08E-CBD256CC7DAE}.AppStore|iPhoneSimulator.ActiveCfg = AppStore|iPhoneSimulator
		{E3E53D84-5486-4B96-B08E-CBD256CC7DAE}.AppStore|iPhoneSimulator.Build.0 = AppStore|iPhoneSimulator
		{E3E53D84-5486-4B96-B08E-CBD256CC7DAE}.AppStore|iPhoneSimulator.Deploy.0 = AppStore|iPhoneSimulator
		{E3E53D84-5486-4B96-B08E-CBD256CC7DAE}.AppStore|x64.ActiveCfg = AppStore|iPhone
		{E3E53D84-5486-4B96-B08E-CBD256CC7DAE}.AppStore|x64.Build.0 = AppStore|iPhone
		{E3E53D84-5486-4B96-B08E-CBD256CC7DAE}.AppStore|x64.Deploy.0 = AppStore|iPhone
		{E3E53D84-5486-4B96-B08E-CBD256CC7DAE}.AppStore|x86.ActiveCfg = AppStore|iPhone
		{E3E53D84-5486-4B96-B08E-CBD256CC7DAE}.AppStore|x86.Build.0 = AppStore|iPhone
		{E3E53D84-5486-4B96-B08E-CBD256CC7DAE}.AppStore|x86.Deploy.0 = AppStore|iPhone
		{E3E53D84-5486-4B96-B08E-CBD256CC7DAE}.Debug|Any CPU.ActiveCfg = Debug|iPhoneSimulator
		{E3E53D84-5486-4B96-B08E-CBD256CC7DAE}.Debug|Any CPU.Build.0 = Debug|iPhoneSimulator
		{E3E53D84-5486-4B96-B08E-CBD256CC7DAE}.Debug|Any CPU.Deploy.0 = Debug|iPhoneSimulator
		{E3E53D84-5486-4B96-B08E-CBD256CC7DAE}.Debug|ARM.ActiveCfg = Debug|iPhone
		{E3E53D84-5486-4B96-B08E-CBD256CC7DAE}.Debug|ARM.Build.0 = Debug|iPhone
		{E3E53D84-5486-4B96-B08E-CBD256CC7DAE}.Debug|ARM.Deploy.0 = Debug|iPhone
		{E3E53D84-5486-4B96-B08E-CBD256CC7DAE}.Debug|iPhone.ActiveCfg = Debug|iPhone
		{E3E53D84-5486-4B96-B08E-CBD256CC7DAE}.Debug|iPhone.Build.0 = Debug|iPhone
		{E3E53D84-5486-4B96-B08E-CBD256CC7DAE}.Debug|iPhone.Deploy.0 = Debug|iPhone
		{E3E53D84-5486-4B96-B08E-CBD256CC7DAE}.Debug|iPhoneSimulator.ActiveCfg = Debug|iPhoneSimulator
		{E3E53D84-5486-4B96-B08E-CBD256CC7DAE}.Debug|iPhoneSimulator.Build.0 = Debug|iPhoneSimulator
		{E3E53D84-5486-4B96-B08E-CBD256CC7DAE}.Debug|iPhoneSimulator.Deploy.0 = Debug|iPhoneSimulator
		{E3E53D84-5486-4B96-B08E-CBD256CC7DAE}.Debug|x64.ActiveCfg = Debug|iPhone
		{E3E53D84-5486-4B96-B08E-CBD256CC7DAE}.Debug|x64.Build.0 = Debug|iPhone
		{E3E53D84-5486-4B96-B08E-CBD256CC7DAE}.Debug|x64.Deploy.0 = Debug|iPhone
		{E3E53D84-5486-4B96-B08E-CBD256CC7DAE}.Debug|x86.ActiveCfg = Debug|iPhone
		{E3E53D84-5486-4B96-B08E-CBD256CC7DAE}.Debug|x86.Build.0 = Debug|iPhone
		{E3E53D84-5486-4B96-B08E-CBD256CC7DAE}.Debug|x86.Deploy.0 = Debug|iPhone
		{E3E53D84-5486-4B96-B08E-CBD256CC7DAE}.Release|Any CPU.ActiveCfg = Release|iPhone
		{E3E53D84-5486-4B96-B08E-CBD256CC7DAE}.Release|Any CPU.Build.0 = Release|iPhone
		{E3E53D84-5486-4B96-B08E-CBD256CC7DAE}.Release|Any CPU.Deploy.0 = Release|iPhone
		{E3E53D84-5486-4B96-B08E-CBD256CC7DAE}.Release|ARM.ActiveCfg = Release|iPhone
		{E3E53D84-5486-4B96-B08E-CBD256CC7DAE}.Release|ARM.Build.0 = Release|iPhone
		{E3E53D84-5486-4B96-B08E-CBD256CC7DAE}.Release|ARM.Deploy.0 = Release|iPhone
		{E3E53D84-5486-4B96-B08E-CBD256CC7DAE}.Release|iPhone.ActiveCfg = Release|iPhone
		{E3E53D84-5486-4B96-B08E-CBD256CC7DAE}.Release|iPhone.Build.0 = Release|iPhone
		{E3E53D84-5486-4B96-B08E-CBD256CC7DAE}.Release|iPhone.Deploy.0 = Release|iPhone
		{E3E53D84-5486-4B96-B08E-CBD256CC7DAE}.Release|iPhoneSimulator.ActiveCfg = Release|iPhoneSimulator
		{E3E53D84-5486-4B96-B08E-CBD256CC7DAE}.Release|iPhoneSimulator.Build.0 = Release|iPhoneSimulator
		{E3E53D84-5486-4B96-B08E-CBD256CC7DAE}.Release|iPhoneSimulator.Deploy.0 = Release|iPhoneSimulator
		{E3E53D84-5486-4B96-B08E-CBD256CC7DAE}.Release|x64.ActiveCfg = Release|iPhone
		{E3E53D84-5486-4B96-B08E-CBD256CC7DAE}.Release|x64.Build.0 = Release|iPhone
		{E3E53D84-5486-4B96-B08E-CBD256CC7DAE}.Release|x64.Deploy.0 = Release|iPhone
		{E3E53D84-5486-4B96-B08E-CBD256CC7DAE}.Release|x86.ActiveCfg = Release|iPhone
		{E3E53D84-5486-4B96-B08E-CBD256CC7DAE}.Release|x86.Build.0 = Release|iPhone
		{E3E53D84-5486-4B96-B08E-CBD256CC7DAE}.Release|x86.Deploy.0 = Release|iPhone
		{64E1C971-ECC7-4A5C-BA55-8235D409A125}.Ad-Hoc|Any CPU.ActiveCfg = Release|x86
		{64E1C971-ECC7-4A5C-BA55-8235D409A125}.Ad-Hoc|Any CPU.Build.0 = Release|x86
		{64E1C971-ECC7-4A5C-BA55-8235D409A125}.Ad-Hoc|Any CPU.Deploy.0 = Release|x86
		{64E1C971-ECC7-4A5C-BA55-8235D409A125}.Ad-Hoc|ARM.ActiveCfg = Release|ARM
		{64E1C971-ECC7-4A5C-BA55-8235D409A125}.Ad-Hoc|ARM.Build.0 = Release|ARM
		{64E1C971-ECC7-4A5C-BA55-8235D409A125}.Ad-Hoc|ARM.Deploy.0 = Release|ARM
		{64E1C971-ECC7-4A5C-BA55-8235D409A125}.Ad-Hoc|iPhone.ActiveCfg = Release|x86
		{64E1C971-ECC7-4A5C-BA55-8235D409A125}.Ad-Hoc|iPhone.Build.0 = Release|x86
		{64E1C971-ECC7-4A5C-BA55-8235D409A125}.Ad-Hoc|iPhone.Deploy.0 = Release|x86
		{64E1C971-ECC7-4A5C-BA55-8235D409A125}.Ad-Hoc|iPhoneSimulator.ActiveCfg = Release|x86
		{64E1C971-ECC7-4A5C-BA55-8235D409A125}.Ad-Hoc|iPhoneSimulator.Build.0 = Release|x86
		{64E1C971-ECC7-4A5C-BA55-8235D409A125}.Ad-Hoc|iPhoneSimulator.Deploy.0 = Release|x86
		{64E1C971-ECC7-4A5C-BA55-8235D409A125}.Ad-Hoc|x64.ActiveCfg = Release|x64
		{64E1C971-ECC7-4A5C-BA55-8235D409A125}.Ad-Hoc|x64.Build.0 = Release|x64
		{64E1C971-ECC7-4A5C-BA55-8235D409A125}.Ad-Hoc|x64.Deploy.0 = Release|x64
		{64E1C971-ECC7-4A5C-BA55-8235D409A125}.Ad-Hoc|x86.ActiveCfg = Release|x86
		{64E1C971-ECC7-4A5C-BA55-8235D409A125}.Ad-Hoc|x86.Build.0 = Release|x86
		{64E1C971-ECC7-4A5C-BA55-8235D409A125}.Ad-Hoc|x86.Deploy.0 = Release|x86
		{64E1C971-ECC7-4A5C-BA55-8235D409A125}.AppStore|Any CPU.ActiveCfg = Release|x86
		{64E1C971-ECC7-4A5C-BA55-8235D409A125}.AppStore|Any CPU.Build.0 = Release|x86
		{64E1C971-ECC7-4A5C-BA55-8235D409A125}.AppStore|Any CPU.Deploy.0 = Release|x86
		{64E1C971-ECC7-4A5C-BA55-8235D409A125}.AppStore|ARM.ActiveCfg = Release|ARM
		{64E1C971-ECC7-4A5C-BA55-8235D409A125}.AppStore|ARM.Build.0 = Release|ARM
		{64E1C971-ECC7-4A5C-BA55-8235D409A125}.AppStore|ARM.Deploy.0 = Release|ARM
		{64E1C971-ECC7-4A5C-BA55-8235D409A125}.AppStore|iPhone.ActiveCfg = Release|x86
		{64E1C971-ECC7-4A5C-BA55-8235D409A125}.AppStore|iPhone.Build.0 = Release|x86
		{64E1C971-ECC7-4A5C-BA55-8235D409A125}.AppStore|iPhone.Deploy.0 = Release|x86
		{64E1C971-ECC7-4A5C-BA55-8235D409A125}.AppStore|iPhoneSimulator.ActiveCfg = Release|x86
		{64E1C971-ECC7-4A5C-BA55-8235D409A125}.AppStore|iPhoneSimulator.Build.0 = Release|x86
		{64E1C971-ECC7-4A5C-BA55-8235D409A125}.AppStore|iPhoneSimulator.Deploy.0 = Release|x86
		{64E1C971-ECC7-4A5C-BA55-8235D409A125}.AppStore|x64.ActiveCfg = Release|x64
		{64E1C971-ECC7-4A5C-BA55-8235D409A125}.AppStore|x64.Build.0 = Release|x64
		{64E1C971-ECC7-4A5C-BA55-8235D409A125}.AppStore|x64.Deploy.0 = Release|x64
		{64E1C971-ECC7-4A5C-BA55-8235D409A125}.AppStore|x86.ActiveCfg = Release|x86
		{64E1C971-ECC7-4A5C-BA55-8235D409A125}.AppStore|x86.Build.0 = Release|x86
		{64E1C971-ECC7-4A5C-BA55-8235D409A125}.AppStore|x86.Deploy.0 = Release|x86
		{64E1C971-ECC7-4A5C-BA55-8235D409A125}.Debug|Any CPU.ActiveCfg = Debug|x86
		{64E1C971-ECC7-4A5C-BA55-8235D409A125}.Debug|Any CPU.Build.0 = Debug|x86
		{64E1C971-ECC7-4A5C-BA55-8235D409A125}.Debug|Any CPU.Deploy.0 = Debug|x86
		{64E1C971-ECC7-4A5C-BA55-8235D409A125}.Debug|ARM.ActiveCfg = Debug|ARM
		{64E1C971-ECC7-4A5C-BA55-8235D409A125}.Debug|ARM.Build.0 = Debug|ARM
		{64E1C971-ECC7-4A5C-BA55-8235D409A125}.Debug|ARM.Deploy.0 = Debug|ARM
		{64E1C971-ECC7-4A5C-BA55-8235D409A125}.Debug|iPhone.ActiveCfg = Debug|x86
		{64E1C971-ECC7-4A5C-BA55-8235D409A125}.Debug|iPhone.Build.0 = Debug|x86
		{64E1C971-ECC7-4A5C-BA55-8235D409A125}.Debug|iPhone.Deploy.0 = Debug|x86
		{64E1C971-ECC7-4A5C-BA55-8235D409A125}.Debug|iPhoneSimulator.ActiveCfg = Debug|x86
		{64E1C971-ECC7-4A5C-BA55-8235D409A125}.Debug|iPhoneSimulator.Build.0 = Debug|x86
		{64E1C971-ECC7-4A5C-BA55-8235D409A125}.Debug|iPhoneSimulator.Deploy.0 = Debug|x86
		{64E1C971-ECC7-4A5C-BA55-8235D409A125}.Debug|x64.ActiveCfg = Debug|x64
		{64E1C971-ECC7-4A5C-BA55-8235D409A125}.Debug|x64.Build.0 = Debug|x64
		{64E1C971-ECC7-4A5C-BA55-8235D409A125}.Debug|x64.Deploy.0 = Debug|x64
		{64E1C971-ECC7-4A5C-BA55-8235D409A125}.Debug|x86.ActiveCfg = Debug|x86
		{64E1C971-ECC7-4A5C-BA55-8235D409A125}.Debug|x86.Build.0 = Debug|x86
		{64E1C971-ECC7-4A5C-BA55-8235D409A125}.Debug|x86.Deploy.0 = Debug|x86
		{64E1C971-ECC7-4A5C-BA55-8235D409A125}.Release|Any CPU.ActiveCfg = Release|x86
		{64E1C971-ECC7-4A5C-BA55-8235D409A125}.Release|Any CPU.Build.0 = Release|x86
		{64E1C971-ECC7-4A5C-BA55-8235D409A125}.Release|Any CPU.Deploy.0 = Release|x86
		{64E1C971-ECC7-4A5C-BA55-8235D409A125}.Release|ARM.ActiveCfg = Release|ARM
		{64E1C971-ECC7-4A5C-BA55-8235D409A125}.Release|ARM.Build.0 = Release|ARM
		{64E1C971-ECC7-4A5C-BA55-8235D409A125}.Release|ARM.Deploy.0 = Release|ARM
		{64E1C971-ECC7-4A5C-BA55-8235D409A125}.Release|iPhone.ActiveCfg = Release|x86
		{64E1C971-ECC7-4A5C-BA55-8235D409A125}.Release|iPhone.Build.0 = Release|x86
		{64E1C971-ECC7-4A5C-BA55-8235D409A125}.Release|iPhone.Deploy.0 = Release|x86
		{64E1C971-ECC7-4A5C-BA55-8235D409A125}.Release|iPhoneSimulator.ActiveCfg = Release|x86
		{64E1C971-ECC7-4A5C-BA55-8235D409A125}.Release|iPhoneSimulator.Build.0 = Release|x86
		{64E1C971-ECC7-4A5C-BA55-8235D409A125}.Release|iPhoneSimulator.Deploy.0 = Release|x86
		{64E1C971-ECC7-4A5C-BA55-8235D409A125}.Release|x64.ActiveCfg = Release|x64
		{64E1C971-ECC7-4A5C-BA55-8235D409A125}.Release|x64.Build.0 = Release|x64
		{64E1C971-ECC7-4A5C-BA55-8235D409A125}.Release|x64.Deploy.0 = Release|x64
		{64E1C971-ECC7-4A5C-BA55-8235D409A125}.Release|x86.ActiveCfg = Release|x86
		{64E1C971-ECC7-4A5C-BA55-8235D409A125}.Release|x86.Build.0 = Release|x86
		{64E1C971-ECC7-4A5C-BA55-8235D409A125}.Release|x86.Deploy.0 = Release|x86
		{E00B9B61-CD74-4905-8AEE-D7FCB1AFA64F}.Ad-Hoc|Any CPU.ActiveCfg = Debug|Any CPU
		{E00B9B61-CD74-4905-8AEE-D7FCB1AFA64F}.Ad-Hoc|Any CPU.Build.0 = Debug|Any CPU
		{E00B9B61-CD74-4905-8AEE-D7FCB1AFA64F}.Ad-Hoc|Any CPU.Deploy.0 = Debug|Any CPU
		{E00B9B61-CD74-4905-8AEE-D7FCB1AFA64F}.Ad-Hoc|ARM.ActiveCfg = Debug|Any CPU
		{E00B9B61-CD74-4905-8AEE-D7FCB1AFA64F}.Ad-Hoc|ARM.Build.0 = Debug|Any CPU
		{E00B9B61-CD74-4905-8AEE-D7FCB1AFA64F}.Ad-Hoc|ARM.Deploy.0 = Debug|Any CPU
		{E00B9B61-CD74-4905-8AEE-D7FCB1AFA64F}.Ad-Hoc|iPhone.ActiveCfg = Debug|Any CPU
		{E00B9B61-CD74-4905-8AEE-D7FCB1AFA64F}.Ad-Hoc|iPhone.Build.0 = Debug|Any CPU
		{E00B9B61-CD74-4905-8AEE-D7FCB1AFA64F}.Ad-Hoc|iPhone.Deploy.0 = Debug|Any CPU
		{E00B9B61-CD74-4905-8AEE-D7FCB1AFA64F}.Ad-Hoc|iPhoneSimulator.ActiveCfg = Debug|Any CPU
		{E00B9B61-CD74-4905-8AEE-D7FCB1AFA64F}.Ad-Hoc|iPhoneSimulator.Build.0 = Debug|Any CPU
		{E00B9B61-CD74-4905-8AEE-D7FCB1AFA64F}.Ad-Hoc|iPhoneSimulator.Deploy.0 = Debug|Any CPU
		{E00B9B61-CD74-4905-8AEE-D7FCB1AFA64F}.Ad-Hoc|x64.ActiveCfg = Debug|Any CPU
		{E00B9B61-CD74-4905-8AEE-D7FCB1AFA64F}.Ad-Hoc|x64.Build.0 = Debug|Any CPU
		{E00B9B61-CD74-4905-8AEE-D7FCB1AFA64F}.Ad-Hoc|x64.Deploy.0 = Debug|Any CPU
		{E00B9B61-CD74-4905-8AEE-D7FCB1AFA64F}.Ad-Hoc|x86.ActiveCfg = Debug|Any CPU
		{E00B9B61-CD74-4905-8AEE-D7FCB1AFA64F}.Ad-Hoc|x86.Build.0 = Debug|Any CPU
		{E00B9B61-CD74-4905-8AEE-D7FCB1AFA64F}.Ad-Hoc|x86.Deploy.0 = Debug|Any CPU
		{E00B9B61-CD74-4905-8AEE-D7FCB1AFA64F}.AppStore|Any CPU.ActiveCfg = Debug|Any CPU
		{E00B9B61-CD74-4905-8AEE-D7FCB1AFA64F}.AppStore|Any CPU.Build.0 = Debug|Any CPU
		{E00B9B61-CD74-4905-8AEE-D7FCB1AFA64F}.AppStore|Any CPU.Deploy.0 = Debug|Any CPU
		{E00B9B61-CD74-4905-8AEE-D7FCB1AFA64F}.AppStore|ARM.ActiveCfg = Debug|Any CPU
		{E00B9B61-CD74-4905-8AEE-D7FCB1AFA64F}.AppStore|ARM.Build.0 = Debug|Any CPU
		{E00B9B61-CD74-4905-8AEE-D7FCB1AFA64F}.AppStore|ARM.Deploy.0 = Debug|Any CPU
		{E00B9B61-CD74-4905-8AEE-D7FCB1AFA64F}.AppStore|iPhone.ActiveCfg = Debug|Any CPU
		{E00B9B61-CD74-4905-8AEE-D7FCB1AFA64F}.AppStore|iPhone.Build.0 = Debug|Any CPU
		{E00B9B61-CD74-4905-8AEE-D7FCB1AFA64F}.AppStore|iPhone.Deploy.0 = Debug|Any CPU
		{E00B9B61-CD74-4905-8AEE-D7FCB1AFA64F}.AppStore|iPhoneSimulator.ActiveCfg = Debug|Any CPU
		{E00B9B61-CD74-4905-8AEE-D7FCB1AFA64F}.AppStore|iPhoneSimulator.Build.0 = Debug|Any CPU
		{E00B9B61-CD74-4905-8AEE-D7FCB1AFA64F}.AppStore|iPhoneSimulator.Deploy.0 = Debug|Any CPU
		{E00B9B61-CD74-4905-8AEE-D7FCB1AFA64F}.AppStore|x64.ActiveCfg = Debug|Any CPU
		{E00B9B61-CD74-4905-8AEE-D7FCB1AFA64F}.AppStore|x64.Build.0 = Debug|Any CPU
		{E00B9B61-CD74-4905-8AEE-D7FCB1AFA64F}.AppStore|x64.Deploy.0 = Debug|Any CPU
		{E00B9B61-CD74-4905-8AEE-D7FCB1AFA64F}.AppStore|x86.ActiveCfg = Debug|Any CPU
		{E00B9B61-CD74-4905-8AEE-D7FCB1AFA64F}.AppStore|x86.Build.0 = Debug|Any CPU
		{E00B9B61-CD74-4905-8AEE-D7FCB1AFA64F}.AppStore|x86.Deploy.0 = Debug|Any CPU
		{E00B9B61-CD74-4905-8AEE-D7FCB1AFA64F}.Debug|Any CPU.ActiveCfg = Debug|Any CPU
		{E00B9B61-CD74-4905-8AEE-D7FCB1AFA64F}.Debug|Any CPU.Build.0 = Debug|Any CPU
		{E00B9B61-CD74-4905-8AEE-D7FCB1AFA64F}.Debug|Any CPU.Deploy.0 = Debug|Any CPU
		{E00B9B61-CD74-4905-8AEE-D7FCB1AFA64F}.Debug|ARM.ActiveCfg = Debug|Any CPU
		{E00B9B61-CD74-4905-8AEE-D7FCB1AFA64F}.Debug|ARM.Build.0 = Debug|Any CPU
		{E00B9B61-CD74-4905-8AEE-D7FCB1AFA64F}.Debug|ARM.Deploy.0 = Debug|Any CPU
		{E00B9B61-CD74-4905-8AEE-D7FCB1AFA64F}.Debug|iPhone.ActiveCfg = Debug|Any CPU
		{E00B9B61-CD74-4905-8AEE-D7FCB1AFA64F}.Debug|iPhone.Build.0 = Debug|Any CPU
		{E00B9B61-CD74-4905-8AEE-D7FCB1AFA64F}.Debug|iPhone.Deploy.0 = Debug|Any CPU
		{E00B9B61-CD74-4905-8AEE-D7FCB1AFA64F}.Debug|iPhoneSimulator.ActiveCfg = Debug|Any CPU
		{E00B9B61-CD74-4905-8AEE-D7FCB1AFA64F}.Debug|iPhoneSimulator.Build.0 = Debug|Any CPU
		{E00B9B61-CD74-4905-8AEE-D7FCB1AFA64F}.Debug|iPhoneSimulator.Deploy.0 = Debug|Any CPU
		{E00B9B61-CD74-4905-8AEE-D7FCB1AFA64F}.Debug|x64.ActiveCfg = Debug|Any CPU
		{E00B9B61-CD74-4905-8AEE-D7FCB1AFA64F}.Debug|x64.Build.0 = Debug|Any CPU
		{E00B9B61-CD74-4905-8AEE-D7FCB1AFA64F}.Debug|x64.Deploy.0 = Debug|Any CPU
		{E00B9B61-CD74-4905-8AEE-D7FCB1AFA64F}.Debug|x86.ActiveCfg = Debug|Any CPU
		{E00B9B61-CD74-4905-8AEE-D7FCB1AFA64F}.Debug|x86.Build.0 = Debug|Any CPU
		{E00B9B61-CD74-4905-8AEE-D7FCB1AFA64F}.Debug|x86.Deploy.0 = Debug|Any CPU
		{E00B9B61-CD74-4905-8AEE-D7FCB1AFA64F}.Release|Any CPU.ActiveCfg = Release|Any CPU
		{E00B9B61-CD74-4905-8AEE-D7FCB1AFA64F}.Release|Any CPU.Build.0 = Release|Any CPU
		{E00B9B61-CD74-4905-8AEE-D7FCB1AFA64F}.Release|Any CPU.Deploy.0 = Release|Any CPU
		{E00B9B61-CD74-4905-8AEE-D7FCB1AFA64F}.Release|ARM.ActiveCfg = Release|Any CPU
		{E00B9B61-CD74-4905-8AEE-D7FCB1AFA64F}.Release|ARM.Build.0 = Release|Any CPU
		{E00B9B61-CD74-4905-8AEE-D7FCB1AFA64F}.Release|ARM.Deploy.0 = Release|Any CPU
		{E00B9B61-CD74-4905-8AEE-D7FCB1AFA64F}.Release|iPhone.ActiveCfg = Release|Any CPU
		{E00B9B61-CD74-4905-8AEE-D7FCB1AFA64F}.Release|iPhone.Build.0 = Release|Any CPU
		{E00B9B61-CD74-4905-8AEE-D7FCB1AFA64F}.Release|iPhone.Deploy.0 = Release|Any CPU
		{E00B9B61-CD74-4905-8AEE-D7FCB1AFA64F}.Release|iPhoneSimulator.ActiveCfg = Release|Any CPU
		{E00B9B61-CD74-4905-8AEE-D7FCB1AFA64F}.Release|iPhoneSimulator.Build.0 = Release|Any CPU
		{E00B9B61-CD74-4905-8AEE-D7FCB1AFA64F}.Release|iPhoneSimulator.Deploy.0 = Release|Any CPU
		{E00B9B61-CD74-4905-8AEE-D7FCB1AFA64F}.Release|x64.ActiveCfg = Release|Any CPU
		{E00B9B61-CD74-4905-8AEE-D7FCB1AFA64F}.Release|x64.Build.0 = Release|Any CPU
		{E00B9B61-CD74-4905-8AEE-D7FCB1AFA64F}.Release|x64.Deploy.0 = Release|Any CPU
		{E00B9B61-CD74-4905-8AEE-D7FCB1AFA64F}.Release|x86.ActiveCfg = Release|Any CPU
		{E00B9B61-CD74-4905-8AEE-D7FCB1AFA64F}.Release|x86.Build.0 = Release|Any CPU
		{E00B9B61-CD74-4905-8AEE-D7FCB1AFA64F}.Release|x86.Deploy.0 = Release|Any CPU
	EndGlobalSection
	GlobalSection(SolutionProperties) = preSolution
		HideSolutionNode = FALSE
	EndGlobalSection
	GlobalSection(ExtensibilityGlobals) = postSolution
		SolutionGuid = {700FB0E9-AC10-4EDF-8887-450D9AEA2BF8}
	EndGlobalSection
EndGlobal
