
Microsoft Visual Studio Solution File, Format Version 12.00
# Visual Studio 15
VisualStudioVersion = 15.0.28307.438
MinimumVisualStudioVersion = 10.0.40219.1
Project("{FAE04EC0-301F-11D3-BF4B-00C04F79EFBC}") = "App2_Cinemix.Android", "App2_Cinemix\App2_Cinemix.Android\App2_Cinemix.Android.csproj", "{E3B6B272-42DF-4E07-863C-7FF7876AA09D}"
EndProject
Project("{FAE04EC0-301F-11D3-BF4B-00C04F79EFBC}") = "App2_Cinemix.iOS", "App2_Cinemix\App2_Cinemix.iOS\App2_Cinemix.iOS.csproj", "{A75D4B5D-0DD5-41F2-B070-3E4AD5A505D0}"
EndProject
Project("{FAE04EC0-301F-11D3-BF4B-00C04F79EFBC}") = "App2_Cinemix.UWP", "App2_Cinemix\App2_Cinemix.UWP\App2_Cinemix.UWP.csproj", "{3F9EBDF0-2EE5-4975-A737-165E0C303DBB}"
EndProject
Project("{FAE04EC0-301F-11D3-BF4B-00C04F79EFBC}") = "App2_Cinemix", "App2_Cinemix\App2_Cinemix\App2_Cinemix.csproj", "{8C08E790-5633-4426-BD49-3A02BCB6450D}"
EndProject
Global
	GlobalSection(SolutionConfigurationPlatforms) = preSolution
		Ad-Hoc|Any CPU = Ad-Hoc|Any CPU
		Ad-Hoc|ARM = Ad-Hoc|ARM
		Ad-Hoc|iPhone = Ad-Hoc|iPhone
		Ad-Hoc|iPhoneSimulator = Ad-Hoc|iPhoneSimulator
		Ad-Hoc|x64 = Ad-Hoc|x64
		Ad-Hoc|x86 = Ad-Hoc|x86
		AppStore|Any CPU = AppStore|Any CPU
		AppStore|ARM = AppStore|ARM
		AppStore|iPhone = AppStore|iPhone
		AppStore|iPhoneSimulator = AppStore|iPhoneSimulator
		AppStore|x64 = AppStore|x64
		AppStore|x86 = AppStore|x86
		Debug|Any CPU = Debug|Any CPU
		Debug|ARM = Debug|ARM
		Debug|iPhone = Debug|iPhone
		Debug|iPhoneSimulator = Debug|iPhoneSimulator
		Debug|x64 = Debug|x64
		Debug|x86 = Debug|x86
		Release|Any CPU = Release|Any CPU
		Release|ARM = Release|ARM
		Release|iPhone = Release|iPhone
		Release|iPhoneSimulator = Release|iPhoneSimulator
		Release|x64 = Release|x64
		Release|x86 = Release|x86
	EndGlobalSection
	GlobalSection(ProjectConfigurationPlatforms) = postSolution
		{E3B6B272-42DF-4E07-863C-7FF7876AA09D}.Ad-Hoc|Any CPU.ActiveCfg = Release|Any CPU
		{E3B6B272-42DF-4E07-863C-7FF7876AA09D}.Ad-Hoc|Any CPU.Build.0 = Release|Any CPU
		{E3B6B272-42DF-4E07-863C-7FF7876AA09D}.Ad-Hoc|Any CPU.Deploy.0 = Release|Any CPU
		{E3B6B272-42DF-4E07-863C-7FF7876AA09D}.Ad-Hoc|ARM.ActiveCfg = Release|Any CPU
		{E3B6B272-42DF-4E07-863C-7FF7876AA09D}.Ad-Hoc|ARM.Build.0 = Release|Any CPU
		{E3B6B272-42DF-4E07-863C-7FF7876AA09D}.Ad-Hoc|ARM.Deploy.0 = Release|Any CPU
		{E3B6B272-42DF-4E07-863C-7FF7876AA09D}.Ad-Hoc|iPhone.ActiveCfg = Release|Any CPU
		{E3B6B272-42DF-4E07-863C-7FF7876AA09D}.Ad-Hoc|iPhone.Build.0 = Release|Any CPU
		{E3B6B272-42DF-4E07-863C-7FF7876AA09D}.Ad-Hoc|iPhone.Deploy.0 = Release|Any CPU
		{E3B6B272-42DF-4E07-863C-7FF7876AA09D}.Ad-Hoc|iPhoneSimulator.ActiveCfg = Release|Any CPU
		{E3B6B272-42DF-4E07-863C-7FF7876AA09D}.Ad-Hoc|iPhoneSimulator.Build.0 = Release|Any CPU
		{E3B6B272-42DF-4E07-863C-7FF7876AA09D}.Ad-Hoc|iPhoneSimulator.Deploy.0 = Release|Any CPU
		{E3B6B272-42DF-4E07-863C-7FF7876AA09D}.Ad-Hoc|x64.ActiveCfg = Release|Any CPU
		{E3B6B272-42DF-4E07-863C-7FF7876AA09D}.Ad-Hoc|x64.Build.0 = Release|Any CPU
		{E3B6B272-42DF-4E07-863C-7FF7876AA09D}.Ad-Hoc|x64.Deploy.0 = Release|Any CPU
		{E3B6B272-42DF-4E07-863C-7FF7876AA09D}.Ad-Hoc|x86.ActiveCfg = Release|Any CPU
		{E3B6B272-42DF-4E07-863C-7FF7876AA09D}.Ad-Hoc|x86.Build.0 = Release|Any CPU
		{E3B6B272-42DF-4E07-863C-7FF7876AA09D}.Ad-Hoc|x86.Deploy.0 = Release|Any CPU
		{E3B6B272-42DF-4E07-863C-7FF7876AA09D}.AppStore|Any CPU.ActiveCfg = Release|Any CPU
		{E3B6B272-42DF-4E07-863C-7FF7876AA09D}.AppStore|Any CPU.Build.0 = Release|Any CPU
		{E3B6B272-42DF-4E07-863C-7FF7876AA09D}.AppStore|Any CPU.Deploy.0 = Release|Any CPU
		{E3B6B272-42DF-4E07-863C-7FF7876AA09D}.AppStore|ARM.ActiveCfg = Release|Any CPU
		{E3B6B272-42DF-4E07-863C-7FF7876AA09D}.AppStore|ARM.Build.0 = Release|Any CPU
		{E3B6B272-42DF-4E07-863C-7FF7876AA09D}.AppStore|ARM.Deploy.0 = Release|Any CPU
		{E3B6B272-42DF-4E07-863C-7FF7876AA09D}.AppStore|iPhone.ActiveCfg = Release|Any CPU
		{E3B6B272-42DF-4E07-863C-7FF7876AA09D}.AppStore|iPhone.Build.0 = Release|Any CPU
		{E3B6B272-42DF-4E07-863C-7FF7876AA09D}.AppStore|iPhone.Deploy.0 = Release|Any CPU
		{E3B6B272-42DF-4E07-863C-7FF7876AA09D}.AppStore|iPhoneSimulator.ActiveCfg = Release|Any CPU
		{E3B6B272-42DF-4E07-863C-7FF7876AA09D}.AppStore|iPhoneSimulator.Build.0 = Release|Any CPU
		{E3B6B272-42DF-4E07-863C-7FF7876AA09D}.AppStore|iPhoneSimulator.Deploy.0 = Release|Any CPU
		{E3B6B272-42DF-4E07-863C-7FF7876AA09D}.AppStore|x64.ActiveCfg = Release|Any CPU
		{E3B6B272-42DF-4E07-863C-7FF7876AA09D}.AppStore|x64.Build.0 = Release|Any CPU
		{E3B6B272-42DF-4E07-863C-7FF7876AA09D}.AppStore|x64.Deploy.0 = Release|Any CPU
		{E3B6B272-42DF-4E07-863C-7FF7876AA09D}.AppStore|x86.ActiveCfg = Release|Any CPU
		{E3B6B272-42DF-4E07-863C-7FF7876AA09D}.AppStore|x86.Build.0 = Release|Any CPU
		{E3B6B272-42DF-4E07-863C-7FF7876AA09D}.AppStore|x86.Deploy.0 = Release|Any CPU
		{E3B6B272-42DF-4E07-863C-7FF7876AA09D}.Debug|Any CPU.ActiveCfg = Debug|Any CPU
		{E3B6B272-42DF-4E07-863C-7FF7876AA09D}.Debug|Any CPU.Build.0 = Debug|Any CPU
		{E3B6B272-42DF-4E07-863C-7FF7876AA09D}.Debug|Any CPU.Deploy.0 = Debug|Any CPU
		{E3B6B272-42DF-4E07-863C-7FF7876AA09D}.Debug|ARM.ActiveCfg = Debug|Any CPU
		{E3B6B272-42DF-4E07-863C-7FF7876AA09D}.Debug|ARM.Build.0 = Debug|Any CPU
		{E3B6B272-42DF-4E07-863C-7FF7876AA09D}.Debug|ARM.Deploy.0 = Debug|Any CPU
		{E3B6B272-42DF-4E07-863C-7FF7876AA09D}.Debug|iPhone.ActiveCfg = Debug|Any CPU
		{E3B6B272-42DF-4E07-863C-7FF7876AA09D}.Debug|iPhone.Build.0 = Debug|Any CPU
		{E3B6B272-42DF-4E07-863C-7FF7876AA09D}.Debug|iPhone.Deploy.0 = Debug|Any CPU
		{E3B6B272-42DF-4E07-863C-7FF7876AA09D}.Debug|iPhoneSimulator.ActiveCfg = Debug|Any CPU
		{E3B6B272-42DF-4E07-863C-7FF7876AA09D}.Debug|iPhoneSimulator.Build.0 = Debug|Any CPU
		{E3B6B272-42DF-4E07-863C-7FF7876AA09D}.Debug|iPhoneSimulator.Deploy.0 = Debug|Any CPU
		{E3B6B272-42DF-4E07-863C-7FF7876AA09D}.Debug|x64.ActiveCfg = Debug|Any CPU
		{E3B6B272-42DF-4E07-863C-7FF7876AA09D}.Debug|x64.Build.0 = Debug|Any CPU
		{E3B6B272-42DF-4E07-863C-7FF7876AA09D}.Debug|x64.Deploy.0 = Debug|Any CPU
		{E3B6B272-42DF-4E07-863C-7FF7876AA09D}.Debug|x86.ActiveCfg = Debug|Any CPU
		{E3B6B272-42DF-4E07-863C-7FF7876AA09D}.Debug|x86.Build.0 = Debug|Any CPU
		{E3B6B272-42DF-4E07-863C-7FF7876AA09D}.Debug|x86.Deploy.0 = Debug|Any CPU
		{E3B6B272-42DF-4E07-863C-7FF7876AA09D}.Release|Any CPU.ActiveCfg = Release|Any CPU
		{E3B6B272-42DF-4E07-863C-7FF7876AA09D}.Release|Any CPU.Build.0 = Release|Any CPU
		{E3B6B272-42DF-4E07-863C-7FF7876AA09D}.Release|Any CPU.Deploy.0 = Release|Any CPU
		{E3B6B272-42DF-4E07-863C-7FF7876AA09D}.Release|ARM.ActiveCfg = Release|Any CPU
		{E3B6B272-42DF-4E07-863C-7FF7876AA09D}.Release|ARM.Build.0 = Release|Any CPU
		{E3B6B272-42DF-4E07-863C-7FF7876AA09D}.Release|ARM.Deploy.0 = Release|Any CPU
		{E3B6B272-42DF-4E07-863C-7FF7876AA09D}.Release|iPhone.ActiveCfg = Release|Any CPU
		{E3B6B272-42DF-4E07-863C-7FF7876AA09D}.Release|iPhone.Build.0 = Release|Any CPU
		{E3B6B272-42DF-4E07-863C-7FF7876AA09D}.Release|iPhone.Deploy.0 = Release|Any CPU
		{E3B6B272-42DF-4E07-863C-7FF7876AA09D}.Release|iPhoneSimulator.ActiveCfg = Release|Any CPU
		{E3B6B272-42DF-4E07-863C-7FF7876AA09D}.Release|iPhoneSimulator.Build.0 = Release|Any CPU
		{E3B6B272-42DF-4E07-863C-7FF7876AA09D}.Release|iPhoneSimulator.Deploy.0 = Release|Any CPU
		{E3B6B272-42DF-4E07-863C-7FF7876AA09D}.Release|x64.ActiveCfg = Release|Any CPU
		{E3B6B272-42DF-4E07-863C-7FF7876AA09D}.Release|x64.Build.0 = Release|Any CPU
		{E3B6B272-42DF-4E07-863C-7FF7876AA09D}.Release|x64.Deploy.0 = Release|Any CPU
		{E3B6B272-42DF-4E07-863C-7FF7876AA09D}.Release|x86.ActiveCfg = Release|Any CPU
		{E3B6B272-42DF-4E07-863C-7FF7876AA09D}.Release|x86.Build.0 = Release|Any CPU
		{E3B6B272-42DF-4E07-863C-7FF7876AA09D}.Release|x86.Deploy.0 = Release|Any CPU
		{A75D4B5D-0DD5-41F2-B070-3E4AD5A505D0}.Ad-Hoc|Any CPU.ActiveCfg = Ad-Hoc|iPhone
		{A75D4B5D-0DD5-41F2-B070-3E4AD5A505D0}.Ad-Hoc|Any CPU.Build.0 = Ad-Hoc|iPhone
		{A75D4B5D-0DD5-41F2-B070-3E4AD5A505D0}.Ad-Hoc|Any CPU.Deploy.0 = Ad-Hoc|iPhone
		{A75D4B5D-0DD5-41F2-B070-3E4AD5A505D0}.Ad-Hoc|ARM.ActiveCfg = Ad-Hoc|iPhone
		{A75D4B5D-0DD5-41F2-B070-3E4AD5A505D0}.Ad-Hoc|ARM.Build.0 = Ad-Hoc|iPhone
		{A75D4B5D-0DD5-41F2-B070-3E4AD5A505D0}.Ad-Hoc|ARM.Deploy.0 = Ad-Hoc|iPhone
		{A75D4B5D-0DD5-41F2-B070-3E4AD5A505D0}.Ad-Hoc|iPhone.ActiveCfg = Ad-Hoc|iPhone
		{A75D4B5D-0DD5-41F2-B070-3E4AD5A505D0}.Ad-Hoc|iPhone.Build.0 = Ad-Hoc|iPhone
		{A75D4B5D-0DD5-41F2-B070-3E4AD5A505D0}.Ad-Hoc|iPhone.Deploy.0 = Ad-Hoc|iPhone
		{A75D4B5D-0DD5-41F2-B070-3E4AD5A505D0}.Ad-Hoc|iPhoneSimulator.ActiveCfg = Ad-Hoc|iPhoneSimulator
		{A75D4B5D-0DD5-41F2-B070-3E4AD5A505D0}.Ad-Hoc|iPhoneSimulator.Build.0 = Ad-Hoc|iPhoneSimulator
		{A75D4B5D-0DD5-41F2-B070-3E4AD5A505D0}.Ad-Hoc|iPhoneSimulator.Deploy.0 = Ad-Hoc|iPhoneSimulator
		{A75D4B5D-0DD5-41F2-B070-3E4AD5A505D0}.Ad-Hoc|x64.ActiveCfg = Ad-Hoc|iPhone
		{A75D4B5D-0DD5-41F2-B070-3E4AD5A505D0}.Ad-Hoc|x64.Build.0 = Ad-Hoc|iPhone
		{A75D4B5D-0DD5-41F2-B070-3E4AD5A505D0}.Ad-Hoc|x64.Deploy.0 = Ad-Hoc|iPhone
		{A75D4B5D-0DD5-41F2-B070-3E4AD5A505D0}.Ad-Hoc|x86.ActiveCfg = Ad-Hoc|iPhone
		{A75D4B5D-0DD5-41F2-B070-3E4AD5A505D0}.Ad-Hoc|x86.Build.0 = Ad-Hoc|iPhone
		{A75D4B5D-0DD5-41F2-B070-3E4AD5A505D0}.Ad-Hoc|x86.Deploy.0 = Ad-Hoc|iPhone
		{A75D4B5D-0DD5-41F2-B070-3E4AD5A505D0}.AppStore|Any CPU.ActiveCfg = AppStore|iPhone
		{A75D4B5D-0DD5-41F2-B070-3E4AD5A505D0}.AppStore|Any CPU.Build.0 = AppStore|iPhone
		{A75D4B5D-0DD5-41F2-B070-3E4AD5A505D0}.AppStore|Any CPU.Deploy.0 = AppStore|iPhone
		{A75D4B5D-0DD5-41F2-B070-3E4AD5A505D0}.AppStore|ARM.ActiveCfg = AppStore|iPhone
		{A75D4B5D-0DD5-41F2-B070-3E4AD5A505D0}.AppStore|ARM.Build.0 = AppStore|iPhone
		{A75D4B5D-0DD5-41F2-B070-3E4AD5A505D0}.AppStore|ARM.Deploy.0 = AppStore|iPhone
		{A75D4B5D-0DD5-41F2-B070-3E4AD5A505D0}.AppStore|iPhone.ActiveCfg = AppStore|iPhone
		{A75D4B5D-0DD5-41F2-B070-3E4AD5A505D0}.AppStore|iPhone.Build.0 = AppStore|iPhone
		{A75D4B5D-0DD5-41F2-B070-3E4AD5A505D0}.AppStore|iPhone.Deploy.0 = AppStore|iPhone
		{A75D4B5D-0DD5-41F2-B070-3E4AD5A505D0}.AppStore|iPhoneSimulator.ActiveCfg = AppStore|iPhoneSimulator
		{A75D4B5D-0DD5-41F2-B070-3E4AD5A505D0}.AppStore|iPhoneSimulator.Build.0 = AppStore|iPhoneSimulator
		{A75D4B5D-0DD5-41F2-B070-3E4AD5A505D0}.AppStore|iPhoneSimulator.Deploy.0 = AppStore|iPhoneSimulator
		{A75D4B5D-0DD5-41F2-B070-3E4AD5A505D0}.AppStore|x64.ActiveCfg = AppStore|iPhone
		{A75D4B5D-0DD5-41F2-B070-3E4AD5A505D0}.AppStore|x64.Build.0 = AppStore|iPhone
		{A75D4B5D-0DD5-41F2-B070-3E4AD5A505D0}.AppStore|x64.Deploy.0 = AppStore|iPhone
		{A75D4B5D-0DD5-41F2-B070-3E4AD5A505D0}.AppStore|x86.ActiveCfg = AppStore|iPhone
		{A75D4B5D-0DD5-41F2-B070-3E4AD5A505D0}.AppStore|x86.Build.0 = AppStore|iPhone
		{A75D4B5D-0DD5-41F2-B070-3E4AD5A505D0}.AppStore|x86.Deploy.0 = AppStore|iPhone
		{A75D4B5D-0DD5-41F2-B070-3E4AD5A505D0}.Debug|Any CPU.ActiveCfg = Debug|iPhoneSimulator
		{A75D4B5D-0DD5-41F2-B070-3E4AD5A505D0}.Debug|Any CPU.Build.0 = Debug|iPhoneSimulator
		{A75D4B5D-0DD5-41F2-B070-3E4AD5A505D0}.Debug|Any CPU.Deploy.0 = Debug|iPhoneSimulator
		{A75D4B5D-0DD5-41F2-B070-3E4AD5A505D0}.Debug|ARM.ActiveCfg = Debug|iPhone
		{A75D4B5D-0DD5-41F2-B070-3E4AD5A505D0}.Debug|ARM.Build.0 = Debug|iPhone
		{A75D4B5D-0DD5-41F2-B070-3E4AD5A505D0}.Debug|ARM.Deploy.0 = Debug|iPhone
		{A75D4B5D-0DD5-41F2-B070-3E4AD5A505D0}.Debug|iPhone.ActiveCfg = Debug|iPhone
		{A75D4B5D-0DD5-41F2-B070-3E4AD5A505D0}.Debug|iPhone.Build.0 = Debug|iPhone
		{A75D4B5D-0DD5-41F2-B070-3E4AD5A505D0}.Debug|iPhone.Deploy.0 = Debug|iPhone
		{A75D4B5D-0DD5-41F2-B070-3E4AD5A505D0}.Debug|iPhoneSimulator.ActiveCfg = Debug|iPhoneSimulator
		{A75D4B5D-0DD5-41F2-B070-3E4AD5A505D0}.Debug|iPhoneSimulator.Build.0 = Debug|iPhoneSimulator
		{A75D4B5D-0DD5-41F2-B070-3E4AD5A505D0}.Debug|iPhoneSimulator.Deploy.0 = Debug|iPhoneSimulator
		{A75D4B5D-0DD5-41F2-B070-3E4AD5A505D0}.Debug|x64.ActiveCfg = Debug|iPhone
		{A75D4B5D-0DD5-41F2-B070-3E4AD5A505D0}.Debug|x64.Build.0 = Debug|iPhone
		{A75D4B5D-0DD5-41F2-B070-3E4AD5A505D0}.Debug|x64.Deploy.0 = Debug|iPhone
		{A75D4B5D-0DD5-41F2-B070-3E4AD5A505D0}.Debug|x86.ActiveCfg = Debug|iPhone
		{A75D4B5D-0DD5-41F2-B070-3E4AD5A505D0}.Debug|x86.Build.0 = Debug|iPhone
		{A75D4B5D-0DD5-41F2-B070-3E4AD5A505D0}.Debug|x86.Deploy.0 = Debug|iPhone
		{A75D4B5D-0DD5-41F2-B070-3E4AD5A505D0}.Release|Any CPU.ActiveCfg = Release|iPhone
		{A75D4B5D-0DD5-41F2-B070-3E4AD5A505D0}.Release|Any CPU.Build.0 = Release|iPhone
		{A75D4B5D-0DD5-41F2-B070-3E4AD5A505D0}.Release|Any CPU.Deploy.0 = Release|iPhone
		{A75D4B5D-0DD5-41F2-B070-3E4AD5A505D0}.Release|ARM.ActiveCfg = Release|iPhone
		{A75D4B5D-0DD5-41F2-B070-3E4AD5A505D0}.Release|ARM.Build.0 = Release|iPhone
		{A75D4B5D-0DD5-41F2-B070-3E4AD5A505D0}.Release|ARM.Deploy.0 = Release|iPhone
		{A75D4B5D-0DD5-41F2-B070-3E4AD5A505D0}.Release|iPhone.ActiveCfg = Release|iPhone
		{A75D4B5D-0DD5-41F2-B070-3E4AD5A505D0}.Release|iPhone.Build.0 = Release|iPhone
		{A75D4B5D-0DD5-41F2-B070-3E4AD5A505D0}.Release|iPhone.Deploy.0 = Release|iPhone
		{A75D4B5D-0DD5-41F2-B070-3E4AD5A505D0}.Release|iPhoneSimulator.ActiveCfg = Release|iPhoneSimulator
		{A75D4B5D-0DD5-41F2-B070-3E4AD5A505D0}.Release|iPhoneSimulator.Build.0 = Release|iPhoneSimulator
		{A75D4B5D-0DD5-41F2-B070-3E4AD5A505D0}.Release|iPhoneSimulator.Deploy.0 = Release|iPhoneSimulator
		{A75D4B5D-0DD5-41F2-B070-3E4AD5A505D0}.Release|x64.ActiveCfg = Release|iPhone
		{A75D4B5D-0DD5-41F2-B070-3E4AD5A505D0}.Release|x64.Build.0 = Release|iPhone
		{A75D4B5D-0DD5-41F2-B070-3E4AD5A505D0}.Release|x64.Deploy.0 = Release|iPhone
		{A75D4B5D-0DD5-41F2-B070-3E4AD5A505D0}.Release|x86.ActiveCfg = Release|iPhone
		{A75D4B5D-0DD5-41F2-B070-3E4AD5A505D0}.Release|x86.Build.0 = Release|iPhone
		{A75D4B5D-0DD5-41F2-B070-3E4AD5A505D0}.Release|x86.Deploy.0 = Release|iPhone
		{3F9EBDF0-2EE5-4975-A737-165E0C303DBB}.Ad-Hoc|Any CPU.ActiveCfg = Release|x86
		{3F9EBDF0-2EE5-4975-A737-165E0C303DBB}.Ad-Hoc|Any CPU.Build.0 = Release|x86
		{3F9EBDF0-2EE5-4975-A737-165E0C303DBB}.Ad-Hoc|Any CPU.Deploy.0 = Release|x86
		{3F9EBDF0-2EE5-4975-A737-165E0C303DBB}.Ad-Hoc|ARM.ActiveCfg = Release|ARM
		{3F9EBDF0-2EE5-4975-A737-165E0C303DBB}.Ad-Hoc|ARM.Build.0 = Release|ARM
		{3F9EBDF0-2EE5-4975-A737-165E0C303DBB}.Ad-Hoc|ARM.Deploy.0 = Release|ARM
		{3F9EBDF0-2EE5-4975-A737-165E0C303DBB}.Ad-Hoc|iPhone.ActiveCfg = Release|x86
		{3F9EBDF0-2EE5-4975-A737-165E0C303DBB}.Ad-Hoc|iPhone.Build.0 = Release|x86
		{3F9EBDF0-2EE5-4975-A737-165E0C303DBB}.Ad-Hoc|iPhone.Deploy.0 = Release|x86
		{3F9EBDF0-2EE5-4975-A737-165E0C303DBB}.Ad-Hoc|iPhoneSimulator.ActiveCfg = Release|x86
		{3F9EBDF0-2EE5-4975-A737-165E0C303DBB}.Ad-Hoc|iPhoneSimulator.Build.0 = Release|x86
		{3F9EBDF0-2EE5-4975-A737-165E0C303DBB}.Ad-Hoc|iPhoneSimulator.Deploy.0 = Release|x86
		{3F9EBDF0-2EE5-4975-A737-165E0C303DBB}.Ad-Hoc|x64.ActiveCfg = Release|x64
		{3F9EBDF0-2EE5-4975-A737-165E0C303DBB}.Ad-Hoc|x64.Build.0 = Release|x64
		{3F9EBDF0-2EE5-4975-A737-165E0C303DBB}.Ad-Hoc|x64.Deploy.0 = Release|x64
		{3F9EBDF0-2EE5-4975-A737-165E0C303DBB}.Ad-Hoc|x86.ActiveCfg = Release|x86
		{3F9EBDF0-2EE5-4975-A737-165E0C303DBB}.Ad-Hoc|x86.Build.0 = Release|x86
		{3F9EBDF0-2EE5-4975-A737-165E0C303DBB}.Ad-Hoc|x86.Deploy.0 = Release|x86
		{3F9EBDF0-2EE5-4975-A737-165E0C303DBB}.AppStore|Any CPU.ActiveCfg = Release|x86
		{3F9EBDF0-2EE5-4975-A737-165E0C303DBB}.AppStore|Any CPU.Build.0 = Release|x86
		{3F9EBDF0-2EE5-4975-A737-165E0C303DBB}.AppStore|Any CPU.Deploy.0 = Release|x86
		{3F9EBDF0-2EE5-4975-A737-165E0C303DBB}.AppStore|ARM.ActiveCfg = Release|ARM
		{3F9EBDF0-2EE5-4975-A737-165E0C303DBB}.AppStore|ARM.Build.0 = Release|ARM
		{3F9EBDF0-2EE5-4975-A737-165E0C303DBB}.AppStore|ARM.Deploy.0 = Release|ARM
		{3F9EBDF0-2EE5-4975-A737-165E0C303DBB}.AppStore|iPhone.ActiveCfg = Release|x86
		{3F9EBDF0-2EE5-4975-A737-165E0C303DBB}.AppStore|iPhone.Build.0 = Release|x86
		{3F9EBDF0-2EE5-4975-A737-165E0C303DBB}.AppStore|iPhone.Deploy.0 = Release|x86
		{3F9EBDF0-2EE5-4975-A737-165E0C303DBB}.AppStore|iPhoneSimulator.ActiveCfg = Release|x86
		{3F9EBDF0-2EE5-4975-A737-165E0C303DBB}.AppStore|iPhoneSimulator.Build.0 = Release|x86
		{3F9EBDF0-2EE5-4975-A737-165E0C303DBB}.AppStore|iPhoneSimulator.Deploy.0 = Release|x86
		{3F9EBDF0-2EE5-4975-A737-165E0C303DBB}.AppStore|x64.ActiveCfg = Release|x64
		{3F9EBDF0-2EE5-4975-A737-165E0C303DBB}.AppStore|x64.Build.0 = Release|x64
		{3F9EBDF0-2EE5-4975-A737-165E0C303DBB}.AppStore|x64.Deploy.0 = Release|x64
		{3F9EBDF0-2EE5-4975-A737-165E0C303DBB}.AppStore|x86.ActiveCfg = Release|x86
		{3F9EBDF0-2EE5-4975-A737-165E0C303DBB}.AppStore|x86.Build.0 = Release|x86
		{3F9EBDF0-2EE5-4975-A737-165E0C303DBB}.AppStore|x86.Deploy.0 = Release|x86
		{3F9EBDF0-2EE5-4975-A737-165E0C303DBB}.Debug|Any CPU.ActiveCfg = Debug|x86
		{3F9EBDF0-2EE5-4975-A737-165E0C303DBB}.Debug|Any CPU.Build.0 = Debug|x86
		{3F9EBDF0-2EE5-4975-A737-165E0C303DBB}.Debug|Any CPU.Deploy.0 = Debug|x86
		{3F9EBDF0-2EE5-4975-A737-165E0C303DBB}.Debug|ARM.ActiveCfg = Debug|ARM
		{3F9EBDF0-2EE5-4975-A737-165E0C303DBB}.Debug|ARM.Build.0 = Debug|ARM
		{3F9EBDF0-2EE5-4975-A737-165E0C303DBB}.Debug|ARM.Deploy.0 = Debug|ARM
		{3F9EBDF0-2EE5-4975-A737-165E0C303DBB}.Debug|iPhone.ActiveCfg = Debug|x86
		{3F9EBDF0-2EE5-4975-A737-165E0C303DBB}.Debug|iPhone.Build.0 = Debug|x86
		{3F9EBDF0-2EE5-4975-A737-165E0C303DBB}.Debug|iPhone.Deploy.0 = Debug|x86
		{3F9EBDF0-2EE5-4975-A737-165E0C303DBB}.Debug|iPhoneSimulator.ActiveCfg = Debug|x86
		{3F9EBDF0-2EE5-4975-A737-165E0C303DBB}.Debug|iPhoneSimulator.Build.0 = Debug|x86
		{3F9EBDF0-2EE5-4975-A737-165E0C303DBB}.Debug|iPhoneSimulator.Deploy.0 = Debug|x86
		{3F9EBDF0-2EE5-4975-A737-165E0C303DBB}.Debug|x64.ActiveCfg = Debug|x64
		{3F9EBDF0-2EE5-4975-A737-165E0C303DBB}.Debug|x64.Build.0 = Debug|x64
		{3F9EBDF0-2EE5-4975-A737-165E0C303DBB}.Debug|x64.Deploy.0 = Debug|x64
		{3F9EBDF0-2EE5-4975-A737-165E0C303DBB}.Debug|x86.ActiveCfg = Debug|x86
		{3F9EBDF0-2EE5-4975-A737-165E0C303DBB}.Debug|x86.Build.0 = Debug|x86
		{3F9EBDF0-2EE5-4975-A737-165E0C303DBB}.Debug|x86.Deploy.0 = Debug|x86
		{3F9EBDF0-2EE5-4975-A737-165E0C303DBB}.Release|Any CPU.ActiveCfg = Release|x86
		{3F9EBDF0-2EE5-4975-A737-165E0C303DBB}.Release|Any CPU.Build.0 = Release|x86
		{3F9EBDF0-2EE5-4975-A737-165E0C303DBB}.Release|Any CPU.Deploy.0 = Release|x86
		{3F9EBDF0-2EE5-4975-A737-165E0C303DBB}.Release|ARM.ActiveCfg = Release|ARM
		{3F9EBDF0-2EE5-4975-A737-165E0C303DBB}.Release|ARM.Build.0 = Release|ARM
		{3F9EBDF0-2EE5-4975-A737-165E0C303DBB}.Release|ARM.Deploy.0 = Release|ARM
		{3F9EBDF0-2EE5-4975-A737-165E0C303DBB}.Release|iPhone.ActiveCfg = Release|x86
		{3F9EBDF0-2EE5-4975-A737-165E0C303DBB}.Release|iPhone.Build.0 = Release|x86
		{3F9EBDF0-2EE5-4975-A737-165E0C303DBB}.Release|iPhone.Deploy.0 = Release|x86
		{3F9EBDF0-2EE5-4975-A737-165E0C303DBB}.Release|iPhoneSimulator.ActiveCfg = Release|x86
		{3F9EBDF0-2EE5-4975-A737-165E0C303DBB}.Release|iPhoneSimulator.Build.0 = Release|x86
		{3F9EBDF0-2EE5-4975-A737-165E0C303DBB}.Release|iPhoneSimulator.Deploy.0 = Release|x86
		{3F9EBDF0-2EE5-4975-A737-165E0C303DBB}.Release|x64.ActiveCfg = Release|x64
		{3F9EBDF0-2EE5-4975-A737-165E0C303DBB}.Release|x64.Build.0 = Release|x64
		{3F9EBDF0-2EE5-4975-A737-165E0C303DBB}.Release|x64.Deploy.0 = Release|x64
		{3F9EBDF0-2EE5-4975-A737-165E0C303DBB}.Release|x86.ActiveCfg = Release|x86
		{3F9EBDF0-2EE5-4975-A737-165E0C303DBB}.Release|x86.Build.0 = Release|x86
		{3F9EBDF0-2EE5-4975-A737-165E0C303DBB}.Release|x86.Deploy.0 = Release|x86
		{8C08E790-5633-4426-BD49-3A02BCB6450D}.Ad-Hoc|Any CPU.ActiveCfg = Debug|Any CPU
		{8C08E790-5633-4426-BD49-3A02BCB6450D}.Ad-Hoc|Any CPU.Build.0 = Debug|Any CPU
		{8C08E790-5633-4426-BD49-3A02BCB6450D}.Ad-Hoc|Any CPU.Deploy.0 = Debug|Any CPU
		{8C08E790-5633-4426-BD49-3A02BCB6450D}.Ad-Hoc|ARM.ActiveCfg = Debug|Any CPU
		{8C08E790-5633-4426-BD49-3A02BCB6450D}.Ad-Hoc|ARM.Build.0 = Debug|Any CPU
		{8C08E790-5633-4426-BD49-3A02BCB6450D}.Ad-Hoc|ARM.Deploy.0 = Debug|Any CPU
		{8C08E790-5633-4426-BD49-3A02BCB6450D}.Ad-Hoc|iPhone.ActiveCfg = Debug|Any CPU
		{8C08E790-5633-4426-BD49-3A02BCB6450D}.Ad-Hoc|iPhone.Build.0 = Debug|Any CPU
		{8C08E790-5633-4426-BD49-3A02BCB6450D}.Ad-Hoc|iPhone.Deploy.0 = Debug|Any CPU
		{8C08E790-5633-4426-BD49-3A02BCB6450D}.Ad-Hoc|iPhoneSimulator.ActiveCfg = Debug|Any CPU
		{8C08E790-5633-4426-BD49-3A02BCB6450D}.Ad-Hoc|iPhoneSimulator.Build.0 = Debug|Any CPU
		{8C08E790-5633-4426-BD49-3A02BCB6450D}.Ad-Hoc|iPhoneSimulator.Deploy.0 = Debug|Any CPU
		{8C08E790-5633-4426-BD49-3A02BCB6450D}.Ad-Hoc|x64.ActiveCfg = Debug|Any CPU
		{8C08E790-5633-4426-BD49-3A02BCB6450D}.Ad-Hoc|x64.Build.0 = Debug|Any CPU
		{8C08E790-5633-4426-BD49-3A02BCB6450D}.Ad-Hoc|x64.Deploy.0 = Debug|Any CPU
		{8C08E790-5633-4426-BD49-3A02BCB6450D}.Ad-Hoc|x86.ActiveCfg = Debug|Any CPU
		{8C08E790-5633-4426-BD49-3A02BCB6450D}.Ad-Hoc|x86.Build.0 = Debug|Any CPU
		{8C08E790-5633-4426-BD49-3A02BCB6450D}.Ad-Hoc|x86.Deploy.0 = Debug|Any CPU
		{8C08E790-5633-4426-BD49-3A02BCB6450D}.AppStore|Any CPU.ActiveCfg = Debug|Any CPU
		{8C08E790-5633-4426-BD49-3A02BCB6450D}.AppStore|Any CPU.Build.0 = Debug|Any CPU
		{8C08E790-5633-4426-BD49-3A02BCB6450D}.AppStore|Any CPU.Deploy.0 = Debug|Any CPU
		{8C08E790-5633-4426-BD49-3A02BCB6450D}.AppStore|ARM.ActiveCfg = Debug|Any CPU
		{8C08E790-5633-4426-BD49-3A02BCB6450D}.AppStore|ARM.Build.0 = Debug|Any CPU
		{8C08E790-5633-4426-BD49-3A02BCB6450D}.AppStore|ARM.Deploy.0 = Debug|Any CPU
		{8C08E790-5633-4426-BD49-3A02BCB6450D}.AppStore|iPhone.ActiveCfg = Debug|Any CPU
		{8C08E790-5633-4426-BD49-3A02BCB6450D}.AppStore|iPhone.Build.0 = Debug|Any CPU
		{8C08E790-5633-4426-BD49-3A02BCB6450D}.AppStore|iPhone.Deploy.0 = Debug|Any CPU
		{8C08E790-5633-4426-BD49-3A02BCB6450D}.AppStore|iPhoneSimulator.ActiveCfg = Debug|Any CPU
		{8C08E790-5633-4426-BD49-3A02BCB6450D}.AppStore|iPhoneSimulator.Build.0 = Debug|Any CPU
		{8C08E790-5633-4426-BD49-3A02BCB6450D}.AppStore|iPhoneSimulator.Deploy.0 = Debug|Any CPU
		{8C08E790-5633-4426-BD49-3A02BCB6450D}.AppStore|x64.ActiveCfg = Debug|Any CPU
		{8C08E790-5633-4426-BD49-3A02BCB6450D}.AppStore|x64.Build.0 = Debug|Any CPU
		{8C08E790-5633-4426-BD49-3A02BCB6450D}.AppStore|x64.Deploy.0 = Debug|Any CPU
		{8C08E790-5633-4426-BD49-3A02BCB6450D}.AppStore|x86.ActiveCfg = Debug|Any CPU
		{8C08E790-5633-4426-BD49-3A02BCB6450D}.AppStore|x86.Build.0 = Debug|Any CPU
		{8C08E790-5633-4426-BD49-3A02BCB6450D}.AppStore|x86.Deploy.0 = Debug|Any CPU
		{8C08E790-5633-4426-BD49-3A02BCB6450D}.Debug|Any CPU.ActiveCfg = Debug|Any CPU
		{8C08E790-5633-4426-BD49-3A02BCB6450D}.Debug|Any CPU.Build.0 = Debug|Any CPU
		{8C08E790-5633-4426-BD49-3A02BCB6450D}.Debug|Any CPU.Deploy.0 = Debug|Any CPU
		{8C08E790-5633-4426-BD49-3A02BCB6450D}.Debug|ARM.ActiveCfg = Debug|Any CPU
		{8C08E790-5633-4426-BD49-3A02BCB6450D}.Debug|ARM.Build.0 = Debug|Any CPU
		{8C08E790-5633-4426-BD49-3A02BCB6450D}.Debug|ARM.Deploy.0 = Debug|Any CPU
		{8C08E790-5633-4426-BD49-3A02BCB6450D}.Debug|iPhone.ActiveCfg = Debug|Any CPU
		{8C08E790-5633-4426-BD49-3A02BCB6450D}.Debug|iPhone.Build.0 = Debug|Any CPU
		{8C08E790-5633-4426-BD49-3A02BCB6450D}.Debug|iPhone.Deploy.0 = Debug|Any CPU
		{8C08E790-5633-4426-BD49-3A02BCB6450D}.Debug|iPhoneSimulator.ActiveCfg = Debug|Any CPU
		{8C08E790-5633-4426-BD49-3A02BCB6450D}.Debug|iPhoneSimulator.Build.0 = Debug|Any CPU
		{8C08E790-5633-4426-BD49-3A02BCB6450D}.Debug|iPhoneSimulator.Deploy.0 = Debug|Any CPU
		{8C08E790-5633-4426-BD49-3A02BCB6450D}.Debug|x64.ActiveCfg = Debug|Any CPU
		{8C08E790-5633-4426-BD49-3A02BCB6450D}.Debug|x64.Build.0 = Debug|Any CPU
		{8C08E790-5633-4426-BD49-3A02BCB6450D}.Debug|x64.Deploy.0 = Debug|Any CPU
		{8C08E790-5633-4426-BD49-3A02BCB6450D}.Debug|x86.ActiveCfg = Debug|Any CPU
		{8C08E790-5633-4426-BD49-3A02BCB6450D}.Debug|x86.Build.0 = Debug|Any CPU
		{8C08E790-5633-4426-BD49-3A02BCB6450D}.Debug|x86.Deploy.0 = Debug|Any CPU
		{8C08E790-5633-4426-BD49-3A02BCB6450D}.Release|Any CPU.ActiveCfg = Release|Any CPU
		{8C08E790-5633-4426-BD49-3A02BCB6450D}.Release|Any CPU.Build.0 = Release|Any CPU
		{8C08E790-5633-4426-BD49-3A02BCB6450D}.Release|Any CPU.Deploy.0 = Release|Any CPU
		{8C08E790-5633-4426-BD49-3A02BCB6450D}.Release|ARM.ActiveCfg = Release|Any CPU
		{8C08E790-5633-4426-BD49-3A02BCB6450D}.Release|ARM.Build.0 = Release|Any CPU
		{8C08E790-5633-4426-BD49-3A02BCB6450D}.Release|ARM.Deploy.0 = Release|Any CPU
		{8C08E790-5633-4426-BD49-3A02BCB6450D}.Release|iPhone.ActiveCfg = Release|Any CPU
		{8C08E790-5633-4426-BD49-3A02BCB6450D}.Release|iPhone.Build.0 = Release|Any CPU
		{8C08E790-5633-4426-BD49-3A02BCB6450D}.Release|iPhone.Deploy.0 = Release|Any CPU
		{8C08E790-5633-4426-BD49-3A02BCB6450D}.Release|iPhoneSimulator.ActiveCfg = Release|Any CPU
		{8C08E790-5633-4426-BD49-3A02BCB6450D}.Release|iPhoneSimulator.Build.0 = Release|Any CPU
		{8C08E790-5633-4426-BD49-3A02BCB6450D}.Release|iPhoneSimulator.Deploy.0 = Release|Any CPU
		{8C08E790-5633-4426-BD49-3A02BCB6450D}.Release|x64.ActiveCfg = Release|Any CPU
		{8C08E790-5633-4426-BD49-3A02BCB6450D}.Release|x64.Build.0 = Release|Any CPU
		{8C08E790-5633-4426-BD49-3A02BCB6450D}.Release|x64.Deploy.0 = Release|Any CPU
		{8C08E790-5633-4426-BD49-3A02BCB6450D}.Release|x86.ActiveCfg = Release|Any CPU
		{8C08E790-5633-4426-BD49-3A02BCB6450D}.Release|x86.Build.0 = Release|Any CPU
		{8C08E790-5633-4426-BD49-3A02BCB6450D}.Release|x86.Deploy.0 = Release|Any CPU
	EndGlobalSection
	GlobalSection(SolutionProperties) = preSolution
		HideSolutionNode = FALSE
	EndGlobalSection
	GlobalSection(ExtensibilityGlobals) = postSolution
		SolutionGuid = {7C859D02-E9B1-41D8-88AC-7794431BD947}
	EndGlobalSection
EndGlobal
