
Microsoft Visual Studio Solution File, Format Version 12.00
# Visual Studio 15
VisualStudioVersion = 15.0.28307.438
MinimumVisualStudioVersion = 10.0.40219.1
Project("{FAE04EC0-301F-11D3-BF4B-00C04F79EFBC}") = "App2_TarefaNew.Android", "App2_TarefaNew\App2_TarefaNew.Android\App2_TarefaNew.Android.csproj", "{32B57F30-5F7F-4472-94D6-D4CD660AC99D}"
EndProject
Project("{FAE04EC0-301F-11D3-BF4B-00C04F79EFBC}") = "App2_TarefaNew.iOS", "App2_TarefaNew\App2_TarefaNew.iOS\App2_TarefaNew.iOS.csproj", "{F8A1C0BA-915E-4C23-AFAC-701244685F56}"
EndProject
Project("{FAE04EC0-301F-11D3-BF4B-00C04F79EFBC}") = "App2_TarefaNew.UWP", "App2_TarefaNew\App2_TarefaNew.UWP\App2_TarefaNew.UWP.csproj", "{19BD96DB-CDBD-4FA5-9105-E1C68BEF3782}"
EndProject
Project("{FAE04EC0-301F-11D3-BF4B-00C04F79EFBC}") = "App2_TarefaNew", "App2_TarefaNew\App2_TarefaNew\App2_TarefaNew.csproj", "{F6B793CA-D513-49AB-B42A-4FE56A463B0E}"
EndProject
Global
	GlobalSection(SolutionConfigurationPlatforms) = preSolution
		Ad-Hoc|Any CPU = Ad-Hoc|Any CPU
		Ad-Hoc|ARM = Ad-Hoc|ARM
		Ad-Hoc|iPhone = Ad-Hoc|iPhone
		Ad-Hoc|iPhoneSimulator = Ad-Hoc|iPhoneSimulator
		Ad-Hoc|x64 = Ad-Hoc|x64
		Ad-Hoc|x86 = Ad-Hoc|x86
		AppStore|Any CPU = AppStore|Any CPU
		AppStore|ARM = AppStore|ARM
		AppStore|iPhone = AppStore|iPhone
		AppStore|iPhoneSimulator = AppStore|iPhoneSimulator
		AppStore|x64 = AppStore|x64
		AppStore|x86 = AppStore|x86
		Debug|Any CPU = Debug|Any CPU
		Debug|ARM = Debug|ARM
		Debug|iPhone = Debug|iPhone
		Debug|iPhoneSimulator = Debug|iPhoneSimulator
		Debug|x64 = Debug|x64
		Debug|x86 = Debug|x86
		Release|Any CPU = Release|Any CPU
		Release|ARM = Release|ARM
		Release|iPhone = Release|iPhone
		Release|iPhoneSimulator = Release|iPhoneSimulator
		Release|x64 = Release|x64
		Release|x86 = Release|x86
	EndGlobalSection
	GlobalSection(ProjectConfigurationPlatforms) = postSolution
		{32B57F30-5F7F-4472-94D6-D4CD660AC99D}.Ad-Hoc|Any CPU.ActiveCfg = Release|Any CPU
		{32B57F30-5F7F-4472-94D6-D4CD660AC99D}.Ad-Hoc|Any CPU.Build.0 = Release|Any CPU
		{32B57F30-5F7F-4472-94D6-D4CD660AC99D}.Ad-Hoc|Any CPU.Deploy.0 = Release|Any CPU
		{32B57F30-5F7F-4472-94D6-D4CD660AC99D}.Ad-Hoc|ARM.ActiveCfg = Release|Any CPU
		{32B57F30-5F7F-4472-94D6-D4CD660AC99D}.Ad-Hoc|ARM.Build.0 = Release|Any CPU
		{32B57F30-5F7F-4472-94D6-D4CD660AC99D}.Ad-Hoc|ARM.Deploy.0 = Release|Any CPU
		{32B57F30-5F7F-4472-94D6-D4CD660AC99D}.Ad-Hoc|iPhone.ActiveCfg = Release|Any CPU
		{32B57F30-5F7F-4472-94D6-D4CD660AC99D}.Ad-Hoc|iPhone.Build.0 = Release|Any CPU
		{32B57F30-5F7F-4472-94D6-D4CD660AC99D}.Ad-Hoc|iPhone.Deploy.0 = Release|Any CPU
		{32B57F30-5F7F-4472-94D6-D4CD660AC99D}.Ad-Hoc|iPhoneSimulator.ActiveCfg = Release|Any CPU
		{32B57F30-5F7F-4472-94D6-D4CD660AC99D}.Ad-Hoc|iPhoneSimulator.Build.0 = Release|Any CPU
		{32B57F30-5F7F-4472-94D6-D4CD660AC99D}.Ad-Hoc|iPhoneSimulator.Deploy.0 = Release|Any CPU
		{32B57F30-5F7F-4472-94D6-D4CD660AC99D}.Ad-Hoc|x64.ActiveCfg = Release|Any CPU
		{32B57F30-5F7F-4472-94D6-D4CD660AC99D}.Ad-Hoc|x64.Build.0 = Release|Any CPU
		{32B57F30-5F7F-4472-94D6-D4CD660AC99D}.Ad-Hoc|x64.Deploy.0 = Release|Any CPU
		{32B57F30-5F7F-4472-94D6-D4CD660AC99D}.Ad-Hoc|x86.ActiveCfg = Release|Any CPU
		{32B57F30-5F7F-4472-94D6-D4CD660AC99D}.Ad-Hoc|x86.Build.0 = Release|Any CPU
		{32B57F30-5F7F-4472-94D6-D4CD660AC99D}.Ad-Hoc|x86.Deploy.0 = Release|Any CPU
		{32B57F30-5F7F-4472-94D6-D4CD660AC99D}.AppStore|Any CPU.ActiveCfg = Release|Any CPU
		{32B57F30-5F7F-4472-94D6-D4CD660AC99D}.AppStore|Any CPU.Build.0 = Release|Any CPU
		{32B57F30-5F7F-4472-94D6-D4CD660AC99D}.AppStore|Any CPU.Deploy.0 = Release|Any CPU
		{32B57F30-5F7F-4472-94D6-D4CD660AC99D}.AppStore|ARM.ActiveCfg = Release|Any CPU
		{32B57F30-5F7F-4472-94D6-D4CD660AC99D}.AppStore|ARM.Build.0 = Release|Any CPU
		{32B57F30-5F7F-4472-94D6-D4CD660AC99D}.AppStore|ARM.Deploy.0 = Release|Any CPU
		{32B57F30-5F7F-4472-94D6-D4CD660AC99D}.AppStore|iPhone.ActiveCfg = Release|Any CPU
		{32B57F30-5F7F-4472-94D6-D4CD660AC99D}.AppStore|iPhone.Build.0 = Release|Any CPU
		{32B57F30-5F7F-4472-94D6-D4CD660AC99D}.AppStore|iPhone.Deploy.0 = Release|Any CPU
		{32B57F30-5F7F-4472-94D6-D4CD660AC99D}.AppStore|iPhoneSimulator.ActiveCfg = Release|Any CPU
		{32B57F30-5F7F-4472-94D6-D4CD660AC99D}.AppStore|iPhoneSimulator.Build.0 = Release|Any CPU
		{32B57F30-5F7F-4472-94D6-D4CD660AC99D}.AppStore|iPhoneSimulator.Deploy.0 = Release|Any CPU
		{32B57F30-5F7F-4472-94D6-D4CD660AC99D}.AppStore|x64.ActiveCfg = Release|Any CPU
		{32B57F30-5F7F-4472-94D6-D4CD660AC99D}.AppStore|x64.Build.0 = Release|Any CPU
		{32B57F30-5F7F-4472-94D6-D4CD660AC99D}.AppStore|x64.Deploy.0 = Release|Any CPU
		{32B57F30-5F7F-4472-94D6-D4CD660AC99D}.AppStore|x86.ActiveCfg = Release|Any CPU
		{32B57F30-5F7F-4472-94D6-D4CD660AC99D}.AppStore|x86.Build.0 = Release|Any CPU
		{32B57F30-5F7F-4472-94D6-D4CD660AC99D}.AppStore|x86.Deploy.0 = Release|Any CPU
		{32B57F30-5F7F-4472-94D6-D4CD660AC99D}.Debug|Any CPU.ActiveCfg = Debug|Any CPU
		{32B57F30-5F7F-4472-94D6-D4CD660AC99D}.Debug|Any CPU.Build.0 = Debug|Any CPU
		{32B57F30-5F7F-4472-94D6-D4CD660AC99D}.Debug|Any CPU.Deploy.0 = Debug|Any CPU
		{32B57F30-5F7F-4472-94D6-D4CD660AC99D}.Debug|ARM.ActiveCfg = Debug|Any CPU
		{32B57F30-5F7F-4472-94D6-D4CD660AC99D}.Debug|ARM.Build.0 = Debug|Any CPU
		{32B57F30-5F7F-4472-94D6-D4CD660AC99D}.Debug|ARM.Deploy.0 = Debug|Any CPU
		{32B57F30-5F7F-4472-94D6-D4CD660AC99D}.Debug|iPhone.ActiveCfg = Debug|Any CPU
		{32B57F30-5F7F-4472-94D6-D4CD660AC99D}.Debug|iPhone.Build.0 = Debug|Any CPU
		{32B57F30-5F7F-4472-94D6-D4CD660AC99D}.Debug|iPhone.Deploy.0 = Debug|Any CPU
		{32B57F30-5F7F-4472-94D6-D4CD660AC99D}.Debug|iPhoneSimulator.ActiveCfg = Debug|Any CPU
		{32B57F30-5F7F-4472-94D6-D4CD660AC99D}.Debug|iPhoneSimulator.Build.0 = Debug|Any CPU
		{32B57F30-5F7F-4472-94D6-D4CD660AC99D}.Debug|iPhoneSimulator.Deploy.0 = Debug|Any CPU
		{32B57F30-5F7F-4472-94D6-D4CD660AC99D}.Debug|x64.ActiveCfg = Debug|Any CPU
		{32B57F30-5F7F-4472-94D6-D4CD660AC99D}.Debug|x64.Build.0 = Debug|Any CPU
		{32B57F30-5F7F-4472-94D6-D4CD660AC99D}.Debug|x64.Deploy.0 = Debug|Any CPU
		{32B57F30-5F7F-4472-94D6-D4CD660AC99D}.Debug|x86.ActiveCfg = Debug|Any CPU
		{32B57F30-5F7F-4472-94D6-D4CD660AC99D}.Debug|x86.Build.0 = Debug|Any CPU
		{32B57F30-5F7F-4472-94D6-D4CD660AC99D}.Debug|x86.Deploy.0 = Debug|Any CPU
		{32B57F30-5F7F-4472-94D6-D4CD660AC99D}.Release|Any CPU.ActiveCfg = Release|Any CPU
		{32B57F30-5F7F-4472-94D6-D4CD660AC99D}.Release|Any CPU.Build.0 = Release|Any CPU
		{32B57F30-5F7F-4472-94D6-D4CD660AC99D}.Release|Any CPU.Deploy.0 = Release|Any CPU
		{32B57F30-5F7F-4472-94D6-D4CD660AC99D}.Release|ARM.ActiveCfg = Release|Any CPU
		{32B57F30-5F7F-4472-94D6-D4CD660AC99D}.Release|ARM.Build.0 = Release|Any CPU
		{32B57F30-5F7F-4472-94D6-D4CD660AC99D}.Release|ARM.Deploy.0 = Release|Any CPU
		{32B57F30-5F7F-4472-94D6-D4CD660AC99D}.Release|iPhone.ActiveCfg = Release|Any CPU
		{32B57F30-5F7F-4472-94D6-D4CD660AC99D}.Release|iPhone.Build.0 = Release|Any CPU
		{32B57F30-5F7F-4472-94D6-D4CD660AC99D}.Release|iPhone.Deploy.0 = Release|Any CPU
		{32B57F30-5F7F-4472-94D6-D4CD660AC99D}.Release|iPhoneSimulator.ActiveCfg = Release|Any CPU
		{32B57F30-5F7F-4472-94D6-D4CD660AC99D}.Release|iPhoneSimulator.Build.0 = Release|Any CPU
		{32B57F30-5F7F-4472-94D6-D4CD660AC99D}.Release|iPhoneSimulator.Deploy.0 = Release|Any CPU
		{32B57F30-5F7F-4472-94D6-D4CD660AC99D}.Release|x64.ActiveCfg = Release|Any CPU
		{32B57F30-5F7F-4472-94D6-D4CD660AC99D}.Release|x64.Build.0 = Release|Any CPU
		{32B57F30-5F7F-4472-94D6-D4CD660AC99D}.Release|x64.Deploy.0 = Release|Any CPU
		{32B57F30-5F7F-4472-94D6-D4CD660AC99D}.Release|x86.ActiveCfg = Release|Any CPU
		{32B57F30-5F7F-4472-94D6-D4CD660AC99D}.Release|x86.Build.0 = Release|Any CPU
		{32B57F30-5F7F-4472-94D6-D4CD660AC99D}.Release|x86.Deploy.0 = Release|Any CPU
		{F8A1C0BA-915E-4C23-AFAC-701244685F56}.Ad-Hoc|Any CPU.ActiveCfg = Ad-Hoc|iPhone
		{F8A1C0BA-915E-4C23-AFAC-701244685F56}.Ad-Hoc|Any CPU.Build.0 = Ad-Hoc|iPhone
		{F8A1C0BA-915E-4C23-AFAC-701244685F56}.Ad-Hoc|Any CPU.Deploy.0 = Ad-Hoc|iPhone
		{F8A1C0BA-915E-4C23-AFAC-701244685F56}.Ad-Hoc|ARM.ActiveCfg = Ad-Hoc|iPhone
		{F8A1C0BA-915E-4C23-AFAC-701244685F56}.Ad-Hoc|ARM.Build.0 = Ad-Hoc|iPhone
		{F8A1C0BA-915E-4C23-AFAC-701244685F56}.Ad-Hoc|ARM.Deploy.0 = Ad-Hoc|iPhone
		{F8A1C0BA-915E-4C23-AFAC-701244685F56}.Ad-Hoc|iPhone.ActiveCfg = Ad-Hoc|iPhone
		{F8A1C0BA-915E-4C23-AFAC-701244685F56}.Ad-Hoc|iPhone.Build.0 = Ad-Hoc|iPhone
		{F8A1C0BA-915E-4C23-AFAC-701244685F56}.Ad-Hoc|iPhone.Deploy.0 = Ad-Hoc|iPhone
		{F8A1C0BA-915E-4C23-AFAC-701244685F56}.Ad-Hoc|iPhoneSimulator.ActiveCfg = Ad-Hoc|iPhoneSimulator
		{F8A1C0BA-915E-4C23-AFAC-701244685F56}.Ad-Hoc|iPhoneSimulator.Build.0 = Ad-Hoc|iPhoneSimulator
		{F8A1C0BA-915E-4C23-AFAC-701244685F56}.Ad-Hoc|iPhoneSimulator.Deploy.0 = Ad-Hoc|iPhoneSimulator
		{F8A1C0BA-915E-4C23-AFAC-701244685F56}.Ad-Hoc|x64.ActiveCfg = Ad-Hoc|iPhone
		{F8A1C0BA-915E-4C23-AFAC-701244685F56}.Ad-Hoc|x64.Build.0 = Ad-Hoc|iPhone
		{F8A1C0BA-915E-4C23-AFAC-701244685F56}.Ad-Hoc|x64.Deploy.0 = Ad-Hoc|iPhone
		{F8A1C0BA-915E-4C23-AFAC-701244685F56}.Ad-Hoc|x86.ActiveCfg = Ad-Hoc|iPhone
		{F8A1C0BA-915E-4C23-AFAC-701244685F56}.Ad-Hoc|x86.Build.0 = Ad-Hoc|iPhone
		{F8A1C0BA-915E-4C23-AFAC-701244685F56}.Ad-Hoc|x86.Deploy.0 = Ad-Hoc|iPhone
		{F8A1C0BA-915E-4C23-AFAC-701244685F56}.AppStore|Any CPU.ActiveCfg = AppStore|iPhone
		{F8A1C0BA-915E-4C23-AFAC-701244685F56}.AppStore|Any CPU.Build.0 = AppStore|iPhone
		{F8A1C0BA-915E-4C23-AFAC-701244685F56}.AppStore|Any CPU.Deploy.0 = AppStore|iPhone
		{F8A1C0BA-915E-4C23-AFAC-701244685F56}.AppStore|ARM.ActiveCfg = AppStore|iPhone
		{F8A1C0BA-915E-4C23-AFAC-701244685F56}.AppStore|ARM.Build.0 = AppStore|iPhone
		{F8A1C0BA-915E-4C23-AFAC-701244685F56}.AppStore|ARM.Deploy.0 = AppStore|iPhone
		{F8A1C0BA-915E-4C23-AFAC-701244685F56}.AppStore|iPhone.ActiveCfg = AppStore|iPhone
		{F8A1C0BA-915E-4C23-AFAC-701244685F56}.AppStore|iPhone.Build.0 = AppStore|iPhone
		{F8A1C0BA-915E-4C23-AFAC-701244685F56}.AppStore|iPhone.Deploy.0 = AppStore|iPhone
		{F8A1C0BA-915E-4C23-AFAC-701244685F56}.AppStore|iPhoneSimulator.ActiveCfg = AppStore|iPhoneSimulator
		{F8A1C0BA-915E-4C23-AFAC-701244685F56}.AppStore|iPhoneSimulator.Build.0 = AppStore|iPhoneSimulator
		{F8A1C0BA-915E-4C23-AFAC-701244685F56}.AppStore|iPhoneSimulator.Deploy.0 = AppStore|iPhoneSimulator
		{F8A1C0BA-915E-4C23-AFAC-701244685F56}.AppStore|x64.ActiveCfg = AppStore|iPhone
		{F8A1C0BA-915E-4C23-AFAC-701244685F56}.AppStore|x64.Build.0 = AppStore|iPhone
		{F8A1C0BA-915E-4C23-AFAC-701244685F56}.AppStore|x64.Deploy.0 = AppStore|iPhone
		{F8A1C0BA-915E-4C23-AFAC-701244685F56}.AppStore|x86.ActiveCfg = AppStore|iPhone
		{F8A1C0BA-915E-4C23-AFAC-701244685F56}.AppStore|x86.Build.0 = AppStore|iPhone
		{F8A1C0BA-915E-4C23-AFAC-701244685F56}.AppStore|x86.Deploy.0 = AppStore|iPhone
		{F8A1C0BA-915E-4C23-AFAC-701244685F56}.Debug|Any CPU.ActiveCfg = Debug|iPhoneSimulator
		{F8A1C0BA-915E-4C23-AFAC-701244685F56}.Debug|Any CPU.Build.0 = Debug|iPhoneSimulator
		{F8A1C0BA-915E-4C23-AFAC-701244685F56}.Debug|Any CPU.Deploy.0 = Debug|iPhoneSimulator
		{F8A1C0BA-915E-4C23-AFAC-701244685F56}.Debug|ARM.ActiveCfg = Debug|iPhone
		{F8A1C0BA-915E-4C23-AFAC-701244685F56}.Debug|ARM.Build.0 = Debug|iPhone
		{F8A1C0BA-915E-4C23-AFAC-701244685F56}.Debug|ARM.Deploy.0 = Debug|iPhone
		{F8A1C0BA-915E-4C23-AFAC-701244685F56}.Debug|iPhone.ActiveCfg = Debug|iPhone
		{F8A1C0BA-915E-4C23-AFAC-701244685F56}.Debug|iPhone.Build.0 = Debug|iPhone
		{F8A1C0BA-915E-4C23-AFAC-701244685F56}.Debug|iPhone.Deploy.0 = Debug|iPhone
		{F8A1C0BA-915E-4C23-AFAC-701244685F56}.Debug|iPhoneSimulator.ActiveCfg = Debug|iPhoneSimulator
		{F8A1C0BA-915E-4C23-AFAC-701244685F56}.Debug|iPhoneSimulator.Build.0 = Debug|iPhoneSimulator
		{F8A1C0BA-915E-4C23-AFAC-701244685F56}.Debug|iPhoneSimulator.Deploy.0 = Debug|iPhoneSimulator
		{F8A1C0BA-915E-4C23-AFAC-701244685F56}.Debug|x64.ActiveCfg = Debug|iPhone
		{F8A1C0BA-915E-4C23-AFAC-701244685F56}.Debug|x64.Build.0 = Debug|iPhone
		{F8A1C0BA-915E-4C23-AFAC-701244685F56}.Debug|x64.Deploy.0 = Debug|iPhone
		{F8A1C0BA-915E-4C23-AFAC-701244685F56}.Debug|x86.ActiveCfg = Debug|iPhone
		{F8A1C0BA-915E-4C23-AFAC-701244685F56}.Debug|x86.Build.0 = Debug|iPhone
		{F8A1C0BA-915E-4C23-AFAC-701244685F56}.Debug|x86.Deploy.0 = Debug|iPhone
		{F8A1C0BA-915E-4C23-AFAC-701244685F56}.Release|Any CPU.ActiveCfg = Release|iPhone
		{F8A1C0BA-915E-4C23-AFAC-701244685F56}.Release|Any CPU.Build.0 = Release|iPhone
		{F8A1C0BA-915E-4C23-AFAC-701244685F56}.Release|Any CPU.Deploy.0 = Release|iPhone
		{F8A1C0BA-915E-4C23-AFAC-701244685F56}.Release|ARM.ActiveCfg = Release|iPhone
		{F8A1C0BA-915E-4C23-AFAC-701244685F56}.Release|ARM.Build.0 = Release|iPhone
		{F8A1C0BA-915E-4C23-AFAC-701244685F56}.Release|ARM.Deploy.0 = Release|iPhone
		{F8A1C0BA-915E-4C23-AFAC-701244685F56}.Release|iPhone.ActiveCfg = Release|iPhone
		{F8A1C0BA-915E-4C23-AFAC-701244685F56}.Release|iPhone.Build.0 = Release|iPhone
		{F8A1C0BA-915E-4C23-AFAC-701244685F56}.Release|iPhone.Deploy.0 = Release|iPhone
		{F8A1C0BA-915E-4C23-AFAC-701244685F56}.Release|iPhoneSimulator.ActiveCfg = Release|iPhoneSimulator
		{F8A1C0BA-915E-4C23-AFAC-701244685F56}.Release|iPhoneSimulator.Build.0 = Release|iPhoneSimulator
		{F8A1C0BA-915E-4C23-AFAC-701244685F56}.Release|iPhoneSimulator.Deploy.0 = Release|iPhoneSimulator
		{F8A1C0BA-915E-4C23-AFAC-701244685F56}.Release|x64.ActiveCfg = Release|iPhone
		{F8A1C0BA-915E-4C23-AFAC-701244685F56}.Release|x64.Build.0 = Release|iPhone
		{F8A1C0BA-915E-4C23-AFAC-701244685F56}.Release|x64.Deploy.0 = Release|iPhone
		{F8A1C0BA-915E-4C23-AFAC-701244685F56}.Release|x86.ActiveCfg = Release|iPhone
		{F8A1C0BA-915E-4C23-AFAC-701244685F56}.Release|x86.Build.0 = Release|iPhone
		{F8A1C0BA-915E-4C23-AFAC-701244685F56}.Release|x86.Deploy.0 = Release|iPhone
		{19BD96DB-CDBD-4FA5-9105-E1C68BEF3782}.Ad-Hoc|Any CPU.ActiveCfg = Release|x86
		{19BD96DB-CDBD-4FA5-9105-E1C68BEF3782}.Ad-Hoc|Any CPU.Build.0 = Release|x86
		{19BD96DB-CDBD-4FA5-9105-E1C68BEF3782}.Ad-Hoc|Any CPU.Deploy.0 = Release|x86
		{19BD96DB-CDBD-4FA5-9105-E1C68BEF3782}.Ad-Hoc|ARM.ActiveCfg = Release|ARM
		{19BD96DB-CDBD-4FA5-9105-E1C68BEF3782}.Ad-Hoc|ARM.Build.0 = Release|ARM
		{19BD96DB-CDBD-4FA5-9105-E1C68BEF3782}.Ad-Hoc|ARM.Deploy.0 = Release|ARM
		{19BD96DB-CDBD-4FA5-9105-E1C68BEF3782}.Ad-Hoc|iPhone.ActiveCfg = Release|x86
		{19BD96DB-CDBD-4FA5-9105-E1C68BEF3782}.Ad-Hoc|iPhone.Build.0 = Release|x86
		{19BD96DB-CDBD-4FA5-9105-E1C68BEF3782}.Ad-Hoc|iPhone.Deploy.0 = Release|x86
		{19BD96DB-CDBD-4FA5-9105-E1C68BEF3782}.Ad-Hoc|iPhoneSimulator.ActiveCfg = Release|x86
		{19BD96DB-CDBD-4FA5-9105-E1C68BEF3782}.Ad-Hoc|iPhoneSimulator.Build.0 = Release|x86
		{19BD96DB-CDBD-4FA5-9105-E1C68BEF3782}.Ad-Hoc|iPhoneSimulator.Deploy.0 = Release|x86
		{19BD96DB-CDBD-4FA5-9105-E1C68BEF3782}.Ad-Hoc|x64.ActiveCfg = Release|x64
		{19BD96DB-CDBD-4FA5-9105-E1C68BEF3782}.Ad-Hoc|x64.Build.0 = Release|x64
		{19BD96DB-CDBD-4FA5-9105-E1C68BEF3782}.Ad-Hoc|x64.Deploy.0 = Release|x64
		{19BD96DB-CDBD-4FA5-9105-E1C68BEF3782}.Ad-Hoc|x86.ActiveCfg = Release|x86
		{19BD96DB-CDBD-4FA5-9105-E1C68BEF3782}.Ad-Hoc|x86.Build.0 = Release|x86
		{19BD96DB-CDBD-4FA5-9105-E1C68BEF3782}.Ad-Hoc|x86.Deploy.0 = Release|x86
		{19BD96DB-CDBD-4FA5-9105-E1C68BEF3782}.AppStore|Any CPU.ActiveCfg = Release|x86
		{19BD96DB-CDBD-4FA5-9105-E1C68BEF3782}.AppStore|Any CPU.Build.0 = Release|x86
		{19BD96DB-CDBD-4FA5-9105-E1C68BEF3782}.AppStore|Any CPU.Deploy.0 = Release|x86
		{19BD96DB-CDBD-4FA5-9105-E1C68BEF3782}.AppStore|ARM.ActiveCfg = Release|ARM
		{19BD96DB-CDBD-4FA5-9105-E1C68BEF3782}.AppStore|ARM.Build.0 = Release|ARM
		{19BD96DB-CDBD-4FA5-9105-E1C68BEF3782}.AppStore|ARM.Deploy.0 = Release|ARM
		{19BD96DB-CDBD-4FA5-9105-E1C68BEF3782}.AppStore|iPhone.ActiveCfg = Release|x86
		{19BD96DB-CDBD-4FA5-9105-E1C68BEF3782}.AppStore|iPhone.Build.0 = Release|x86
		{19BD96DB-CDBD-4FA5-9105-E1C68BEF3782}.AppStore|iPhone.Deploy.0 = Release|x86
		{19BD96DB-CDBD-4FA5-9105-E1C68BEF3782}.AppStore|iPhoneSimulator.ActiveCfg = Release|x86
		{19BD96DB-CDBD-4FA5-9105-E1C68BEF3782}.AppStore|iPhoneSimulator.Build.0 = Release|x86
		{19BD96DB-CDBD-4FA5-9105-E1C68BEF3782}.AppStore|iPhoneSimulator.Deploy.0 = Release|x86
		{19BD96DB-CDBD-4FA5-9105-E1C68BEF3782}.AppStore|x64.ActiveCfg = Release|x64
		{19BD96DB-CDBD-4FA5-9105-E1C68BEF3782}.AppStore|x64.Build.0 = Release|x64
		{19BD96DB-CDBD-4FA5-9105-E1C68BEF3782}.AppStore|x64.Deploy.0 = Release|x64
		{19BD96DB-CDBD-4FA5-9105-E1C68BEF3782}.AppStore|x86.ActiveCfg = Release|x86
		{19BD96DB-CDBD-4FA5-9105-E1C68BEF3782}.AppStore|x86.Build.0 = Release|x86
		{19BD96DB-CDBD-4FA5-9105-E1C68BEF3782}.AppStore|x86.Deploy.0 = Release|x86
		{19BD96DB-CDBD-4FA5-9105-E1C68BEF3782}.Debug|Any CPU.ActiveCfg = Debug|x86
		{19BD96DB-CDBD-4FA5-9105-E1C68BEF3782}.Debug|Any CPU.Build.0 = Debug|x86
		{19BD96DB-CDBD-4FA5-9105-E1C68BEF3782}.Debug|Any CPU.Deploy.0 = Debug|x86
		{19BD96DB-CDBD-4FA5-9105-E1C68BEF3782}.Debug|ARM.ActiveCfg = Debug|ARM
		{19BD96DB-CDBD-4FA5-9105-E1C68BEF3782}.Debug|ARM.Build.0 = Debug|ARM
		{19BD96DB-CDBD-4FA5-9105-E1C68BEF3782}.Debug|ARM.Deploy.0 = Debug|ARM
		{19BD96DB-CDBD-4FA5-9105-E1C68BEF3782}.Debug|iPhone.ActiveCfg = Debug|x86
		{19BD96DB-CDBD-4FA5-9105-E1C68BEF3782}.Debug|iPhone.Build.0 = Debug|x86
		{19BD96DB-CDBD-4FA5-9105-E1C68BEF3782}.Debug|iPhone.Deploy.0 = Debug|x86
		{19BD96DB-CDBD-4FA5-9105-E1C68BEF3782}.Debug|iPhoneSimulator.ActiveCfg = Debug|x86
		{19BD96DB-CDBD-4FA5-9105-E1C68BEF3782}.Debug|iPhoneSimulator.Build.0 = Debug|x86
		{19BD96DB-CDBD-4FA5-9105-E1C68BEF3782}.Debug|iPhoneSimulator.Deploy.0 = Debug|x86
		{19BD96DB-CDBD-4FA5-9105-E1C68BEF3782}.Debug|x64.ActiveCfg = Debug|x64
		{19BD96DB-CDBD-4FA5-9105-E1C68BEF3782}.Debug|x64.Build.0 = Debug|x64
		{19BD96DB-CDBD-4FA5-9105-E1C68BEF3782}.Debug|x64.Deploy.0 = Debug|x64
		{19BD96DB-CDBD-4FA5-9105-E1C68BEF3782}.Debug|x86.ActiveCfg = Debug|x86
		{19BD96DB-CDBD-4FA5-9105-E1C68BEF3782}.Debug|x86.Build.0 = Debug|x86
		{19BD96DB-CDBD-4FA5-9105-E1C68BEF3782}.Debug|x86.Deploy.0 = Debug|x86
		{19BD96DB-CDBD-4FA5-9105-E1C68BEF3782}.Release|Any CPU.ActiveCfg = Release|x86
		{19BD96DB-CDBD-4FA5-9105-E1C68BEF3782}.Release|Any CPU.Build.0 = Release|x86
		{19BD96DB-CDBD-4FA5-9105-E1C68BEF3782}.Release|Any CPU.Deploy.0 = Release|x86
		{19BD96DB-CDBD-4FA5-9105-E1C68BEF3782}.Release|ARM.ActiveCfg = Release|ARM
		{19BD96DB-CDBD-4FA5-9105-E1C68BEF3782}.Release|ARM.Build.0 = Release|ARM
		{19BD96DB-CDBD-4FA5-9105-E1C68BEF3782}.Release|ARM.Deploy.0 = Release|ARM
		{19BD96DB-CDBD-4FA5-9105-E1C68BEF3782}.Release|iPhone.ActiveCfg = Release|x86
		{19BD96DB-CDBD-4FA5-9105-E1C68BEF3782}.Release|iPhone.Build.0 = Release|x86
		{19BD96DB-CDBD-4FA5-9105-E1C68BEF3782}.Release|iPhone.Deploy.0 = Release|x86
		{19BD96DB-CDBD-4FA5-9105-E1C68BEF3782}.Release|iPhoneSimulator.ActiveCfg = Release|x86
		{19BD96DB-CDBD-4FA5-9105-E1C68BEF3782}.Release|iPhoneSimulator.Build.0 = Release|x86
		{19BD96DB-CDBD-4FA5-9105-E1C68BEF3782}.Release|iPhoneSimulator.Deploy.0 = Release|x86
		{19BD96DB-CDBD-4FA5-9105-E1C68BEF3782}.Release|x64.ActiveCfg = Release|x64
		{19BD96DB-CDBD-4FA5-9105-E1C68BEF3782}.Release|x64.Build.0 = Release|x64
		{19BD96DB-CDBD-4FA5-9105-E1C68BEF3782}.Release|x64.Deploy.0 = Release|x64
		{19BD96DB-CDBD-4FA5-9105-E1C68BEF3782}.Release|x86.ActiveCfg = Release|x86
		{19BD96DB-CDBD-4FA5-9105-E1C68BEF3782}.Release|x86.Build.0 = Release|x86
		{19BD96DB-CDBD-4FA5-9105-E1C68BEF3782}.Release|x86.Deploy.0 = Release|x86
		{F6B793CA-D513-49AB-B42A-4FE56A463B0E}.Ad-Hoc|Any CPU.ActiveCfg = Debug|Any CPU
		{F6B793CA-D513-49AB-B42A-4FE56A463B0E}.Ad-Hoc|Any CPU.Build.0 = Debug|Any CPU
		{F6B793CA-D513-49AB-B42A-4FE56A463B0E}.Ad-Hoc|Any CPU.Deploy.0 = Debug|Any CPU
		{F6B793CA-D513-49AB-B42A-4FE56A463B0E}.Ad-Hoc|ARM.ActiveCfg = Debug|Any CPU
		{F6B793CA-D513-49AB-B42A-4FE56A463B0E}.Ad-Hoc|ARM.Build.0 = Debug|Any CPU
		{F6B793CA-D513-49AB-B42A-4FE56A463B0E}.Ad-Hoc|ARM.Deploy.0 = Debug|Any CPU
		{F6B793CA-D513-49AB-B42A-4FE56A463B0E}.Ad-Hoc|iPhone.ActiveCfg = Debug|Any CPU
		{F6B793CA-D513-49AB-B42A-4FE56A463B0E}.Ad-Hoc|iPhone.Build.0 = Debug|Any CPU
		{F6B793CA-D513-49AB-B42A-4FE56A463B0E}.Ad-Hoc|iPhone.Deploy.0 = Debug|Any CPU
		{F6B793CA-D513-49AB-B42A-4FE56A463B0E}.Ad-Hoc|iPhoneSimulator.ActiveCfg = Debug|Any CPU
		{F6B793CA-D513-49AB-B42A-4FE56A463B0E}.Ad-Hoc|iPhoneSimulator.Build.0 = Debug|Any CPU
		{F6B793CA-D513-49AB-B42A-4FE56A463B0E}.Ad-Hoc|iPhoneSimulator.Deploy.0 = Debug|Any CPU
		{F6B793CA-D513-49AB-B42A-4FE56A463B0E}.Ad-Hoc|x64.ActiveCfg = Debug|Any CPU
		{F6B793CA-D513-49AB-B42A-4FE56A463B0E}.Ad-Hoc|x64.Build.0 = Debug|Any CPU
		{F6B793CA-D513-49AB-B42A-4FE56A463B0E}.Ad-Hoc|x64.Deploy.0 = Debug|Any CPU
		{F6B793CA-D513-49AB-B42A-4FE56A463B0E}.Ad-Hoc|x86.ActiveCfg = Debug|Any CPU
		{F6B793CA-D513-49AB-B42A-4FE56A463B0E}.Ad-Hoc|x86.Build.0 = Debug|Any CPU
		{F6B793CA-D513-49AB-B42A-4FE56A463B0E}.Ad-Hoc|x86.Deploy.0 = Debug|Any CPU
		{F6B793CA-D513-49AB-B42A-4FE56A463B0E}.AppStore|Any CPU.ActiveCfg = Debug|Any CPU
		{F6B793CA-D513-49AB-B42A-4FE56A463B0E}.AppStore|Any CPU.Build.0 = Debug|Any CPU
		{F6B793CA-D513-49AB-B42A-4FE56A463B0E}.AppStore|Any CPU.Deploy.0 = Debug|Any CPU
		{F6B793CA-D513-49AB-B42A-4FE56A463B0E}.AppStore|ARM.ActiveCfg = Debug|Any CPU
		{F6B793CA-D513-49AB-B42A-4FE56A463B0E}.AppStore|ARM.Build.0 = Debug|Any CPU
		{F6B793CA-D513-49AB-B42A-4FE56A463B0E}.AppStore|ARM.Deploy.0 = Debug|Any CPU
		{F6B793CA-D513-49AB-B42A-4FE56A463B0E}.AppStore|iPhone.ActiveCfg = Debug|Any CPU
		{F6B793CA-D513-49AB-B42A-4FE56A463B0E}.AppStore|iPhone.Build.0 = Debug|Any CPU
		{F6B793CA-D513-49AB-B42A-4FE56A463B0E}.AppStore|iPhone.Deploy.0 = Debug|Any CPU
		{F6B793CA-D513-49AB-B42A-4FE56A463B0E}.AppStore|iPhoneSimulator.ActiveCfg = Debug|Any CPU
		{F6B793CA-D513-49AB-B42A-4FE56A463B0E}.AppStore|iPhoneSimulator.Build.0 = Debug|Any CPU
		{F6B793CA-D513-49AB-B42A-4FE56A463B0E}.AppStore|iPhoneSimulator.Deploy.0 = Debug|Any CPU
		{F6B793CA-D513-49AB-B42A-4FE56A463B0E}.AppStore|x64.ActiveCfg = Debug|Any CPU
		{F6B793CA-D513-49AB-B42A-4FE56A463B0E}.AppStore|x64.Build.0 = Debug|Any CPU
		{F6B793CA-D513-49AB-B42A-4FE56A463B0E}.AppStore|x64.Deploy.0 = Debug|Any CPU
		{F6B793CA-D513-49AB-B42A-4FE56A463B0E}.AppStore|x86.ActiveCfg = Debug|Any CPU
		{F6B793CA-D513-49AB-B42A-4FE56A463B0E}.AppStore|x86.Build.0 = Debug|Any CPU
		{F6B793CA-D513-49AB-B42A-4FE56A463B0E}.AppStore|x86.Deploy.0 = Debug|Any CPU
		{F6B793CA-D513-49AB-B42A-4FE56A463B0E}.Debug|Any CPU.ActiveCfg = Debug|Any CPU
		{F6B793CA-D513-49AB-B42A-4FE56A463B0E}.Debug|Any CPU.Build.0 = Debug|Any CPU
		{F6B793CA-D513-49AB-B42A-4FE56A463B0E}.Debug|Any CPU.Deploy.0 = Debug|Any CPU
		{F6B793CA-D513-49AB-B42A-4FE56A463B0E}.Debug|ARM.ActiveCfg = Debug|Any CPU
		{F6B793CA-D513-49AB-B42A-4FE56A463B0E}.Debug|ARM.Build.0 = Debug|Any CPU
		{F6B793CA-D513-49AB-B42A-4FE56A463B0E}.Debug|ARM.Deploy.0 = Debug|Any CPU
		{F6B793CA-D513-49AB-B42A-4FE56A463B0E}.Debug|iPhone.ActiveCfg = Debug|Any CPU
		{F6B793CA-D513-49AB-B42A-4FE56A463B0E}.Debug|iPhone.Build.0 = Debug|Any CPU
		{F6B793CA-D513-49AB-B42A-4FE56A463B0E}.Debug|iPhone.Deploy.0 = Debug|Any CPU
		{F6B793CA-D513-49AB-B42A-4FE56A463B0E}.Debug|iPhoneSimulator.ActiveCfg = Debug|Any CPU
		{F6B793CA-D513-49AB-B42A-4FE56A463B0E}.Debug|iPhoneSimulator.Build.0 = Debug|Any CPU
		{F6B793CA-D513-49AB-B42A-4FE56A463B0E}.Debug|iPhoneSimulator.Deploy.0 = Debug|Any CPU
		{F6B793CA-D513-49AB-B42A-4FE56A463B0E}.Debug|x64.ActiveCfg = Debug|Any CPU
		{F6B793CA-D513-49AB-B42A-4FE56A463B0E}.Debug|x64.Build.0 = Debug|Any CPU
		{F6B793CA-D513-49AB-B42A-4FE56A463B0E}.Debug|x64.Deploy.0 = Debug|Any CPU
		{F6B793CA-D513-49AB-B42A-4FE56A463B0E}.Debug|x86.ActiveCfg = Debug|Any CPU
		{F6B793CA-D513-49AB-B42A-4FE56A463B0E}.Debug|x86.Build.0 = Debug|Any CPU
		{F6B793CA-D513-49AB-B42A-4FE56A463B0E}.Debug|x86.Deploy.0 = Debug|Any CPU
		{F6B793CA-D513-49AB-B42A-4FE56A463B0E}.Release|Any CPU.ActiveCfg = Release|Any CPU
		{F6B793CA-D513-49AB-B42A-4FE56A463B0E}.Release|Any CPU.Build.0 = Release|Any CPU
		{F6B793CA-D513-49AB-B42A-4FE56A463B0E}.Release|Any CPU.Deploy.0 = Release|Any CPU
		{F6B793CA-D513-49AB-B42A-4FE56A463B0E}.Release|ARM.ActiveCfg = Release|Any CPU
		{F6B793CA-D513-49AB-B42A-4FE56A463B0E}.Release|ARM.Build.0 = Release|Any CPU
		{F6B793CA-D513-49AB-B42A-4FE56A463B0E}.Release|ARM.Deploy.0 = Release|Any CPU
		{F6B793CA-D513-49AB-B42A-4FE56A463B0E}.Release|iPhone.ActiveCfg = Release|Any CPU
		{F6B793CA-D513-49AB-B42A-4FE56A463B0E}.Release|iPhone.Build.0 = Release|Any CPU
		{F6B793CA-D513-49AB-B42A-4FE56A463B0E}.Release|iPhone.Deploy.0 = Release|Any CPU
		{F6B793CA-D513-49AB-B42A-4FE56A463B0E}.Release|iPhoneSimulator.ActiveCfg = Release|Any CPU
		{F6B793CA-D513-49AB-B42A-4FE56A463B0E}.Release|iPhoneSimulator.Build.0 = Release|Any CPU
		{F6B793CA-D513-49AB-B42A-4FE56A463B0E}.Release|iPhoneSimulator.Deploy.0 = Release|Any CPU
		{F6B793CA-D513-49AB-B42A-4FE56A463B0E}.Release|x64.ActiveCfg = Release|Any CPU
		{F6B793CA-D513-49AB-B42A-4FE56A463B0E}.Release|x64.Build.0 = Release|Any CPU
		{F6B793CA-D513-49AB-B42A-4FE56A463B0E}.Release|x64.Deploy.0 = Release|Any CPU
		{F6B793CA-D513-49AB-B42A-4FE56A463B0E}.Release|x86.ActiveCfg = Release|Any CPU
		{F6B793CA-D513-49AB-B42A-4FE56A463B0E}.Release|x86.Build.0 = Release|Any CPU
		{F6B793CA-D513-49AB-B42A-4FE56A463B0E}.Release|x86.Deploy.0 = Release|Any CPU
	EndGlobalSection
	GlobalSection(SolutionProperties) = preSolution
		HideSolutionNode = FALSE
	EndGlobalSection
	GlobalSection(ExtensibilityGlobals) = postSolution
		SolutionGuid = {AE3C5F4F-E65C-4FBC-9F93-F39D68B83C6F}
	EndGlobalSection
EndGlobal
