
Microsoft Visual Studio Solution File, Format Version 12.00
# Visual Studio 15
VisualStudioVersion = 15.0.28307.438
MinimumVisualStudioVersion = 10.0.40219.1
Project("{FAE04EC0-301F-11D3-BF4B-00C04F79EFBC}") = "App01_ConsultarCEP.Android", "App01_ConsultarCEP\App01_ConsultarCEP.Android\App01_ConsultarCEP.Android.csproj", "{D5EAF73E-569D-4C47-9E5D-28FD33E63C63}"
EndProject
Project("{FAE04EC0-301F-11D3-BF4B-00C04F79EFBC}") = "App01_ConsultarCEP.iOS", "App01_ConsultarCEP\App01_ConsultarCEP.iOS\App01_ConsultarCEP.iOS.csproj", "{DC244122-3C4F-42E3-AFC4-744FCBE4670F}"
EndProject
Project("{FAE04EC0-301F-11D3-BF4B-00C04F79EFBC}") = "App01_ConsultarCEP.UWP", "App01_ConsultarCEP\App01_ConsultarCEP.UWP\App01_ConsultarCEP.UWP.csproj", "{42A1496E-C8D9-453C-9492-C8F4ADAEAB3E}"
EndProject
Project("{FAE04EC0-301F-11D3-BF4B-00C04F79EFBC}") = "App01_ConsultarCEP", "App01_ConsultarCEP\App01_ConsultarCEP\App01_ConsultarCEP.csproj", "{225B05D1-09F2-483F-867A-70014B49AC65}"
EndProject
Global
	GlobalSection(SolutionConfigurationPlatforms) = preSolution
		Ad-Hoc|Any CPU = Ad-Hoc|Any CPU
		Ad-Hoc|ARM = Ad-Hoc|ARM
		Ad-Hoc|iPhone = Ad-Hoc|iPhone
		Ad-Hoc|iPhoneSimulator = Ad-Hoc|iPhoneSimulator
		Ad-Hoc|x64 = Ad-Hoc|x64
		Ad-Hoc|x86 = Ad-Hoc|x86
		AppStore|Any CPU = AppStore|Any CPU
		AppStore|ARM = AppStore|ARM
		AppStore|iPhone = AppStore|iPhone
		AppStore|iPhoneSimulator = AppStore|iPhoneSimulator
		AppStore|x64 = AppStore|x64
		AppStore|x86 = AppStore|x86
		Debug|Any CPU = Debug|Any CPU
		Debug|ARM = Debug|ARM
		Debug|iPhone = Debug|iPhone
		Debug|iPhoneSimulator = Debug|iPhoneSimulator
		Debug|x64 = Debug|x64
		Debug|x86 = Debug|x86
		Release|Any CPU = Release|Any CPU
		Release|ARM = Release|ARM
		Release|iPhone = Release|iPhone
		Release|iPhoneSimulator = Release|iPhoneSimulator
		Release|x64 = Release|x64
		Release|x86 = Release|x86
	EndGlobalSection
	GlobalSection(ProjectConfigurationPlatforms) = postSolution
		{D5EAF73E-569D-4C47-9E5D-28FD33E63C63}.Ad-Hoc|Any CPU.ActiveCfg = Release|Any CPU
		{D5EAF73E-569D-4C47-9E5D-28FD33E63C63}.Ad-Hoc|Any CPU.Build.0 = Release|Any CPU
		{D5EAF73E-569D-4C47-9E5D-28FD33E63C63}.Ad-Hoc|Any CPU.Deploy.0 = Release|Any CPU
		{D5EAF73E-569D-4C47-9E5D-28FD33E63C63}.Ad-Hoc|ARM.ActiveCfg = Release|Any CPU
		{D5EAF73E-569D-4C47-9E5D-28FD33E63C63}.Ad-Hoc|ARM.Build.0 = Release|Any CPU
		{D5EAF73E-569D-4C47-9E5D-28FD33E63C63}.Ad-Hoc|ARM.Deploy.0 = Release|Any CPU
		{D5EAF73E-569D-4C47-9E5D-28FD33E63C63}.Ad-Hoc|iPhone.ActiveCfg = Release|Any CPU
		{D5EAF73E-569D-4C47-9E5D-28FD33E63C63}.Ad-Hoc|iPhone.Build.0 = Release|Any CPU
		{D5EAF73E-569D-4C47-9E5D-28FD33E63C63}.Ad-Hoc|iPhone.Deploy.0 = Release|Any CPU
		{D5EAF73E-569D-4C47-9E5D-28FD33E63C63}.Ad-Hoc|iPhoneSimulator.ActiveCfg = Release|Any CPU
		{D5EAF73E-569D-4C47-9E5D-28FD33E63C63}.Ad-Hoc|iPhoneSimulator.Build.0 = Release|Any CPU
		{D5EAF73E-569D-4C47-9E5D-28FD33E63C63}.Ad-Hoc|iPhoneSimulator.Deploy.0 = Release|Any CPU
		{D5EAF73E-569D-4C47-9E5D-28FD33E63C63}.Ad-Hoc|x64.ActiveCfg = Release|Any CPU
		{D5EAF73E-569D-4C47-9E5D-28FD33E63C63}.Ad-Hoc|x64.Build.0 = Release|Any CPU
		{D5EAF73E-569D-4C47-9E5D-28FD33E63C63}.Ad-Hoc|x64.Deploy.0 = Release|Any CPU
		{D5EAF73E-569D-4C47-9E5D-28FD33E63C63}.Ad-Hoc|x86.ActiveCfg = Release|Any CPU
		{D5EAF73E-569D-4C47-9E5D-28FD33E63C63}.Ad-Hoc|x86.Build.0 = Release|Any CPU
		{D5EAF73E-569D-4C47-9E5D-28FD33E63C63}.Ad-Hoc|x86.Deploy.0 = Release|Any CPU
		{D5EAF73E-569D-4C47-9E5D-28FD33E63C63}.AppStore|Any CPU.ActiveCfg = Release|Any CPU
		{D5EAF73E-569D-4C47-9E5D-28FD33E63C63}.AppStore|Any CPU.Build.0 = Release|Any CPU
		{D5EAF73E-569D-4C47-9E5D-28FD33E63C63}.AppStore|Any CPU.Deploy.0 = Release|Any CPU
		{D5EAF73E-569D-4C47-9E5D-28FD33E63C63}.AppStore|ARM.ActiveCfg = Release|Any CPU
		{D5EAF73E-569D-4C47-9E5D-28FD33E63C63}.AppStore|ARM.Build.0 = Release|Any CPU
		{D5EAF73E-569D-4C47-9E5D-28FD33E63C63}.AppStore|ARM.Deploy.0 = Release|Any CPU
		{D5EAF73E-569D-4C47-9E5D-28FD33E63C63}.AppStore|iPhone.ActiveCfg = Release|Any CPU
		{D5EAF73E-569D-4C47-9E5D-28FD33E63C63}.AppStore|iPhone.Build.0 = Release|Any CPU
		{D5EAF73E-569D-4C47-9E5D-28FD33E63C63}.AppStore|iPhone.Deploy.0 = Release|Any CPU
		{D5EAF73E-569D-4C47-9E5D-28FD33E63C63}.AppStore|iPhoneSimulator.ActiveCfg = Release|Any CPU
		{D5EAF73E-569D-4C47-9E5D-28FD33E63C63}.AppStore|iPhoneSimulator.Build.0 = Release|Any CPU
		{D5EAF73E-569D-4C47-9E5D-28FD33E63C63}.AppStore|iPhoneSimulator.Deploy.0 = Release|Any CPU
		{D5EAF73E-569D-4C47-9E5D-28FD33E63C63}.AppStore|x64.ActiveCfg = Release|Any CPU
		{D5EAF73E-569D-4C47-9E5D-28FD33E63C63}.AppStore|x64.Build.0 = Release|Any CPU
		{D5EAF73E-569D-4C47-9E5D-28FD33E63C63}.AppStore|x64.Deploy.0 = Release|Any CPU
		{D5EAF73E-569D-4C47-9E5D-28FD33E63C63}.AppStore|x86.ActiveCfg = Release|Any CPU
		{D5EAF73E-569D-4C47-9E5D-28FD33E63C63}.AppStore|x86.Build.0 = Release|Any CPU
		{D5EAF73E-569D-4C47-9E5D-28FD33E63C63}.AppStore|x86.Deploy.0 = Release|Any CPU
		{D5EAF73E-569D-4C47-9E5D-28FD33E63C63}.Debug|Any CPU.ActiveCfg = Debug|Any CPU
		{D5EAF73E-569D-4C47-9E5D-28FD33E63C63}.Debug|Any CPU.Build.0 = Debug|Any CPU
		{D5EAF73E-569D-4C47-9E5D-28FD33E63C63}.Debug|Any CPU.Deploy.0 = Debug|Any CPU
		{D5EAF73E-569D-4C47-9E5D-28FD33E63C63}.Debug|ARM.ActiveCfg = Debug|Any CPU
		{D5EAF73E-569D-4C47-9E5D-28FD33E63C63}.Debug|ARM.Build.0 = Debug|Any CPU
		{D5EAF73E-569D-4C47-9E5D-28FD33E63C63}.Debug|ARM.Deploy.0 = Debug|Any CPU
		{D5EAF73E-569D-4C47-9E5D-28FD33E63C63}.Debug|iPhone.ActiveCfg = Debug|Any CPU
		{D5EAF73E-569D-4C47-9E5D-28FD33E63C63}.Debug|iPhone.Build.0 = Debug|Any CPU
		{D5EAF73E-569D-4C47-9E5D-28FD33E63C63}.Debug|iPhone.Deploy.0 = Debug|Any CPU
		{D5EAF73E-569D-4C47-9E5D-28FD33E63C63}.Debug|iPhoneSimulator.ActiveCfg = Debug|Any CPU
		{D5EAF73E-569D-4C47-9E5D-28FD33E63C63}.Debug|iPhoneSimulator.Build.0 = Debug|Any CPU
		{D5EAF73E-569D-4C47-9E5D-28FD33E63C63}.Debug|iPhoneSimulator.Deploy.0 = Debug|Any CPU
		{D5EAF73E-569D-4C47-9E5D-28FD33E63C63}.Debug|x64.ActiveCfg = Debug|Any CPU
		{D5EAF73E-569D-4C47-9E5D-28FD33E63C63}.Debug|x64.Build.0 = Debug|Any CPU
		{D5EAF73E-569D-4C47-9E5D-28FD33E63C63}.Debug|x64.Deploy.0 = Debug|Any CPU
		{D5EAF73E-569D-4C47-9E5D-28FD33E63C63}.Debug|x86.ActiveCfg = Debug|Any CPU
		{D5EAF73E-569D-4C47-9E5D-28FD33E63C63}.Debug|x86.Build.0 = Debug|Any CPU
		{D5EAF73E-569D-4C47-9E5D-28FD33E63C63}.Debug|x86.Deploy.0 = Debug|Any CPU
		{D5EAF73E-569D-4C47-9E5D-28FD33E63C63}.Release|Any CPU.ActiveCfg = Release|Any CPU
		{D5EAF73E-569D-4C47-9E5D-28FD33E63C63}.Release|Any CPU.Build.0 = Release|Any CPU
		{D5EAF73E-569D-4C47-9E5D-28FD33E63C63}.Release|Any CPU.Deploy.0 = Release|Any CPU
		{D5EAF73E-569D-4C47-9E5D-28FD33E63C63}.Release|ARM.ActiveCfg = Release|Any CPU
		{D5EAF73E-569D-4C47-9E5D-28FD33E63C63}.Release|ARM.Build.0 = Release|Any CPU
		{D5EAF73E-569D-4C47-9E5D-28FD33E63C63}.Release|ARM.Deploy.0 = Release|Any CPU
		{D5EAF73E-569D-4C47-9E5D-28FD33E63C63}.Release|iPhone.ActiveCfg = Release|Any CPU
		{D5EAF73E-569D-4C47-9E5D-28FD33E63C63}.Release|iPhone.Build.0 = Release|Any CPU
		{D5EAF73E-569D-4C47-9E5D-28FD33E63C63}.Release|iPhone.Deploy.0 = Release|Any CPU
		{D5EAF73E-569D-4C47-9E5D-28FD33E63C63}.Release|iPhoneSimulator.ActiveCfg = Release|Any CPU
		{D5EAF73E-569D-4C47-9E5D-28FD33E63C63}.Release|iPhoneSimulator.Build.0 = Release|Any CPU
		{D5EAF73E-569D-4C47-9E5D-28FD33E63C63}.Release|iPhoneSimulator.Deploy.0 = Release|Any CPU
		{D5EAF73E-569D-4C47-9E5D-28FD33E63C63}.Release|x64.ActiveCfg = Release|Any CPU
		{D5EAF73E-569D-4C47-9E5D-28FD33E63C63}.Release|x64.Build.0 = Release|Any CPU
		{D5EAF73E-569D-4C47-9E5D-28FD33E63C63}.Release|x64.Deploy.0 = Release|Any CPU
		{D5EAF73E-569D-4C47-9E5D-28FD33E63C63}.Release|x86.ActiveCfg = Release|Any CPU
		{D5EAF73E-569D-4C47-9E5D-28FD33E63C63}.Release|x86.Build.0 = Release|Any CPU
		{D5EAF73E-569D-4C47-9E5D-28FD33E63C63}.Release|x86.Deploy.0 = Release|Any CPU
		{DC244122-3C4F-42E3-AFC4-744FCBE4670F}.Ad-Hoc|Any CPU.ActiveCfg = Ad-Hoc|iPhone
		{DC244122-3C4F-42E3-AFC4-744FCBE4670F}.Ad-Hoc|Any CPU.Build.0 = Ad-Hoc|iPhone
		{DC244122-3C4F-42E3-AFC4-744FCBE4670F}.Ad-Hoc|Any CPU.Deploy.0 = Ad-Hoc|iPhone
		{DC244122-3C4F-42E3-AFC4-744FCBE4670F}.Ad-Hoc|ARM.ActiveCfg = Ad-Hoc|iPhone
		{DC244122-3C4F-42E3-AFC4-744FCBE4670F}.Ad-Hoc|ARM.Build.0 = Ad-Hoc|iPhone
		{DC244122-3C4F-42E3-AFC4-744FCBE4670F}.Ad-Hoc|ARM.Deploy.0 = Ad-Hoc|iPhone
		{DC244122-3C4F-42E3-AFC4-744FCBE4670F}.Ad-Hoc|iPhone.ActiveCfg = Ad-Hoc|iPhone
		{DC244122-3C4F-42E3-AFC4-744FCBE4670F}.Ad-Hoc|iPhone.Build.0 = Ad-Hoc|iPhone
		{DC244122-3C4F-42E3-AFC4-744FCBE4670F}.Ad-Hoc|iPhone.Deploy.0 = Ad-Hoc|iPhone
		{DC244122-3C4F-42E3-AFC4-744FCBE4670F}.Ad-Hoc|iPhoneSimulator.ActiveCfg = Ad-Hoc|iPhoneSimulator
		{DC244122-3C4F-42E3-AFC4-744FCBE4670F}.Ad-Hoc|iPhoneSimulator.Build.0 = Ad-Hoc|iPhoneSimulator
		{DC244122-3C4F-42E3-AFC4-744FCBE4670F}.Ad-Hoc|iPhoneSimulator.Deploy.0 = Ad-Hoc|iPhoneSimulator
		{DC244122-3C4F-42E3-AFC4-744FCBE4670F}.Ad-Hoc|x64.ActiveCfg = Ad-Hoc|iPhone
		{DC244122-3C4F-42E3-AFC4-744FCBE4670F}.Ad-Hoc|x64.Build.0 = Ad-Hoc|iPhone
		{DC244122-3C4F-42E3-AFC4-744FCBE4670F}.Ad-Hoc|x64.Deploy.0 = Ad-Hoc|iPhone
		{DC244122-3C4F-42E3-AFC4-744FCBE4670F}.Ad-Hoc|x86.ActiveCfg = Ad-Hoc|iPhone
		{DC244122-3C4F-42E3-AFC4-744FCBE4670F}.Ad-Hoc|x86.Build.0 = Ad-Hoc|iPhone
		{DC244122-3C4F-42E3-AFC4-744FCBE4670F}.Ad-Hoc|x86.Deploy.0 = Ad-Hoc|iPhone
		{DC244122-3C4F-42E3-AFC4-744FCBE4670F}.AppStore|Any CPU.ActiveCfg = AppStore|iPhone
		{DC244122-3C4F-42E3-AFC4-744FCBE4670F}.AppStore|Any CPU.Build.0 = AppStore|iPhone
		{DC244122-3C4F-42E3-AFC4-744FCBE4670F}.AppStore|Any CPU.Deploy.0 = AppStore|iPhone
		{DC244122-3C4F-42E3-AFC4-744FCBE4670F}.AppStore|ARM.ActiveCfg = AppStore|iPhone
		{DC244122-3C4F-42E3-AFC4-744FCBE4670F}.AppStore|ARM.Build.0 = AppStore|iPhone
		{DC244122-3C4F-42E3-AFC4-744FCBE4670F}.AppStore|ARM.Deploy.0 = AppStore|iPhone
		{DC244122-3C4F-42E3-AFC4-744FCBE4670F}.AppStore|iPhone.ActiveCfg = AppStore|iPhone
		{DC244122-3C4F-42E3-AFC4-744FCBE4670F}.AppStore|iPhone.Build.0 = AppStore|iPhone
		{DC244122-3C4F-42E3-AFC4-744FCBE4670F}.AppStore|iPhone.Deploy.0 = AppStore|iPhone
		{DC244122-3C4F-42E3-AFC4-744FCBE4670F}.AppStore|iPhoneSimulator.ActiveCfg = AppStore|iPhoneSimulator
		{DC244122-3C4F-42E3-AFC4-744FCBE4670F}.AppStore|iPhoneSimulator.Build.0 = AppStore|iPhoneSimulator
		{DC244122-3C4F-42E3-AFC4-744FCBE4670F}.AppStore|iPhoneSimulator.Deploy.0 = AppStore|iPhoneSimulator
		{DC244122-3C4F-42E3-AFC4-744FCBE4670F}.AppStore|x64.ActiveCfg = AppStore|iPhone
		{DC244122-3C4F-42E3-AFC4-744FCBE4670F}.AppStore|x64.Build.0 = AppStore|iPhone
		{DC244122-3C4F-42E3-AFC4-744FCBE4670F}.AppStore|x64.Deploy.0 = AppStore|iPhone
		{DC244122-3C4F-42E3-AFC4-744FCBE4670F}.AppStore|x86.ActiveCfg = AppStore|iPhone
		{DC244122-3C4F-42E3-AFC4-744FCBE4670F}.AppStore|x86.Build.0 = AppStore|iPhone
		{DC244122-3C4F-42E3-AFC4-744FCBE4670F}.AppStore|x86.Deploy.0 = AppStore|iPhone
		{DC244122-3C4F-42E3-AFC4-744FCBE4670F}.Debug|Any CPU.ActiveCfg = Debug|iPhoneSimulator
		{DC244122-3C4F-42E3-AFC4-744FCBE4670F}.Debug|Any CPU.Build.0 = Debug|iPhoneSimulator
		{DC244122-3C4F-42E3-AFC4-744FCBE4670F}.Debug|Any CPU.Deploy.0 = Debug|iPhoneSimulator
		{DC244122-3C4F-42E3-AFC4-744FCBE4670F}.Debug|ARM.ActiveCfg = Debug|iPhone
		{DC244122-3C4F-42E3-AFC4-744FCBE4670F}.Debug|ARM.Build.0 = Debug|iPhone
		{DC244122-3C4F-42E3-AFC4-744FCBE4670F}.Debug|ARM.Deploy.0 = Debug|iPhone
		{DC244122-3C4F-42E3-AFC4-744FCBE4670F}.Debug|iPhone.ActiveCfg = Debug|iPhone
		{DC244122-3C4F-42E3-AFC4-744FCBE4670F}.Debug|iPhone.Build.0 = Debug|iPhone
		{DC244122-3C4F-42E3-AFC4-744FCBE4670F}.Debug|iPhone.Deploy.0 = Debug|iPhone
		{DC244122-3C4F-42E3-AFC4-744FCBE4670F}.Debug|iPhoneSimulator.ActiveCfg = Debug|iPhoneSimulator
		{DC244122-3C4F-42E3-AFC4-744FCBE4670F}.Debug|iPhoneSimulator.Build.0 = Debug|iPhoneSimulator
		{DC244122-3C4F-42E3-AFC4-744FCBE4670F}.Debug|iPhoneSimulator.Deploy.0 = Debug|iPhoneSimulator
		{DC244122-3C4F-42E3-AFC4-744FCBE4670F}.Debug|x64.ActiveCfg = Debug|iPhone
		{DC244122-3C4F-42E3-AFC4-744FCBE4670F}.Debug|x64.Build.0 = Debug|iPhone
		{DC244122-3C4F-42E3-AFC4-744FCBE4670F}.Debug|x64.Deploy.0 = Debug|iPhone
		{DC244122-3C4F-42E3-AFC4-744FCBE4670F}.Debug|x86.ActiveCfg = Debug|iPhone
		{DC244122-3C4F-42E3-AFC4-744FCBE4670F}.Debug|x86.Build.0 = Debug|iPhone
		{DC244122-3C4F-42E3-AFC4-744FCBE4670F}.Debug|x86.Deploy.0 = Debug|iPhone
		{DC244122-3C4F-42E3-AFC4-744FCBE4670F}.Release|Any CPU.ActiveCfg = Release|iPhone
		{DC244122-3C4F-42E3-AFC4-744FCBE4670F}.Release|Any CPU.Build.0 = Release|iPhone
		{DC244122-3C4F-42E3-AFC4-744FCBE4670F}.Release|Any CPU.Deploy.0 = Release|iPhone
		{DC244122-3C4F-42E3-AFC4-744FCBE4670F}.Release|ARM.ActiveCfg = Release|iPhone
		{DC244122-3C4F-42E3-AFC4-744FCBE4670F}.Release|ARM.Build.0 = Release|iPhone
		{DC244122-3C4F-42E3-AFC4-744FCBE4670F}.Release|ARM.Deploy.0 = Release|iPhone
		{DC244122-3C4F-42E3-AFC4-744FCBE4670F}.Release|iPhone.ActiveCfg = Release|iPhone
		{DC244122-3C4F-42E3-AFC4-744FCBE4670F}.Release|iPhone.Build.0 = Release|iPhone
		{DC244122-3C4F-42E3-AFC4-744FCBE4670F}.Release|iPhone.Deploy.0 = Release|iPhone
		{DC244122-3C4F-42E3-AFC4-744FCBE4670F}.Release|iPhoneSimulator.ActiveCfg = Release|iPhoneSimulator
		{DC244122-3C4F-42E3-AFC4-744FCBE4670F}.Release|iPhoneSimulator.Build.0 = Release|iPhoneSimulator
		{DC244122-3C4F-42E3-AFC4-744FCBE4670F}.Release|iPhoneSimulator.Deploy.0 = Release|iPhoneSimulator
		{DC244122-3C4F-42E3-AFC4-744FCBE4670F}.Release|x64.ActiveCfg = Release|iPhone
		{DC244122-3C4F-42E3-AFC4-744FCBE4670F}.Release|x64.Build.0 = Release|iPhone
		{DC244122-3C4F-42E3-AFC4-744FCBE4670F}.Release|x64.Deploy.0 = Release|iPhone
		{DC244122-3C4F-42E3-AFC4-744FCBE4670F}.Release|x86.ActiveCfg = Release|iPhone
		{DC244122-3C4F-42E3-AFC4-744FCBE4670F}.Release|x86.Build.0 = Release|iPhone
		{DC244122-3C4F-42E3-AFC4-744FCBE4670F}.Release|x86.Deploy.0 = Release|iPhone
		{42A1496E-C8D9-453C-9492-C8F4ADAEAB3E}.Ad-Hoc|Any CPU.ActiveCfg = Release|x86
		{42A1496E-C8D9-453C-9492-C8F4ADAEAB3E}.Ad-Hoc|Any CPU.Build.0 = Release|x86
		{42A1496E-C8D9-453C-9492-C8F4ADAEAB3E}.Ad-Hoc|Any CPU.Deploy.0 = Release|x86
		{42A1496E-C8D9-453C-9492-C8F4ADAEAB3E}.Ad-Hoc|ARM.ActiveCfg = Release|ARM
		{42A1496E-C8D9-453C-9492-C8F4ADAEAB3E}.Ad-Hoc|ARM.Build.0 = Release|ARM
		{42A1496E-C8D9-453C-9492-C8F4ADAEAB3E}.Ad-Hoc|ARM.Deploy.0 = Release|ARM
		{42A1496E-C8D9-453C-9492-C8F4ADAEAB3E}.Ad-Hoc|iPhone.ActiveCfg = Release|x86
		{42A1496E-C8D9-453C-9492-C8F4ADAEAB3E}.Ad-Hoc|iPhone.Build.0 = Release|x86
		{42A1496E-C8D9-453C-9492-C8F4ADAEAB3E}.Ad-Hoc|iPhone.Deploy.0 = Release|x86
		{42A1496E-C8D9-453C-9492-C8F4ADAEAB3E}.Ad-Hoc|iPhoneSimulator.ActiveCfg = Release|x86
		{42A1496E-C8D9-453C-9492-C8F4ADAEAB3E}.Ad-Hoc|iPhoneSimulator.Build.0 = Release|x86
		{42A1496E-C8D9-453C-9492-C8F4ADAEAB3E}.Ad-Hoc|iPhoneSimulator.Deploy.0 = Release|x86
		{42A1496E-C8D9-453C-9492-C8F4ADAEAB3E}.Ad-Hoc|x64.ActiveCfg = Release|x64
		{42A1496E-C8D9-453C-9492-C8F4ADAEAB3E}.Ad-Hoc|x64.Build.0 = Release|x64
		{42A1496E-C8D9-453C-9492-C8F4ADAEAB3E}.Ad-Hoc|x64.Deploy.0 = Release|x64
		{42A1496E-C8D9-453C-9492-C8F4ADAEAB3E}.Ad-Hoc|x86.ActiveCfg = Release|x86
		{42A1496E-C8D9-453C-9492-C8F4ADAEAB3E}.Ad-Hoc|x86.Build.0 = Release|x86
		{42A1496E-C8D9-453C-9492-C8F4ADAEAB3E}.Ad-Hoc|x86.Deploy.0 = Release|x86
		{42A1496E-C8D9-453C-9492-C8F4ADAEAB3E}.AppStore|Any CPU.ActiveCfg = Release|x86
		{42A1496E-C8D9-453C-9492-C8F4ADAEAB3E}.AppStore|Any CPU.Build.0 = Release|x86
		{42A1496E-C8D9-453C-9492-C8F4ADAEAB3E}.AppStore|Any CPU.Deploy.0 = Release|x86
		{42A1496E-C8D9-453C-9492-C8F4ADAEAB3E}.AppStore|ARM.ActiveCfg = Release|ARM
		{42A1496E-C8D9-453C-9492-C8F4ADAEAB3E}.AppStore|ARM.Build.0 = Release|ARM
		{42A1496E-C8D9-453C-9492-C8F4ADAEAB3E}.AppStore|ARM.Deploy.0 = Release|ARM
		{42A1496E-C8D9-453C-9492-C8F4ADAEAB3E}.AppStore|iPhone.ActiveCfg = Release|x86
		{42A1496E-C8D9-453C-9492-C8F4ADAEAB3E}.AppStore|iPhone.Build.0 = Release|x86
		{42A1496E-C8D9-453C-9492-C8F4ADAEAB3E}.AppStore|iPhone.Deploy.0 = Release|x86
		{42A1496E-C8D9-453C-9492-C8F4ADAEAB3E}.AppStore|iPhoneSimulator.ActiveCfg = Release|x86
		{42A1496E-C8D9-453C-9492-C8F4ADAEAB3E}.AppStore|iPhoneSimulator.Build.0 = Release|x86
		{42A1496E-C8D9-453C-9492-C8F4ADAEAB3E}.AppStore|iPhoneSimulator.Deploy.0 = Release|x86
		{42A1496E-C8D9-453C-9492-C8F4ADAEAB3E}.AppStore|x64.ActiveCfg = Release|x64
		{42A1496E-C8D9-453C-9492-C8F4ADAEAB3E}.AppStore|x64.Build.0 = Release|x64
		{42A1496E-C8D9-453C-9492-C8F4ADAEAB3E}.AppStore|x64.Deploy.0 = Release|x64
		{42A1496E-C8D9-453C-9492-C8F4ADAEAB3E}.AppStore|x86.ActiveCfg = Release|x86
		{42A1496E-C8D9-453C-9492-C8F4ADAEAB3E}.AppStore|x86.Build.0 = Release|x86
		{42A1496E-C8D9-453C-9492-C8F4ADAEAB3E}.AppStore|x86.Deploy.0 = Release|x86
		{42A1496E-C8D9-453C-9492-C8F4ADAEAB3E}.Debug|Any CPU.ActiveCfg = Debug|x86
		{42A1496E-C8D9-453C-9492-C8F4ADAEAB3E}.Debug|Any CPU.Build.0 = Debug|x86
		{42A1496E-C8D9-453C-9492-C8F4ADAEAB3E}.Debug|Any CPU.Deploy.0 = Debug|x86
		{42A1496E-C8D9-453C-9492-C8F4ADAEAB3E}.Debug|ARM.ActiveCfg = Debug|ARM
		{42A1496E-C8D9-453C-9492-C8F4ADAEAB3E}.Debug|ARM.Build.0 = Debug|ARM
		{42A1496E-C8D9-453C-9492-C8F4ADAEAB3E}.Debug|ARM.Deploy.0 = Debug|ARM
		{42A1496E-C8D9-453C-9492-C8F4ADAEAB3E}.Debug|iPhone.ActiveCfg = Debug|x86
		{42A1496E-C8D9-453C-9492-C8F4ADAEAB3E}.Debug|iPhone.Build.0 = Debug|x86
		{42A1496E-C8D9-453C-9492-C8F4ADAEAB3E}.Debug|iPhone.Deploy.0 = Debug|x86
		{42A1496E-C8D9-453C-9492-C8F4ADAEAB3E}.Debug|iPhoneSimulator.ActiveCfg = Debug|x86
		{42A1496E-C8D9-453C-9492-C8F4ADAEAB3E}.Debug|iPhoneSimulator.Build.0 = Debug|x86
		{42A1496E-C8D9-453C-9492-C8F4ADAEAB3E}.Debug|iPhoneSimulator.Deploy.0 = Debug|x86
		{42A1496E-C8D9-453C-9492-C8F4ADAEAB3E}.Debug|x64.ActiveCfg = Debug|x64
		{42A1496E-C8D9-453C-9492-C8F4ADAEAB3E}.Debug|x64.Build.0 = Debug|x64
		{42A1496E-C8D9-453C-9492-C8F4ADAEAB3E}.Debug|x64.Deploy.0 = Debug|x64
		{42A1496E-C8D9-453C-9492-C8F4ADAEAB3E}.Debug|x86.ActiveCfg = Debug|x86
		{42A1496E-C8D9-453C-9492-C8F4ADAEAB3E}.Debug|x86.Build.0 = Debug|x86
		{42A1496E-C8D9-453C-9492-C8F4ADAEAB3E}.Debug|x86.Deploy.0 = Debug|x86
		{42A1496E-C8D9-453C-9492-C8F4ADAEAB3E}.Release|Any CPU.ActiveCfg = Release|x86
		{42A1496E-C8D9-453C-9492-C8F4ADAEAB3E}.Release|Any CPU.Build.0 = Release|x86
		{42A1496E-C8D9-453C-9492-C8F4ADAEAB3E}.Release|Any CPU.Deploy.0 = Release|x86
		{42A1496E-C8D9-453C-9492-C8F4ADAEAB3E}.Release|ARM.ActiveCfg = Release|ARM
		{42A1496E-C8D9-453C-9492-C8F4ADAEAB3E}.Release|ARM.Build.0 = Release|ARM
		{42A1496E-C8D9-453C-9492-C8F4ADAEAB3E}.Release|ARM.Deploy.0 = Release|ARM
		{42A1496E-C8D9-453C-9492-C8F4ADAEAB3E}.Release|iPhone.ActiveCfg = Release|x86
		{42A1496E-C8D9-453C-9492-C8F4ADAEAB3E}.Release|iPhone.Build.0 = Release|x86
		{42A1496E-C8D9-453C-9492-C8F4ADAEAB3E}.Release|iPhone.Deploy.0 = Release|x86
		{42A1496E-C8D9-453C-9492-C8F4ADAEAB3E}.Release|iPhoneSimulator.ActiveCfg = Release|x86
		{42A1496E-C8D9-453C-9492-C8F4ADAEAB3E}.Release|iPhoneSimulator.Build.0 = Release|x86
		{42A1496E-C8D9-453C-9492-C8F4ADAEAB3E}.Release|iPhoneSimulator.Deploy.0 = Release|x86
		{42A1496E-C8D9-453C-9492-C8F4ADAEAB3E}.Release|x64.ActiveCfg = Release|x64
		{42A1496E-C8D9-453C-9492-C8F4ADAEAB3E}.Release|x64.Build.0 = Release|x64
		{42A1496E-C8D9-453C-9492-C8F4ADAEAB3E}.Release|x64.Deploy.0 = Release|x64
		{42A1496E-C8D9-453C-9492-C8F4ADAEAB3E}.Release|x86.ActiveCfg = Release|x86
		{42A1496E-C8D9-453C-9492-C8F4ADAEAB3E}.Release|x86.Build.0 = Release|x86
		{42A1496E-C8D9-453C-9492-C8F4ADAEAB3E}.Release|x86.Deploy.0 = Release|x86
		{225B05D1-09F2-483F-867A-70014B49AC65}.Ad-Hoc|Any CPU.ActiveCfg = Debug|Any CPU
		{225B05D1-09F2-483F-867A-70014B49AC65}.Ad-Hoc|Any CPU.Build.0 = Debug|Any CPU
		{225B05D1-09F2-483F-867A-70014B49AC65}.Ad-Hoc|Any CPU.Deploy.0 = Debug|Any CPU
		{225B05D1-09F2-483F-867A-70014B49AC65}.Ad-Hoc|ARM.ActiveCfg = Debug|Any CPU
		{225B05D1-09F2-483F-867A-70014B49AC65}.Ad-Hoc|ARM.Build.0 = Debug|Any CPU
		{225B05D1-09F2-483F-867A-70014B49AC65}.Ad-Hoc|ARM.Deploy.0 = Debug|Any CPU
		{225B05D1-09F2-483F-867A-70014B49AC65}.Ad-Hoc|iPhone.ActiveCfg = Debug|Any CPU
		{225B05D1-09F2-483F-867A-70014B49AC65}.Ad-Hoc|iPhone.Build.0 = Debug|Any CPU
		{225B05D1-09F2-483F-867A-70014B49AC65}.Ad-Hoc|iPhone.Deploy.0 = Debug|Any CPU
		{225B05D1-09F2-483F-867A-70014B49AC65}.Ad-Hoc|iPhoneSimulator.ActiveCfg = Debug|Any CPU
		{225B05D1-09F2-483F-867A-70014B49AC65}.Ad-Hoc|iPhoneSimulator.Build.0 = Debug|Any CPU
		{225B05D1-09F2-483F-867A-70014B49AC65}.Ad-Hoc|iPhoneSimulator.Deploy.0 = Debug|Any CPU
		{225B05D1-09F2-483F-867A-70014B49AC65}.Ad-Hoc|x64.ActiveCfg = Debug|Any CPU
		{225B05D1-09F2-483F-867A-70014B49AC65}.Ad-Hoc|x64.Build.0 = Debug|Any CPU
		{225B05D1-09F2-483F-867A-70014B49AC65}.Ad-Hoc|x64.Deploy.0 = Debug|Any CPU
		{225B05D1-09F2-483F-867A-70014B49AC65}.Ad-Hoc|x86.ActiveCfg = Debug|Any CPU
		{225B05D1-09F2-483F-867A-70014B49AC65}.Ad-Hoc|x86.Build.0 = Debug|Any CPU
		{225B05D1-09F2-483F-867A-70014B49AC65}.Ad-Hoc|x86.Deploy.0 = Debug|Any CPU
		{225B05D1-09F2-483F-867A-70014B49AC65}.AppStore|Any CPU.ActiveCfg = Debug|Any CPU
		{225B05D1-09F2-483F-867A-70014B49AC65}.AppStore|Any CPU.Build.0 = Debug|Any CPU
		{225B05D1-09F2-483F-867A-70014B49AC65}.AppStore|Any CPU.Deploy.0 = Debug|Any CPU
		{225B05D1-09F2-483F-867A-70014B49AC65}.AppStore|ARM.ActiveCfg = Debug|Any CPU
		{225B05D1-09F2-483F-867A-70014B49AC65}.AppStore|ARM.Build.0 = Debug|Any CPU
		{225B05D1-09F2-483F-867A-70014B49AC65}.AppStore|ARM.Deploy.0 = Debug|Any CPU
		{225B05D1-09F2-483F-867A-70014B49AC65}.AppStore|iPhone.ActiveCfg = Debug|Any CPU
		{225B05D1-09F2-483F-867A-70014B49AC65}.AppStore|iPhone.Build.0 = Debug|Any CPU
		{225B05D1-09F2-483F-867A-70014B49AC65}.AppStore|iPhone.Deploy.0 = Debug|Any CPU
		{225B05D1-09F2-483F-867A-70014B49AC65}.AppStore|iPhoneSimulator.ActiveCfg = Debug|Any CPU
		{225B05D1-09F2-483F-867A-70014B49AC65}.AppStore|iPhoneSimulator.Build.0 = Debug|Any CPU
		{225B05D1-09F2-483F-867A-70014B49AC65}.AppStore|iPhoneSimulator.Deploy.0 = Debug|Any CPU
		{225B05D1-09F2-483F-867A-70014B49AC65}.AppStore|x64.ActiveCfg = Debug|Any CPU
		{225B05D1-09F2-483F-867A-70014B49AC65}.AppStore|x64.Build.0 = Debug|Any CPU
		{225B05D1-09F2-483F-867A-70014B49AC65}.AppStore|x64.Deploy.0 = Debug|Any CPU
		{225B05D1-09F2-483F-867A-70014B49AC65}.AppStore|x86.ActiveCfg = Debug|Any CPU
		{225B05D1-09F2-483F-867A-70014B49AC65}.AppStore|x86.Build.0 = Debug|Any CPU
		{225B05D1-09F2-483F-867A-70014B49AC65}.AppStore|x86.Deploy.0 = Debug|Any CPU
		{225B05D1-09F2-483F-867A-70014B49AC65}.Debug|Any CPU.ActiveCfg = Debug|Any CPU
		{225B05D1-09F2-483F-867A-70014B49AC65}.Debug|Any CPU.Build.0 = Debug|Any CPU
		{225B05D1-09F2-483F-867A-70014B49AC65}.Debug|Any CPU.Deploy.0 = Debug|Any CPU
		{225B05D1-09F2-483F-867A-70014B49AC65}.Debug|ARM.ActiveCfg = Debug|Any CPU
		{225B05D1-09F2-483F-867A-70014B49AC65}.Debug|ARM.Build.0 = Debug|Any CPU
		{225B05D1-09F2-483F-867A-70014B49AC65}.Debug|ARM.Deploy.0 = Debug|Any CPU
		{225B05D1-09F2-483F-867A-70014B49AC65}.Debug|iPhone.ActiveCfg = Debug|Any CPU
		{225B05D1-09F2-483F-867A-70014B49AC65}.Debug|iPhone.Build.0 = Debug|Any CPU
		{225B05D1-09F2-483F-867A-70014B49AC65}.Debug|iPhone.Deploy.0 = Debug|Any CPU
		{225B05D1-09F2-483F-867A-70014B49AC65}.Debug|iPhoneSimulator.ActiveCfg = Debug|Any CPU
		{225B05D1-09F2-483F-867A-70014B49AC65}.Debug|iPhoneSimulator.Build.0 = Debug|Any CPU
		{225B05D1-09F2-483F-867A-70014B49AC65}.Debug|iPhoneSimulator.Deploy.0 = Debug|Any CPU
		{225B05D1-09F2-483F-867A-70014B49AC65}.Debug|x64.ActiveCfg = Debug|Any CPU
		{225B05D1-09F2-483F-867A-70014B49AC65}.Debug|x64.Build.0 = Debug|Any CPU
		{225B05D1-09F2-483F-867A-70014B49AC65}.Debug|x64.Deploy.0 = Debug|Any CPU
		{225B05D1-09F2-483F-867A-70014B49AC65}.Debug|x86.ActiveCfg = Debug|Any CPU
		{225B05D1-09F2-483F-867A-70014B49AC65}.Debug|x86.Build.0 = Debug|Any CPU
		{225B05D1-09F2-483F-867A-70014B49AC65}.Debug|x86.Deploy.0 = Debug|Any CPU
		{225B05D1-09F2-483F-867A-70014B49AC65}.Release|Any CPU.ActiveCfg = Release|Any CPU
		{225B05D1-09F2-483F-867A-70014B49AC65}.Release|Any CPU.Build.0 = Release|Any CPU
		{225B05D1-09F2-483F-867A-70014B49AC65}.Release|Any CPU.Deploy.0 = Release|Any CPU
		{225B05D1-09F2-483F-867A-70014B49AC65}.Release|ARM.ActiveCfg = Release|Any CPU
		{225B05D1-09F2-483F-867A-70014B49AC65}.Release|ARM.Build.0 = Release|Any CPU
		{225B05D1-09F2-483F-867A-70014B49AC65}.Release|ARM.Deploy.0 = Release|Any CPU
		{225B05D1-09F2-483F-867A-70014B49AC65}.Release|iPhone.ActiveCfg = Release|Any CPU
		{225B05D1-09F2-483F-867A-70014B49AC65}.Release|iPhone.Build.0 = Release|Any CPU
		{225B05D1-09F2-483F-867A-70014B49AC65}.Release|iPhone.Deploy.0 = Release|Any CPU
		{225B05D1-09F2-483F-867A-70014B49AC65}.Release|iPhoneSimulator.ActiveCfg = Release|Any CPU
		{225B05D1-09F2-483F-867A-70014B49AC65}.Release|iPhoneSimulator.Build.0 = Release|Any CPU
		{225B05D1-09F2-483F-867A-70014B49AC65}.Release|iPhoneSimulator.Deploy.0 = Release|Any CPU
		{225B05D1-09F2-483F-867A-70014B49AC65}.Release|x64.ActiveCfg = Release|Any CPU
		{225B05D1-09F2-483F-867A-70014B49AC65}.Release|x64.Build.0 = Release|Any CPU
		{225B05D1-09F2-483F-867A-70014B49AC65}.Release|x64.Deploy.0 = Release|Any CPU
		{225B05D1-09F2-483F-867A-70014B49AC65}.Release|x86.ActiveCfg = Release|Any CPU
		{225B05D1-09F2-483F-867A-70014B49AC65}.Release|x86.Build.0 = Release|Any CPU
		{225B05D1-09F2-483F-867A-70014B49AC65}.Release|x86.Deploy.0 = Release|Any CPU
	EndGlobalSection
	GlobalSection(SolutionProperties) = preSolution
		HideSolutionNode = FALSE
	EndGlobalSection
	GlobalSection(ExtensibilityGlobals) = postSolution
		SolutionGuid = {855131A3-DA7B-448A-8A32-693EB5520BA3}
	EndGlobalSection
EndGlobal
